
Microsoft Visual Studio Solution File, Format Version 12.00
# Visual Studio 2012
Project("{2150E333-8FDC-42A3-9474-1A3956D46DE8}") = "Common", "Common", "{57A87E7E-7029-4E4B-B87B-1F157673B607}"
EndProject
Project("{FAE04EC0-301F-11D3-BF4B-00C04F79EFBC}") = "ECCentral.Job.Utility", "..\Utility\ECCentral.Job.Utility.csproj", "{5E7756C1-A9C4-4B5F-AF6B-B2EAFC4F0BBE}"
EndProject
Project("{FAE04EC0-301F-11D3-BF4B-00C04F79EFBC}") = "ECCentral.BizEntity", "..\..\03_Service\BizEntity\ECCentral.BizEntity.csproj", "{F35260AC-7270-44D5-90E2-7319F44A7B3B}"
EndProject
Project("{FAE04EC0-301F-11D3-BF4B-00C04F79EFBC}") = "ECCentral.BizEntity.Enum", "..\..\03_Service\BizEntity.Enum\ECCentral.BizEntity.Enum.csproj", "{5BA0894F-168B-49C0-B476-3D1CF5C193F2}"
EndProject
Project("{2150E333-8FDC-42A3-9474-1A3956D46DE8}") = "IPP.POMgmt.AutoCreateAccLog", "IPP.POMgmt.AutoCreateAccLog", "{467A6986-555A-43EC-9D11-7CF31AD9E8CC}"
EndProject
Project("{2150E333-8FDC-42A3-9474-1A3956D46DE8}") = "IPP.POMgmt.AutoCreateVendorSettle", "IPP.POMgmt.AutoCreateVendorSettle", "{E3DBE3B0-EA93-4E3B-BE74-7F415E0B1321}"
EndProject
Project("{2150E333-8FDC-42A3-9474-1A3956D46DE8}") = "IPP.POMgmt.AutoClosePO", "IPP.POMgmt.AutoClosePO", "{925974B9-10BF-4632-8AE3-DE557ADCDB3D}"
EndProject
Project("{FAE04EC0-301F-11D3-BF4B-00C04F79EFBC}") = "AutoCreateAccLog", "IPP.POMgmt.AutoCreateAccLog\AutoCreateAccLog\AutoCreateAccLog.csproj", "{40295881-29E6-45AA-B82E-21A034C43F20}"
EndProject
Project("{FAE04EC0-301F-11D3-BF4B-00C04F79EFBC}") = "AutoCreateVendorSettle", "IPP.POMgmt.AutoCreateVendorSettle\AutoCreateVendorSettle.csproj", "{DF439AA4-231A-4B00-A51C-43BDEFEE9ADF}"
EndProject
Project("{FAE04EC0-301F-11D3-BF4B-00C04F79EFBC}") = "AutoClose", "IPP.POMgmt.AutoClosePO\AutoClose.csproj", "{60B06CFB-285E-4B11-94CF-B89E5962F08A}"
EndProject
Project("{2150E333-8FDC-42A3-9474-1A3956D46DE8}") = "IPP.POMgmt.AutoMerchantCommissionSettle", "IPP.POMgmt.AutoMerchantCommissionSettle", "{57BF91B8-317F-4351-85A5-535633A29C31}"
EndProject
Project("{FAE04EC0-301F-11D3-BF4B-00C04F79EFBC}") = "MerchantCommissionSettle", "IPP.POMgmt.AutoMerchantCommissionSettle\MerchantCommissionSettle.csproj", "{A537F93F-2CDF-41D2-BD2E-CE725DBCB0E5}"
EndProject
Project("{2150E333-8FDC-42A3-9474-1A3956D46DE8}") = "IPP.POMgmt.ETA_Monitor", "IPP.POMgmt.ETA_Monitor", "{DAC04810-56AF-42AE-A4BD-7D00E02599CE}"
EndProject
Project("{FAE04EC0-301F-11D3-BF4B-00C04F79EFBC}") = "ETA", "IPP.POMgmt.ETA_Monitor\ETA.csproj", "{47E5E37A-31ED-47A9-A47A-820EAC7378D7}"
EndProject
Project("{2150E333-8FDC-42A3-9474-1A3956D46DE8}") = "IPP.POMgmt.AutoCreateCollectionPayment", "IPP.POMgmt.AutoCreateCollectionPayment", "{14713A1A-D147-4A6C-BBC7-72016EFFFC60}"
EndProject
Project("{FAE04EC0-301F-11D3-BF4B-00C04F79EFBC}") = "AutoCreateCollectionPayment", "IPP.POMgmt.AutoCreateCollectionPayment\AutoCreateCollectionPayment.csproj", "{F6E60D72-A237-4DC1-83B3-7665AE732DBF}"
EndProject
Project("{2150E333-8FDC-42A3-9474-1A3956D46DE8}") = "IPP.POMgmt.WMSWaitInStock", "IPP.POMgmt.WMSWaitInStock", "{5BC31969-FF9E-49DA-8339-56803C318F88}"
EndProject
Project("{FAE04EC0-301F-11D3-BF4B-00C04F79EFBC}") = "WMSWaitInStock", "IPP.POMgmt.WMSWaitInStock\WMSWaitInStock\WMSWaitInStock.csproj", "{DCF10376-1B6C-436E-B0DB-B38AFA7AA0EF}"
EndProject
Project("{2150E333-8FDC-42A3-9474-1A3956D46DE8}") = "IPP.POMgmt.AutoCreateGatherSettle", "IPP.POMgmt.AutoCreateGatherSettle", "{B01001A7-326B-484F-9316-ADF5764785F3}"
EndProject
Project("{FAE04EC0-301F-11D3-BF4B-00C04F79EFBC}") = "AutoCreateGatherSettle", "IPP.POMgmt.AutoCreateGatherSettle\AutoCreateGatherSettle.csproj", "{6C9FE0FE-DE7A-4753-9570-5BA17E75420A}"
EndProject
Project("{2150E333-8FDC-42A3-9474-1A3956D46DE8}") = "IPP.POMgmt.Lease", "IPP.POMgmt.Lease", "{F19DEDD2-66D5-4FB9-B275-FD33831BC7AE}"
EndProject
Project("{FAE04EC0-301F-11D3-BF4B-00C04F79EFBC}") = "IPP.POMgmt.Lease", "IPP.POMgmt.Lease\IPP.POMgmt.Lease.csproj", "{DEFF466E-746B-4EDA-8B6D-20B9885769CB}"
EndProject
Global
	GlobalSection(TeamFoundationVersionControl) = preSolution
		SccNumberOfProjects = 13
		SccEnterpriseProvider = {4CA58AB2-18FA-4F8D-95D4-32DDF27D184C}
		SccTeamFoundationServer = http://ssso03:8080/tfs/ec_2013
		SccLocalPath0 = .
		SccProjectUniqueName1 = ..\\Utility\\ECCentral.Job.Utility.csproj
		SccProjectTopLevelParentUniqueName1 = ECCentral.Job.PO.sln
		SccProjectName1 = ../Utility
		SccLocalPath1 = ..\\Utility
		SccProjectUniqueName2 = ..\\..\\03_Service\\BizEntity\\ECCentral.BizEntity.csproj
		SccProjectTopLevelParentUniqueName2 = ECCentral.Job.PO.sln
		SccProjectName2 = ../../03_Service/BizEntity
		SccLocalPath2 = ..\\..\\03_Service\\BizEntity
		SccProjectUniqueName3 = ..\\..\\03_Service\\BizEntity.Enum\\ECCentral.BizEntity.Enum.csproj
		SccProjectTopLevelParentUniqueName3 = ECCentral.Job.PO.sln
		SccProjectName3 = ../../03_Service/BizEntity.Enum
		SccLocalPath3 = ..\\..\\03_Service\\BizEntity.Enum
		SccProjectUniqueName4 = IPP.POMgmt.AutoCreateAccLog\\AutoCreateAccLog\\AutoCreateAccLog.csproj
		SccProjectTopLevelParentUniqueName4 = ECCentral.Job.PO.sln
		SccProjectName4 = IPP.POMgmt.AutoCreateAccLog/AutoCreateAccLog
		SccLocalPath4 = IPP.POMgmt.AutoCreateAccLog\\AutoCreateAccLog
		SccProjectUniqueName5 = IPP.POMgmt.AutoCreateVendorSettle\\AutoCreateVendorSettle.csproj
		SccProjectTopLevelParentUniqueName5 = ECCentral.Job.PO.sln
		SccProjectName5 = IPP.POMgmt.AutoCreateVendorSettle
		SccLocalPath5 = IPP.POMgmt.AutoCreateVendorSettle
		SccProjectUniqueName6 = IPP.POMgmt.AutoClosePO\\AutoClose.csproj
		SccProjectTopLevelParentUniqueName6 = ECCentral.Job.PO.sln
		SccProjectName6 = IPP.POMgmt.AutoClosePO
		SccLocalPath6 = IPP.POMgmt.AutoClosePO
		SccProjectUniqueName7 = IPP.POMgmt.AutoMerchantCommissionSettle\\MerchantCommissionSettle.csproj
		SccProjectTopLevelParentUniqueName7 = ECCentral.Job.PO.sln
		SccProjectName7 = IPP.POMgmt.AutoMerchantCommissionSettle
		SccLocalPath7 = IPP.POMgmt.AutoMerchantCommissionSettle
		SccProjectUniqueName8 = IPP.POMgmt.ETA_Monitor\\ETA.csproj
		SccProjectTopLevelParentUniqueName8 = ECCentral.Job.PO.sln
		SccProjectName8 = IPP.POMgmt.ETA_Monitor
		SccLocalPath8 = IPP.POMgmt.ETA_Monitor
		SccProjectUniqueName9 = IPP.POMgmt.AutoCreateCollectionPayment\\AutoCreateCollectionPayment.csproj
		SccProjectTopLevelParentUniqueName9 = ECCentral.Job.PO.sln
		SccProjectName9 = IPP.POMgmt.AutoCreateCollectionPayment
		SccLocalPath9 = IPP.POMgmt.AutoCreateCollectionPayment
		SccProjectUniqueName10 = IPP.POMgmt.WMSWaitInStock\\WMSWaitInStock\\WMSWaitInStock.csproj
		SccProjectTopLevelParentUniqueName10 = ECCentral.Job.PO.sln
		SccProjectName10 = IPP.POMgmt.WMSWaitInStock/WMSWaitInStock
		SccLocalPath10 = IPP.POMgmt.WMSWaitInStock\\WMSWaitInStock
		SccProjectUniqueName11 = IPP.POMgmt.AutoCreateGatherSettle\\AutoCreateGatherSettle.csproj
		SccProjectTopLevelParentUniqueName11 = ECCentral.Job.PO.sln
		SccProjectName11 = IPP.POMgmt.AutoCreateGatherSettle
		SccLocalPath11 = IPP.POMgmt.AutoCreateGatherSettle
		SccProjectUniqueName12 = IPP.POMgmt.Lease\\IPP.POMgmt.Lease.csproj
		SccProjectTopLevelParentUniqueName12 = ECCentral.Job.PO.sln
		SccProjectName12 = IPP.POMgmt.Lease
		SccLocalPath12 = IPP.POMgmt.Lease
	EndGlobalSection
	GlobalSection(SolutionConfigurationPlatforms) = preSolution
		Debug|Any CPU = Debug|Any CPU
		Release|Any CPU = Release|Any CPU
	EndGlobalSection
	GlobalSection(ProjectConfigurationPlatforms) = postSolution
		{5E7756C1-A9C4-4B5F-AF6B-B2EAFC4F0BBE}.Debug|Any CPU.ActiveCfg = Debug|Any CPU
		{5E7756C1-A9C4-4B5F-AF6B-B2EAFC4F0BBE}.Debug|Any CPU.Build.0 = Debug|Any CPU
		{5E7756C1-A9C4-4B5F-AF6B-B2EAFC4F0BBE}.Release|Any CPU.ActiveCfg = Release|Any CPU
		{5E7756C1-A9C4-4B5F-AF6B-B2EAFC4F0BBE}.Release|Any CPU.Build.0 = Release|Any CPU
		{F35260AC-7270-44D5-90E2-7319F44A7B3B}.Debug|Any CPU.ActiveCfg = Debug|Any CPU
		{F35260AC-7270-44D5-90E2-7319F44A7B3B}.Debug|Any CPU.Build.0 = Debug|Any CPU
		{F35260AC-7270-44D5-90E2-7319F44A7B3B}.Release|Any CPU.ActiveCfg = Release|Any CPU
		{F35260AC-7270-44D5-90E2-7319F44A7B3B}.Release|Any CPU.Build.0 = Release|Any CPU
		{5BA0894F-168B-49C0-B476-3D1CF5C193F2}.Debug|Any CPU.ActiveCfg = Debug|Any CPU
		{5BA0894F-168B-49C0-B476-3D1CF5C193F2}.Debug|Any CPU.Build.0 = Debug|Any CPU
		{5BA0894F-168B-49C0-B476-3D1CF5C193F2}.Release|Any CPU.ActiveCfg = Release|Any CPU
		{5BA0894F-168B-49C0-B476-3D1CF5C193F2}.Release|Any CPU.Build.0 = Release|Any CPU
		{40295881-29E6-45AA-B82E-21A034C43F20}.Debug|Any CPU.ActiveCfg = Debug|Any CPU
		{40295881-29E6-45AA-B82E-21A034C43F20}.Debug|Any CPU.Build.0 = Debug|Any CPU
		{40295881-29E6-45AA-B82E-21A034C43F20}.Release|Any CPU.ActiveCfg = Release|Any CPU
		{40295881-29E6-45AA-B82E-21A034C43F20}.Release|Any CPU.Build.0 = Release|Any CPU
		{DF439AA4-231A-4B00-A51C-43BDEFEE9ADF}.Debug|Any CPU.ActiveCfg = Debug|Any CPU
		{DF439AA4-231A-4B00-A51C-43BDEFEE9ADF}.Debug|Any CPU.Build.0 = Debug|Any CPU
		{DF439AA4-231A-4B00-A51C-43BDEFEE9ADF}.Release|Any CPU.ActiveCfg = Release|Any CPU
		{DF439AA4-231A-4B00-A51C-43BDEFEE9ADF}.Release|Any CPU.Build.0 = Release|Any CPU
		{60B06CFB-285E-4B11-94CF-B89E5962F08A}.Debug|Any CPU.ActiveCfg = Debug|Any CPU
		{60B06CFB-285E-4B11-94CF-B89E5962F08A}.Debug|Any CPU.Build.0 = Debug|Any CPU
		{60B06CFB-285E-4B11-94CF-B89E5962F08A}.Release|Any CPU.ActiveCfg = Release|Any CPU
		{60B06CFB-285E-4B11-94CF-B89E5962F08A}.Release|Any CPU.Build.0 = Release|Any CPU
		{A537F93F-2CDF-41D2-BD2E-CE725DBCB0E5}.Debug|Any CPU.ActiveCfg = Debug|Any CPU
		{A537F93F-2CDF-41D2-BD2E-CE725DBCB0E5}.Debug|Any CPU.Build.0 = Debug|Any CPU
		{A537F93F-2CDF-41D2-BD2E-CE725DBCB0E5}.Release|Any CPU.ActiveCfg = Release|Any CPU
		{A537F93F-2CDF-41D2-BD2E-CE725DBCB0E5}.Release|Any CPU.Build.0 = Release|Any CPU
		{47E5E37A-31ED-47A9-A47A-820EAC7378D7}.Debug|Any CPU.ActiveCfg = Debug|Any CPU
		{47E5E37A-31ED-47A9-A47A-820EAC7378D7}.Debug|Any CPU.Build.0 = Debug|Any CPU
		{47E5E37A-31ED-47A9-A47A-820EAC7378D7}.Release|Any CPU.ActiveCfg = Release|Any CPU
		{47E5E37A-31ED-47A9-A47A-820EAC7378D7}.Release|Any CPU.Build.0 = Release|Any CPU
		{F6E60D72-A237-4DC1-83B3-7665AE732DBF}.Debug|Any CPU.ActiveCfg = Debug|Any CPU
		{F6E60D72-A237-4DC1-83B3-7665AE732DBF}.Debug|Any CPU.Build.0 = Debug|Any CPU
		{F6E60D72-A237-4DC1-83B3-7665AE732DBF}.Release|Any CPU.ActiveCfg = Release|Any CPU
		{F6E60D72-A237-4DC1-83B3-7665AE732DBF}.Release|Any CPU.Build.0 = Release|Any CPU
		{DCF10376-1B6C-436E-B0DB-B38AFA7AA0EF}.Debug|Any CPU.ActiveCfg = Debug|Any CPU
		{DCF10376-1B6C-436E-B0DB-B38AFA7AA0EF}.Debug|Any CPU.Build.0 = Debug|Any CPU
		{DCF10376-1B6C-436E-B0DB-B38AFA7AA0EF}.Release|Any CPU.ActiveCfg = Release|Any CPU
		{DCF10376-1B6C-436E-B0DB-B38AFA7AA0EF}.Release|Any CPU.Build.0 = Release|Any CPU
		{6C9FE0FE-DE7A-4753-9570-5BA17E75420A}.Debug|Any CPU.ActiveCfg = Debug|Any CPU
		{6C9FE0FE-DE7A-4753-9570-5BA17E75420A}.Debug|Any CPU.Build.0 = Debug|Any CPU
		{6C9FE0FE-DE7A-4753-9570-5BA17E75420A}.Release|Any CPU.ActiveCfg = Release|Any CPU
		{6C9FE0FE-DE7A-4753-9570-5BA17E75420A}.Release|Any CPU.Build.0 = Release|Any CPU
		{DEFF466E-746B-4EDA-8B6D-20B9885769CB}.Debug|Any CPU.ActiveCfg = Debug|Any CPU
		{DEFF466E-746B-4EDA-8B6D-20B9885769CB}.Debug|Any CPU.Build.0 = Debug|Any CPU
		{DEFF466E-746B-4EDA-8B6D-20B9885769CB}.Release|Any CPU.ActiveCfg = Release|Any CPU
		{DEFF466E-746B-4EDA-8B6D-20B9885769CB}.Release|Any CPU.Build.0 = Release|Any CPU
	EndGlobalSection
	GlobalSection(SolutionProperties) = preSolution
		HideSolutionNode = FALSE
	EndGlobalSection
	GlobalSection(NestedProjects) = preSolution
		{5E7756C1-A9C4-4B5F-AF6B-B2EAFC4F0BBE} = {57A87E7E-7029-4E4B-B87B-1F157673B607}
		{F35260AC-7270-44D5-90E2-7319F44A7B3B} = {57A87E7E-7029-4E4B-B87B-1F157673B607}
		{5BA0894F-168B-49C0-B476-3D1CF5C193F2} = {57A87E7E-7029-4E4B-B87B-1F157673B607}
		{40295881-29E6-45AA-B82E-21A034C43F20} = {467A6986-555A-43EC-9D11-7CF31AD9E8CC}
		{DF439AA4-231A-4B00-A51C-43BDEFEE9ADF} = {E3DBE3B0-EA93-4E3B-BE74-7F415E0B1321}
		{60B06CFB-285E-4B11-94CF-B89E5962F08A} = {925974B9-10BF-4632-8AE3-DE557ADCDB3D}
		{A537F93F-2CDF-41D2-BD2E-CE725DBCB0E5} = {57BF91B8-317F-4351-85A5-535633A29C31}
		{47E5E37A-31ED-47A9-A47A-820EAC7378D7} = {DAC04810-56AF-42AE-A4BD-7D00E02599CE}
		{F6E60D72-A237-4DC1-83B3-7665AE732DBF} = {14713A1A-D147-4A6C-BBC7-72016EFFFC60}
		{DCF10376-1B6C-436E-B0DB-B38AFA7AA0EF} = {5BC31969-FF9E-49DA-8339-56803C318F88}
		{6C9FE0FE-DE7A-4753-9570-5BA17E75420A} = {B01001A7-326B-484F-9316-ADF5764785F3}
		{DEFF466E-746B-4EDA-8B6D-20B9885769CB} = {F19DEDD2-66D5-4FB9-B275-FD33831BC7AE}
	EndGlobalSection
EndGlobal
