
Microsoft Visual Studio Solution File, Format Version 12.00
# Visual Studio 2010
Project("{2150E333-8FDC-42A3-9474-1A3956D46DE8}") = "Utility", "Utility", "{80FA059C-E51A-47C9-B939-14104F2B42ED}"
EndProject
Project("{FAE04EC0-301F-11D3-BF4B-00C04F79EFBC}") = "ECCentral.Job.Utility", "..\Utility\ECCentral.Job.Utility.csproj", "{5E7756C1-A9C4-4B5F-AF6B-B2EAFC4F0BBE}"
EndProject
Project("{FAE04EC0-301F-11D3-BF4B-00C04F79EFBC}") = "ECCentral.Job.Invoice.AutoRunChangePrice", "ECCentral.Job.Invoice.AutoRunChangePrice\ECCentral.Job.Invoice.AutoRunChangePrice.csproj", "{4DBF7A77-A752-459F-A9B2-945B3C7462BB}"
EndProject
Project("{FAE04EC0-301F-11D3-BF4B-00C04F79EFBC}") = "ECCentral.Job.Invoice.AutoAbortChangePrice", "ECCentral.Job.Invoice.AutoAbortChangePrice\ECCentral.Job.Invoice.AutoAbortChangePrice.csproj", "{787420AD-EF50-4305-B8D9-66E5F497F8CD}"
EndProject
Project("{FAE04EC0-301F-11D3-BF4B-00C04F79EFBC}") = "ECCentral.Job.Invoice.SyncEasiPayTradeBill", "ECCentral.Job.Invoice.SyncEasiPayTradeBill\ECCentral.Job.Invoice.SyncEasiPayTradeBill.csproj", "{6ADA4B50-207A-437D-B3ED-AA33D9A05DFC}"
EndProject
Project("{FAE04EC0-301F-11D3-BF4B-00C04F79EFBC}") = "ECCentral.Job.Invoice.AutoRunSOFreight", "ECCentral.Job.Invoice.AutoRunSOFreightStatDetail\ECCentral.Job.Invoice.AutoRunSOFreight.csproj", "{FB24672D-85B3-4251-BB18-2CB1E1594411}"
EndProject
Project("{FAE04EC0-301F-11D3-BF4B-00C04F79EFBC}") = "Test", "Test\Test.csproj", "{814982E9-F5BE-4080-905A-D96152892138}"
EndProject
Project("{FAE04EC0-301F-11D3-BF4B-00C04F79EFBC}") = "ECCentral.Job.Invoice.QueryRefundBill", "ECCentral.Job.Invoice.QueryRefundBill\ECCentral.Job.Invoice.QueryRefundBill.csproj", "{79A39779-CA45-4D54-B4F0-BAE362F240BA}"
EndProject
Global
	GlobalSection(TeamFoundationVersionControl) = preSolution
		SccNumberOfProjects = 8
		SccEnterpriseProvider = {4CA58AB2-18FA-4F8D-95D4-32DDF27D184C}
		SccTeamFoundationServer = http://10.16.46.142:8080/tfs/ec_2014
		SccLocalPath0 = .
		SccProjectUniqueName1 = ..\\Utility\\ECCentral.Job.Utility.csproj
		SccProjectTopLevelParentUniqueName1 = ECCentral.Job.Invoice.sln
		SccProjectName1 = ../Utility
		SccLocalPath1 = ..\\Utility
		SccProjectUniqueName2 = ECCentral.Job.Invoice.AutoRunChangePrice\\ECCentral.Job.Invoice.AutoRunChangePrice.csproj
		SccProjectName2 = ECCentral.Job.Invoice.AutoRunChangePrice
		SccLocalPath2 = ECCentral.Job.Invoice.AutoRunChangePrice
		SccProjectUniqueName3 = ECCentral.Job.Invoice.AutoAbortChangePrice\\ECCentral.Job.Invoice.AutoAbortChangePrice.csproj
		SccProjectName3 = ECCentral.Job.Invoice.AutoAbortChangePrice
		SccLocalPath3 = ECCentral.Job.Invoice.AutoAbortChangePrice
		SccProjectUniqueName4 = ECCentral.Job.Invoice.SyncEasiPayTradeBill\\ECCentral.Job.Invoice.SyncEasiPayTradeBill.csproj
		SccProjectName4 = ECCentral.Job.Invoice.SyncEasiPayTradeBill
		SccLocalPath4 = ECCentral.Job.Invoice.SyncEasiPayTradeBill
		SccProjectUniqueName5 = Test\\Test.csproj
		SccProjectName5 = Test
		SccLocalPath5 = Test
		SccProjectUniqueName6 = ECCentral.Job.Invoice.AutoRunSOFreightStatDetail\\ECCentral.Job.Invoice.AutoRunSOFreight.csproj
		SccProjectName6 = ECCentral.Job.Invoice.AutoRunSOFreightStatDetail
		SccLocalPath6 = ECCentral.Job.Invoice.AutoRunSOFreightStatDetail
		SccProjectUniqueName7 = ECCentral.Job.Invoice.QueryRefundBill\\ECCentral.Job.Invoice.QueryRefundBill.csproj
		SccProjectName7 = ECCentral.Job.Invoice.QueryRefundBill
		SccLocalPath7 = ECCentral.Job.Invoice.QueryRefundBill
	EndGlobalSection
	GlobalSection(SolutionConfigurationPlatforms) = preSolution
		Debug|Any CPU = Debug|Any CPU
		Debug|Mixed Platforms = Debug|Mixed Platforms
		Debug|x86 = Debug|x86
		Release|Any CPU = Release|Any CPU
		Release|Mixed Platforms = Release|Mixed Platforms
		Release|x86 = Release|x86
	EndGlobalSection
	GlobalSection(ProjectConfigurationPlatforms) = postSolution
		{5E7756C1-A9C4-4B5F-AF6B-B2EAFC4F0BBE}.Debug|Any CPU.ActiveCfg = Debug|Any CPU
		{5E7756C1-A9C4-4B5F-AF6B-B2EAFC4F0BBE}.Debug|Any CPU.Build.0 = Debug|Any CPU
		{5E7756C1-A9C4-4B5F-AF6B-B2EAFC4F0BBE}.Debug|Mixed Platforms.ActiveCfg = Debug|Any CPU
		{5E7756C1-A9C4-4B5F-AF6B-B2EAFC4F0BBE}.Debug|Mixed Platforms.Build.0 = Debug|Any CPU
		{5E7756C1-A9C4-4B5F-AF6B-B2EAFC4F0BBE}.Debug|x86.ActiveCfg = Debug|Any CPU
		{5E7756C1-A9C4-4B5F-AF6B-B2EAFC4F0BBE}.Release|Any CPU.ActiveCfg = Release|Any CPU
		{5E7756C1-A9C4-4B5F-AF6B-B2EAFC4F0BBE}.Release|Any CPU.Build.0 = Release|Any CPU
		{5E7756C1-A9C4-4B5F-AF6B-B2EAFC4F0BBE}.Release|Mixed Platforms.ActiveCfg = Release|Any CPU
		{5E7756C1-A9C4-4B5F-AF6B-B2EAFC4F0BBE}.Release|Mixed Platforms.Build.0 = Release|Any CPU
		{5E7756C1-A9C4-4B5F-AF6B-B2EAFC4F0BBE}.Release|x86.ActiveCfg = Release|Any CPU
		{4DBF7A77-A752-459F-A9B2-945B3C7462BB}.Debug|Any CPU.ActiveCfg = Debug|Any CPU
		{4DBF7A77-A752-459F-A9B2-945B3C7462BB}.Debug|Any CPU.Build.0 = Debug|Any CPU
		{4DBF7A77-A752-459F-A9B2-945B3C7462BB}.Debug|Mixed Platforms.ActiveCfg = Debug|Any CPU
		{4DBF7A77-A752-459F-A9B2-945B3C7462BB}.Debug|Mixed Platforms.Build.0 = Debug|Any CPU
		{4DBF7A77-A752-459F-A9B2-945B3C7462BB}.Debug|x86.ActiveCfg = Debug|Any CPU
		{4DBF7A77-A752-459F-A9B2-945B3C7462BB}.Release|Any CPU.ActiveCfg = Release|Any CPU
		{4DBF7A77-A752-459F-A9B2-945B3C7462BB}.Release|Any CPU.Build.0 = Release|Any CPU
		{4DBF7A77-A752-459F-A9B2-945B3C7462BB}.Release|Mixed Platforms.ActiveCfg = Release|Any CPU
		{4DBF7A77-A752-459F-A9B2-945B3C7462BB}.Release|Mixed Platforms.Build.0 = Release|Any CPU
		{4DBF7A77-A752-459F-A9B2-945B3C7462BB}.Release|x86.ActiveCfg = Release|Any CPU
		{787420AD-EF50-4305-B8D9-66E5F497F8CD}.Debug|Any CPU.ActiveCfg = Debug|Any CPU
		{787420AD-EF50-4305-B8D9-66E5F497F8CD}.Debug|Any CPU.Build.0 = Debug|Any CPU
		{787420AD-EF50-4305-B8D9-66E5F497F8CD}.Debug|Mixed Platforms.ActiveCfg = Debug|Any CPU
		{787420AD-EF50-4305-B8D9-66E5F497F8CD}.Debug|Mixed Platforms.Build.0 = Debug|Any CPU
		{787420AD-EF50-4305-B8D9-66E5F497F8CD}.Debug|x86.ActiveCfg = Debug|Any CPU
		{787420AD-EF50-4305-B8D9-66E5F497F8CD}.Release|Any CPU.ActiveCfg = Release|Any CPU
		{787420AD-EF50-4305-B8D9-66E5F497F8CD}.Release|Any CPU.Build.0 = Release|Any CPU
		{787420AD-EF50-4305-B8D9-66E5F497F8CD}.Release|Mixed Platforms.ActiveCfg = Release|Any CPU
		{787420AD-EF50-4305-B8D9-66E5F497F8CD}.Release|Mixed Platforms.Build.0 = Release|Any CPU
		{787420AD-EF50-4305-B8D9-66E5F497F8CD}.Release|x86.ActiveCfg = Release|Any CPU
		{6ADA4B50-207A-437D-B3ED-AA33D9A05DFC}.Debug|Any CPU.ActiveCfg = Debug|Any CPU
		{6ADA4B50-207A-437D-B3ED-AA33D9A05DFC}.Debug|Any CPU.Build.0 = Debug|Any CPU
		{6ADA4B50-207A-437D-B3ED-AA33D9A05DFC}.Debug|Mixed Platforms.ActiveCfg = Debug|Any CPU
		{6ADA4B50-207A-437D-B3ED-AA33D9A05DFC}.Debug|Mixed Platforms.Build.0 = Debug|Any CPU
		{6ADA4B50-207A-437D-B3ED-AA33D9A05DFC}.Debug|x86.ActiveCfg = Debug|Any CPU
		{6ADA4B50-207A-437D-B3ED-AA33D9A05DFC}.Release|Any CPU.ActiveCfg = Release|Any CPU
		{6ADA4B50-207A-437D-B3ED-AA33D9A05DFC}.Release|Any CPU.Build.0 = Release|Any CPU
		{6ADA4B50-207A-437D-B3ED-AA33D9A05DFC}.Release|Mixed Platforms.ActiveCfg = Release|Any CPU
		{6ADA4B50-207A-437D-B3ED-AA33D9A05DFC}.Release|Mixed Platforms.Build.0 = Release|Any CPU
		{6ADA4B50-207A-437D-B3ED-AA33D9A05DFC}.Release|x86.ActiveCfg = Release|Any CPU
		{FB24672D-85B3-4251-BB18-2CB1E1594411}.Debug|Any CPU.ActiveCfg = Debug|Any CPU
		{FB24672D-85B3-4251-BB18-2CB1E1594411}.Debug|Any CPU.Build.0 = Debug|Any CPU
		{FB24672D-85B3-4251-BB18-2CB1E1594411}.Debug|Mixed Platforms.ActiveCfg = Debug|Any CPU
		{FB24672D-85B3-4251-BB18-2CB1E1594411}.Debug|Mixed Platforms.Build.0 = Debug|Any CPU
		{FB24672D-85B3-4251-BB18-2CB1E1594411}.Debug|x86.ActiveCfg = Debug|Any CPU
		{FB24672D-85B3-4251-BB18-2CB1E1594411}.Release|Any CPU.ActiveCfg = Release|Any CPU
		{FB24672D-85B3-4251-BB18-2CB1E1594411}.Release|Any CPU.Build.0 = Release|Any CPU
		{FB24672D-85B3-4251-BB18-2CB1E1594411}.Release|Mixed Platforms.ActiveCfg = Release|Any CPU
		{FB24672D-85B3-4251-BB18-2CB1E1594411}.Release|Mixed Platforms.Build.0 = Release|Any CPU
		{FB24672D-85B3-4251-BB18-2CB1E1594411}.Release|x86.ActiveCfg = Release|Any CPU
		{814982E9-F5BE-4080-905A-D96152892138}.Debug|Any CPU.ActiveCfg = Debug|Any CPU
		{814982E9-F5BE-4080-905A-D96152892138}.Debug|Any CPU.Build.0 = Debug|Any CPU
		{814982E9-F5BE-4080-905A-D96152892138}.Debug|Mixed Platforms.ActiveCfg = Debug|Any CPU
		{814982E9-F5BE-4080-905A-D96152892138}.Debug|Mixed Platforms.Build.0 = Debug|Any CPU
		{814982E9-F5BE-4080-905A-D96152892138}.Debug|x86.ActiveCfg = Debug|Any CPU
		{814982E9-F5BE-4080-905A-D96152892138}.Release|Any CPU.ActiveCfg = Release|Any CPU
		{814982E9-F5BE-4080-905A-D96152892138}.Release|Any CPU.Build.0 = Release|Any CPU
		{814982E9-F5BE-4080-905A-D96152892138}.Release|Mixed Platforms.ActiveCfg = Release|Any CPU
		{814982E9-F5BE-4080-905A-D96152892138}.Release|Mixed Platforms.Build.0 = Release|Any CPU
		{814982E9-F5BE-4080-905A-D96152892138}.Release|x86.ActiveCfg = Release|Any CPU
		{79A39779-CA45-4D54-B4F0-BAE362F240BA}.Debug|Any CPU.ActiveCfg = Debug|Any CPU
		{79A39779-CA45-4D54-B4F0-BAE362F240BA}.Debug|Any CPU.Build.0 = Debug|Any CPU
		{79A39779-CA45-4D54-B4F0-BAE362F240BA}.Debug|Mixed Platforms.ActiveCfg = Debug|Any CPU
		{79A39779-CA45-4D54-B4F0-BAE362F240BA}.Debug|Mixed Platforms.Build.0 = Debug|Any CPU
		{79A39779-CA45-4D54-B4F0-BAE362F240BA}.Debug|x86.ActiveCfg = Debug|Any CPU
		{79A39779-CA45-4D54-B4F0-BAE362F240BA}.Release|Any CPU.ActiveCfg = Release|Any CPU
		{79A39779-CA45-4D54-B4F0-BAE362F240BA}.Release|Any CPU.Build.0 = Release|Any CPU
		{79A39779-CA45-4D54-B4F0-BAE362F240BA}.Release|Mixed Platforms.ActiveCfg = Release|Any CPU
		{79A39779-CA45-4D54-B4F0-BAE362F240BA}.Release|Mixed Platforms.Build.0 = Release|Any CPU
		{79A39779-CA45-4D54-B4F0-BAE362F240BA}.Release|x86.ActiveCfg = Release|Any CPU
	EndGlobalSection
	GlobalSection(SolutionProperties) = preSolution
		HideSolutionNode = FALSE
	EndGlobalSection
	GlobalSection(NestedProjects) = preSolution
		{5E7756C1-A9C4-4B5F-AF6B-B2EAFC4F0BBE} = {80FA059C-E51A-47C9-B939-14104F2B42ED}
	EndGlobalSection
EndGlobal
