
Microsoft Visual Studio Solution File, Format Version 10.00
# Visual Studio 2008
Project("{FAE04EC0-301F-11D3-BF4B-00C04F79EFBC}") = "IPP.InventoryMgmt.JobV31", "IPP.InventoryMgmt.JobV31\IPP.InventoryMgmt.JobV31.csproj", "{DFDA6EEF-7F80-494F-BB61-2B85CBDE983B}"
EndProject
Project("{FAE04EC0-301F-11D3-BF4B-00C04F79EFBC}") = "IPP.InventoryMgmt.ConsoleHost", "IPP.InventoryMgmt.ConsoleHost\IPP.InventoryMgmt.ConsoleHost.csproj", "{6719037A-3CDF-47BF-B01A-7715BA8B884D}"
EndProject
Global
	GlobalSection(TeamFoundationVersionControl) = preSolution
		SccNumberOfProjects = 3
		SccEnterpriseProvider = {4CA58AB2-18FA-4F8D-95D4-32DDF27D184C}
		SccTeamFoundationServer = http://mistfs:8080/tfs
		SccLocalPath0 = .
		SccProjectUniqueName1 = IPP.InventoryMgmt.ConsoleHost\\IPP.InventoryMgmt.ConsoleHost.csproj
		SccProjectName1 = IPP.InventoryMgmt.ConsoleHost
		SccLocalPath1 = IPP.InventoryMgmt.ConsoleHost
		SccProjectUniqueName2 = IPP.InventoryMgmt.JobV31\\IPP.InventoryMgmt.JobV31.csproj
		SccProjectName2 = IPP.InventoryMgmt.JobV31
		SccLocalPath2 = IPP.InventoryMgmt.JobV31
	EndGlobalSection
	GlobalSection(SolutionConfigurationPlatforms) = preSolution
		Debug|Any CPU = Debug|Any CPU
		Release|Any CPU = Release|Any CPU
	EndGlobalSection
	GlobalSection(ProjectConfigurationPlatforms) = postSolution
		{DFDA6EEF-7F80-494F-BB61-2B85CBDE983B}.Debug|Any CPU.ActiveCfg = Debug|Any CPU
		{DFDA6EEF-7F80-494F-BB61-2B85CBDE983B}.Debug|Any CPU.Build.0 = Debug|Any CPU
		{DFDA6EEF-7F80-494F-BB61-2B85CBDE983B}.Release|Any CPU.ActiveCfg = Release|Any CPU
		{DFDA6EEF-7F80-494F-BB61-2B85CBDE983B}.Release|Any CPU.Build.0 = Release|Any CPU
		{6719037A-3CDF-47BF-B01A-7715BA8B884D}.Debug|Any CPU.ActiveCfg = Debug|Any CPU
		{6719037A-3CDF-47BF-B01A-7715BA8B884D}.Debug|Any CPU.Build.0 = Debug|Any CPU
		{6719037A-3CDF-47BF-B01A-7715BA8B884D}.Release|Any CPU.ActiveCfg = Release|Any CPU
		{6719037A-3CDF-47BF-B01A-7715BA8B884D}.Release|Any CPU.Build.0 = Release|Any CPU
	EndGlobalSection
	GlobalSection(SolutionProperties) = preSolution
		HideSolutionNode = FALSE
	EndGlobalSection
EndGlobal
