
Microsoft Visual Studio Solution File, Format Version 10.00
# Visual Studio 2008
Project("{FAE04EC0-301F-11D3-BF4B-00C04F79EFBC}") = "WMSWaitInStock", "WMSWaitInStock\WMSWaitInStock.csproj", "{DCF10376-1B6C-436E-B0DB-B38AFA7AA0EF}"
EndProject
Project("{FAE04EC0-301F-11D3-BF4B-00C04F79EFBC}") = "POASNMgmt.BusinessEntities", "..\..\02 Business Logic\POASNMgmt.BusinessEntities\POASNMgmt.BusinessEntities.csproj", "{016D3AC9-79C6-45E4-ACC4-C3AE2C2CA363}"
EndProject
Global
	GlobalSection(TeamFoundationVersionControl) = preSolution
		SccNumberOfProjects = 3
		SccEnterpriseProvider = {4CA58AB2-18FA-4F8D-95D4-32DDF27D184C}
		SccTeamFoundationServer = http://mistfs:8080/tfs/mistfsupgradecollection
		SccProjectUniqueName0 = ..\\..\\02\u0020Business\u0020Logic\\POASNMgmt.BusinessEntities\\POASNMgmt.BusinessEntities.csproj
		SccProjectName0 = ../../02\u0020Business\u0020Logic/POASNMgmt.BusinessEntities
		SccLocalPath0 = ..\\..\\02\u0020Business\u0020Logic\\POASNMgmt.BusinessEntities
		SccLocalPath1 = .
		SccProjectUniqueName2 = WMSWaitInStock\\WMSWaitInStock.csproj
		SccProjectName2 = WMSWaitInStock
		SccLocalPath2 = WMSWaitInStock
	EndGlobalSection
	GlobalSection(SolutionConfigurationPlatforms) = preSolution
		Debug|Any CPU = Debug|Any CPU
		Release|Any CPU = Release|Any CPU
	EndGlobalSection
	GlobalSection(ProjectConfigurationPlatforms) = postSolution
		{DCF10376-1B6C-436E-B0DB-B38AFA7AA0EF}.Debug|Any CPU.ActiveCfg = Debug|Any CPU
		{DCF10376-1B6C-436E-B0DB-B38AFA7AA0EF}.Debug|Any CPU.Build.0 = Debug|Any CPU
		{DCF10376-1B6C-436E-B0DB-B38AFA7AA0EF}.Release|Any CPU.ActiveCfg = Release|Any CPU
		{DCF10376-1B6C-436E-B0DB-B38AFA7AA0EF}.Release|Any CPU.Build.0 = Release|Any CPU
		{016D3AC9-79C6-45E4-ACC4-C3AE2C2CA363}.Debug|Any CPU.ActiveCfg = Debug|Any CPU
		{016D3AC9-79C6-45E4-ACC4-C3AE2C2CA363}.Debug|Any CPU.Build.0 = Debug|Any CPU
		{016D3AC9-79C6-45E4-ACC4-C3AE2C2CA363}.Release|Any CPU.ActiveCfg = Release|Any CPU
		{016D3AC9-79C6-45E4-ACC4-C3AE2C2CA363}.Release|Any CPU.Build.0 = Release|Any CPU
	EndGlobalSection
	GlobalSection(SolutionProperties) = preSolution
		HideSolutionNode = FALSE
	EndGlobalSection
EndGlobal
