
Microsoft Visual Studio Solution File, Format Version 11.00
# Visual Studio 2010
Project("{FAE04EC0-301F-11D3-BF4B-00C04F79EFBC}") = "IPP.ContentMgmt.SellerPortalProductDescAndImage", "SellerPortalProductDescAndImage\IPP.ContentMgmt.SellerPortalProductDescAndImage.csproj", "{7D4CFF40-30CD-4AC1-8AA0-6535DF40D303}"
EndProject
Project("{FAE04EC0-301F-11D3-BF4B-00C04F79EFBC}") = "ContentMgmt.Common.BizProcess", "BizProcess\ContentMgmt.Common.BizProcess.csproj", "{905C3B23-ED1F-420E-AE43-9D059B1C6354}"
EndProject
Project("{FAE04EC0-301F-11D3-BF4B-00C04F79EFBC}") = "ContentMgmt.Common.BusinessEntities", "BusinessEntities\ContentMgmt.Common.BusinessEntities.csproj", "{805F291C-3D52-4171-A68A-2087D2F7F013}"
EndProject
Global
	GlobalSection(TeamFoundationVersionControl) = preSolution
		SccNumberOfProjects = 4
		SccEnterpriseProvider = {4CA58AB2-18FA-4F8D-95D4-32DDF27D184C}
		SccTeamFoundationServer = http://mistfs:8080/tfs/mistfsupgradecollection
		SccLocalPath0 = .
		SccProjectUniqueName1 = BizProcess\\ContentMgmt.Common.BizProcess.csproj
		SccProjectName1 = BizProcess
		SccLocalPath1 = BizProcess
		SccProjectUniqueName2 = BusinessEntities\\ContentMgmt.Common.BusinessEntities.csproj
		SccProjectName2 = BusinessEntities
		SccLocalPath2 = BusinessEntities
		SccProjectUniqueName3 = SellerPortalProductDescAndImage\\IPP.ContentMgmt.SellerPortalProductDescAndImage.csproj
		SccProjectName3 = SellerPortalProductDescAndImage
		SccLocalPath3 = SellerPortalProductDescAndImage
	EndGlobalSection
	GlobalSection(SolutionConfigurationPlatforms) = preSolution
		Debug|Any CPU = Debug|Any CPU
		Debug|Mixed Platforms = Debug|Mixed Platforms
		Debug|x86 = Debug|x86
		Release|Any CPU = Release|Any CPU
		Release|Mixed Platforms = Release|Mixed Platforms
		Release|x86 = Release|x86
	EndGlobalSection
	GlobalSection(ProjectConfigurationPlatforms) = postSolution
		{7D4CFF40-30CD-4AC1-8AA0-6535DF40D303}.Debug|Any CPU.ActiveCfg = Debug|x86
		{7D4CFF40-30CD-4AC1-8AA0-6535DF40D303}.Debug|Mixed Platforms.ActiveCfg = Debug|x86
		{7D4CFF40-30CD-4AC1-8AA0-6535DF40D303}.Debug|Mixed Platforms.Build.0 = Debug|x86
		{7D4CFF40-30CD-4AC1-8AA0-6535DF40D303}.Debug|x86.ActiveCfg = Debug|x86
		{7D4CFF40-30CD-4AC1-8AA0-6535DF40D303}.Debug|x86.Build.0 = Debug|x86
		{7D4CFF40-30CD-4AC1-8AA0-6535DF40D303}.Release|Any CPU.ActiveCfg = Release|x86
		{7D4CFF40-30CD-4AC1-8AA0-6535DF40D303}.Release|Mixed Platforms.ActiveCfg = Release|x86
		{7D4CFF40-30CD-4AC1-8AA0-6535DF40D303}.Release|Mixed Platforms.Build.0 = Release|x86
		{7D4CFF40-30CD-4AC1-8AA0-6535DF40D303}.Release|x86.ActiveCfg = Release|x86
		{7D4CFF40-30CD-4AC1-8AA0-6535DF40D303}.Release|x86.Build.0 = Release|x86
		{905C3B23-ED1F-420E-AE43-9D059B1C6354}.Debug|Any CPU.ActiveCfg = Debug|Any CPU
		{905C3B23-ED1F-420E-AE43-9D059B1C6354}.Debug|Any CPU.Build.0 = Debug|Any CPU
		{905C3B23-ED1F-420E-AE43-9D059B1C6354}.Debug|Mixed Platforms.ActiveCfg = Debug|Any CPU
		{905C3B23-ED1F-420E-AE43-9D059B1C6354}.Debug|Mixed Platforms.Build.0 = Debug|Any CPU
		{905C3B23-ED1F-420E-AE43-9D059B1C6354}.Debug|x86.ActiveCfg = Debug|Any CPU
		{905C3B23-ED1F-420E-AE43-9D059B1C6354}.Release|Any CPU.ActiveCfg = Release|Any CPU
		{905C3B23-ED1F-420E-AE43-9D059B1C6354}.Release|Any CPU.Build.0 = Release|Any CPU
		{905C3B23-ED1F-420E-AE43-9D059B1C6354}.Release|Mixed Platforms.ActiveCfg = Release|Any CPU
		{905C3B23-ED1F-420E-AE43-9D059B1C6354}.Release|Mixed Platforms.Build.0 = Release|Any CPU
		{905C3B23-ED1F-420E-AE43-9D059B1C6354}.Release|x86.ActiveCfg = Release|Any CPU
		{805F291C-3D52-4171-A68A-2087D2F7F013}.Debug|Any CPU.ActiveCfg = Debug|Any CPU
		{805F291C-3D52-4171-A68A-2087D2F7F013}.Debug|Any CPU.Build.0 = Debug|Any CPU
		{805F291C-3D52-4171-A68A-2087D2F7F013}.Debug|Mixed Platforms.ActiveCfg = Debug|Any CPU
		{805F291C-3D52-4171-A68A-2087D2F7F013}.Debug|Mixed Platforms.Build.0 = Debug|Any CPU
		{805F291C-3D52-4171-A68A-2087D2F7F013}.Debug|x86.ActiveCfg = Debug|Any CPU
		{805F291C-3D52-4171-A68A-2087D2F7F013}.Release|Any CPU.ActiveCfg = Release|Any CPU
		{805F291C-3D52-4171-A68A-2087D2F7F013}.Release|Any CPU.Build.0 = Release|Any CPU
		{805F291C-3D52-4171-A68A-2087D2F7F013}.Release|Mixed Platforms.ActiveCfg = Release|Any CPU
		{805F291C-3D52-4171-A68A-2087D2F7F013}.Release|Mixed Platforms.Build.0 = Release|Any CPU
		{805F291C-3D52-4171-A68A-2087D2F7F013}.Release|x86.ActiveCfg = Release|Any CPU
	EndGlobalSection
	GlobalSection(SolutionProperties) = preSolution
		HideSolutionNode = FALSE
	EndGlobalSection
EndGlobal
