
Microsoft Visual Studio Solution File, Format Version 11.00
# Visual Studio 2010
Project("{2150E333-8FDC-42A3-9474-1A3956D46DE8}") = "Utility", "Utility", "{80FA059C-E51A-47C9-B939-14104F2B42ED}"
EndProject
Project("{FAE04EC0-301F-11D3-BF4B-00C04F79EFBC}") = "ECCentral.Job.Utility", "..\Utility\ECCentral.Job.Utility.csproj", "{5E7756C1-A9C4-4B5F-AF6B-B2EAFC4F0BBE}"
EndProject
Project("{FAE04EC0-301F-11D3-BF4B-00C04F79EFBC}") = "ECCentral.Job.MKT.BatchUpdateKeywords", "ECCentral.Job.MKT.BatchUpdateKeywords\ECCentral.Job.MKT.BatchUpdateKeywords.csproj", "{9D7459F3-83F5-4E52-94B4-D90F6136CC4A}"
EndProject
Project("{FAE04EC0-301F-11D3-BF4B-00C04F79EFBC}") = "ECCentral.Job.MKT.BatchUpdateKeywordsFromQueue", "ECCentral.Job.MKT.BatchUpdateKeywordsFromQueue\ECCentral.Job.MKT.BatchUpdateKeywordsFromQueue.csproj", "{8B53BB85-0D60-4DB1-9B06-D9F6EDCEF571}"
EndProject
Project("{FAE04EC0-301F-11D3-BF4B-00C04F79EFBC}") = "ECCentral.Job.MKT.BatchUpdateKeywordsFromProduct", "ECCentral.Job.MKT.BatchUpdateKeywordsFromProduct\ECCentral.Job.MKT.BatchUpdateKeywordsFromProduct.csproj", "{D9C3D2C3-6946-46B0-A347-F0DA88B4ED6D}"
EndProject
Project("{FAE04EC0-301F-11D3-BF4B-00C04F79EFBC}") = "ECCentral.BizEntity", "..\..\03_Service\BizEntity\ECCentral.BizEntity.csproj", "{F35260AC-7270-44D5-90E2-7319F44A7B3B}"
EndProject
Global
	GlobalSection(TeamFoundationVersionControl) = preSolution
		SccNumberOfProjects = 4
		SccEnterpriseProvider = {4CA58AB2-18FA-4F8D-95D4-32DDF27D184C}
		SccTeamFoundationServer = http://ssso03:8080/tfs/ec_products
		SccLocalPath0 = .
		SccProjectUniqueName1 = ..\\Utility\\ECCentral.Job.Utility.csproj
		SccProjectTopLevelParentUniqueName1 = ECCentral.Job.MKT.sln
		SccProjectName1 = ../Utility
		SccLocalPath1 = ..\\Utility
		SccProjectUniqueName2 = ECCentral.Job.MKT.BatchUpdateKeywords\\ECCentral.Job.MKT.BatchUpdateKeywords.csproj
		SccProjectName2 = ECCentral.Job.MKT.BatchUpdateKeywords
		SccLocalPath2 = ECCentral.Job.MKT.BatchUpdateKeywords
		SccProjectUniqueName3 = ECCentral.Job.MKT.BatchUpdateKeywordsFromQueue\\ECCentral.Job.MKT.BatchUpdateKeywordsFromQueue.csproj
		SccProjectName3 = ECCentral.Job.MKT.BatchUpdateKeywordsFromQueue
		SccLocalPath3 = ECCentral.Job.MKT.BatchUpdateKeywordsFromQueue
	EndGlobalSection
	GlobalSection(SolutionConfigurationPlatforms) = preSolution
		Debug|Any CPU = Debug|Any CPU
		Debug|Mixed Platforms = Debug|Mixed Platforms
		Debug|x86 = Debug|x86
		Release|Any CPU = Release|Any CPU
		Release|Mixed Platforms = Release|Mixed Platforms
		Release|x86 = Release|x86
	EndGlobalSection
	GlobalSection(ProjectConfigurationPlatforms) = postSolution
		{5E7756C1-A9C4-4B5F-AF6B-B2EAFC4F0BBE}.Debug|Any CPU.ActiveCfg = Debug|Any CPU
		{5E7756C1-A9C4-4B5F-AF6B-B2EAFC4F0BBE}.Debug|Any CPU.Build.0 = Debug|Any CPU
		{5E7756C1-A9C4-4B5F-AF6B-B2EAFC4F0BBE}.Debug|Mixed Platforms.ActiveCfg = Debug|Any CPU
		{5E7756C1-A9C4-4B5F-AF6B-B2EAFC4F0BBE}.Debug|Mixed Platforms.Build.0 = Debug|Any CPU
		{5E7756C1-A9C4-4B5F-AF6B-B2EAFC4F0BBE}.Debug|x86.ActiveCfg = Debug|Any CPU
		{5E7756C1-A9C4-4B5F-AF6B-B2EAFC4F0BBE}.Release|Any CPU.ActiveCfg = Release|Any CPU
		{5E7756C1-A9C4-4B5F-AF6B-B2EAFC4F0BBE}.Release|Any CPU.Build.0 = Release|Any CPU
		{5E7756C1-A9C4-4B5F-AF6B-B2EAFC4F0BBE}.Release|Mixed Platforms.ActiveCfg = Release|Any CPU
		{5E7756C1-A9C4-4B5F-AF6B-B2EAFC4F0BBE}.Release|Mixed Platforms.Build.0 = Release|Any CPU
		{5E7756C1-A9C4-4B5F-AF6B-B2EAFC4F0BBE}.Release|x86.ActiveCfg = Release|Any CPU
		{9D7459F3-83F5-4E52-94B4-D90F6136CC4A}.Debug|Any CPU.ActiveCfg = Debug|x86
		{9D7459F3-83F5-4E52-94B4-D90F6136CC4A}.Debug|Mixed Platforms.ActiveCfg = Debug|x86
		{9D7459F3-83F5-4E52-94B4-D90F6136CC4A}.Debug|Mixed Platforms.Build.0 = Debug|x86
		{9D7459F3-83F5-4E52-94B4-D90F6136CC4A}.Debug|x86.ActiveCfg = Debug|x86
		{9D7459F3-83F5-4E52-94B4-D90F6136CC4A}.Debug|x86.Build.0 = Debug|x86
		{9D7459F3-83F5-4E52-94B4-D90F6136CC4A}.Release|Any CPU.ActiveCfg = Release|x86
		{9D7459F3-83F5-4E52-94B4-D90F6136CC4A}.Release|Mixed Platforms.ActiveCfg = Release|x86
		{9D7459F3-83F5-4E52-94B4-D90F6136CC4A}.Release|Mixed Platforms.Build.0 = Release|x86
		{9D7459F3-83F5-4E52-94B4-D90F6136CC4A}.Release|x86.ActiveCfg = Release|x86
		{9D7459F3-83F5-4E52-94B4-D90F6136CC4A}.Release|x86.Build.0 = Release|x86
		{8B53BB85-0D60-4DB1-9B06-D9F6EDCEF571}.Debug|Any CPU.ActiveCfg = Debug|x86
		{8B53BB85-0D60-4DB1-9B06-D9F6EDCEF571}.Debug|Mixed Platforms.ActiveCfg = Debug|x86
		{8B53BB85-0D60-4DB1-9B06-D9F6EDCEF571}.Debug|Mixed Platforms.Build.0 = Debug|x86
		{8B53BB85-0D60-4DB1-9B06-D9F6EDCEF571}.Debug|x86.ActiveCfg = Debug|x86
		{8B53BB85-0D60-4DB1-9B06-D9F6EDCEF571}.Debug|x86.Build.0 = Debug|x86
		{8B53BB85-0D60-4DB1-9B06-D9F6EDCEF571}.Release|Any CPU.ActiveCfg = Release|x86
		{8B53BB85-0D60-4DB1-9B06-D9F6EDCEF571}.Release|Mixed Platforms.ActiveCfg = Release|x86
		{8B53BB85-0D60-4DB1-9B06-D9F6EDCEF571}.Release|Mixed Platforms.Build.0 = Release|x86
		{8B53BB85-0D60-4DB1-9B06-D9F6EDCEF571}.Release|x86.ActiveCfg = Release|x86
		{8B53BB85-0D60-4DB1-9B06-D9F6EDCEF571}.Release|x86.Build.0 = Release|x86
		{D9C3D2C3-6946-46B0-A347-F0DA88B4ED6D}.Debug|Any CPU.ActiveCfg = Debug|x86
		{D9C3D2C3-6946-46B0-A347-F0DA88B4ED6D}.Debug|Mixed Platforms.ActiveCfg = Debug|x86
		{D9C3D2C3-6946-46B0-A347-F0DA88B4ED6D}.Debug|Mixed Platforms.Build.0 = Debug|x86
		{D9C3D2C3-6946-46B0-A347-F0DA88B4ED6D}.Debug|x86.ActiveCfg = Debug|x86
		{D9C3D2C3-6946-46B0-A347-F0DA88B4ED6D}.Debug|x86.Build.0 = Debug|x86
		{D9C3D2C3-6946-46B0-A347-F0DA88B4ED6D}.Release|Any CPU.ActiveCfg = Release|x86
		{D9C3D2C3-6946-46B0-A347-F0DA88B4ED6D}.Release|Mixed Platforms.ActiveCfg = Release|x86
		{D9C3D2C3-6946-46B0-A347-F0DA88B4ED6D}.Release|Mixed Platforms.Build.0 = Release|x86
		{D9C3D2C3-6946-46B0-A347-F0DA88B4ED6D}.Release|x86.ActiveCfg = Release|x86
		{D9C3D2C3-6946-46B0-A347-F0DA88B4ED6D}.Release|x86.Build.0 = Release|x86
		{F35260AC-7270-44D5-90E2-7319F44A7B3B}.Debug|Any CPU.ActiveCfg = Debug|Any CPU
		{F35260AC-7270-44D5-90E2-7319F44A7B3B}.Debug|Any CPU.Build.0 = Debug|Any CPU
		{F35260AC-7270-44D5-90E2-7319F44A7B3B}.Debug|Mixed Platforms.ActiveCfg = Debug|Any CPU
		{F35260AC-7270-44D5-90E2-7319F44A7B3B}.Debug|Mixed Platforms.Build.0 = Debug|Any CPU
		{F35260AC-7270-44D5-90E2-7319F44A7B3B}.Debug|x86.ActiveCfg = Debug|Any CPU
		{F35260AC-7270-44D5-90E2-7319F44A7B3B}.Release|Any CPU.ActiveCfg = Release|Any CPU
		{F35260AC-7270-44D5-90E2-7319F44A7B3B}.Release|Any CPU.Build.0 = Release|Any CPU
		{F35260AC-7270-44D5-90E2-7319F44A7B3B}.Release|Mixed Platforms.ActiveCfg = Release|Any CPU
		{F35260AC-7270-44D5-90E2-7319F44A7B3B}.Release|Mixed Platforms.Build.0 = Release|Any CPU
		{F35260AC-7270-44D5-90E2-7319F44A7B3B}.Release|x86.ActiveCfg = Release|Any CPU
	EndGlobalSection
	GlobalSection(SolutionProperties) = preSolution
		HideSolutionNode = FALSE
	EndGlobalSection
	GlobalSection(NestedProjects) = preSolution
		{5E7756C1-A9C4-4B5F-AF6B-B2EAFC4F0BBE} = {80FA059C-E51A-47C9-B939-14104F2B42ED}
	EndGlobalSection
EndGlobal
