
Microsoft Visual Studio Solution File, Format Version 10.00
# Visual Studio 2008
Project("{FAE04EC0-301F-11D3-BF4B-00C04F79EFBC}") = "AutoCreateCollectionPayment", "AutoCreateCollectionPayment.csproj", "{DF439AA4-231A-4B00-A51C-43BDEFEE9ADF}"
EndProject
Global
	GlobalSection(TeamFoundationVersionControl) = preSolution
		SccNumberOfProjects = 2
		SccEnterpriseProvider = {4CA58AB2-18FA-4F8D-95D4-32DDF27D184C}
		SccTeamFoundationServer = http://mistfs:8080/tfs/mistfsupgradecollection
		SccProjectUniqueName0 = AutoCreateCollectionPayment.csproj
		SccLocalPath0 = .
		SccLocalPath1 = .
	EndGlobalSection
	GlobalSection(SolutionConfigurationPlatforms) = preSolution
		Debug|Any CPU = Debug|Any CPU
		Release|Any CPU = Release|Any CPU
	EndGlobalSection
	GlobalSection(ProjectConfigurationPlatforms) = postSolution
		{DF439AA4-231A-4B00-A51C-43BDEFEE9ADF}.Debug|Any CPU.ActiveCfg = Debug|Any CPU
		{DF439AA4-231A-4B00-A51C-43BDEFEE9ADF}.Debug|Any CPU.Build.0 = Debug|Any CPU
		{DF439AA4-231A-4B00-A51C-43BDEFEE9ADF}.Release|Any CPU.ActiveCfg = Release|Any CPU
		{DF439AA4-231A-4B00-A51C-43BDEFEE9ADF}.Release|Any CPU.Build.0 = Release|Any CPU
	EndGlobalSection
	GlobalSection(SolutionProperties) = preSolution
		HideSolutionNode = FALSE
	EndGlobalSection
EndGlobal
