
Microsoft Visual Studio Solution File, Format Version 12.00
# Visual Studio 2012
Project("{2150E333-8FDC-42A3-9474-1A3956D46DE8}") = "Utility", "Utility", "{80FA059C-E51A-47C9-B939-14104F2B42ED}"
EndProject
Project("{FAE04EC0-301F-11D3-BF4B-00C04F79EFBC}") = "ECCentral.Job.Utility", "..\Utility\ECCentral.Job.Utility.csproj", "{5E7756C1-A9C4-4B5F-AF6B-B2EAFC4F0BBE}"
EndProject
Project("{FAE04EC0-301F-11D3-BF4B-00C04F79EFBC}") = "ECCentral.Job.Inventory.ProductRing", "ECCentral.Job.Inventory.ProductRing\ECCentral.Job.Inventory.ProductRing.csproj", "{15F621CC-3735-402B-A861-5A20AC73A27A}"
EndProject
Global
	GlobalSection(TeamFoundationVersionControl) = preSolution
		SccNumberOfProjects = 3
		SccEnterpriseProvider = {4CA58AB2-18FA-4F8D-95D4-32DDF27D184C}
		SccTeamFoundationServer = http://10.16.46.142:8080/tfs/ec_2013
		SccLocalPath0 = .
		SccProjectUniqueName1 = ..\\Utility\\ECCentral.Job.Utility.csproj
		SccProjectTopLevelParentUniqueName1 = ECCentral.Job.Inventory.sln
		SccProjectName1 = ../Utility
		SccLocalPath1 = ..\\Utility
		SccProjectUniqueName2 = ECCentral.Job.Inventory.ProductRing\\ECCentral.Job.Inventory.ProductRing.csproj
		SccProjectName2 = ECCentral.Job.Inventory.ProductRing
		SccLocalPath2 = ECCentral.Job.Inventory.ProductRing
	EndGlobalSection
	GlobalSection(SolutionConfigurationPlatforms) = preSolution
		Debug|Any CPU = Debug|Any CPU
		Release|Any CPU = Release|Any CPU
	EndGlobalSection
	GlobalSection(ProjectConfigurationPlatforms) = postSolution
		{5E7756C1-A9C4-4B5F-AF6B-B2EAFC4F0BBE}.Debug|Any CPU.ActiveCfg = Debug|Any CPU
		{5E7756C1-A9C4-4B5F-AF6B-B2EAFC4F0BBE}.Debug|Any CPU.Build.0 = Debug|Any CPU
		{5E7756C1-A9C4-4B5F-AF6B-B2EAFC4F0BBE}.Release|Any CPU.ActiveCfg = Release|Any CPU
		{5E7756C1-A9C4-4B5F-AF6B-B2EAFC4F0BBE}.Release|Any CPU.Build.0 = Release|Any CPU
		{15F621CC-3735-402B-A861-5A20AC73A27A}.Debug|Any CPU.ActiveCfg = Debug|Any CPU
		{15F621CC-3735-402B-A861-5A20AC73A27A}.Debug|Any CPU.Build.0 = Debug|Any CPU
		{15F621CC-3735-402B-A861-5A20AC73A27A}.Release|Any CPU.ActiveCfg = Release|Any CPU
		{15F621CC-3735-402B-A861-5A20AC73A27A}.Release|Any CPU.Build.0 = Release|Any CPU
	EndGlobalSection
	GlobalSection(SolutionProperties) = preSolution
		HideSolutionNode = FALSE
	EndGlobalSection
	GlobalSection(NestedProjects) = preSolution
		{5E7756C1-A9C4-4B5F-AF6B-B2EAFC4F0BBE} = {80FA059C-E51A-47C9-B939-14104F2B42ED}
	EndGlobalSection
EndGlobal
