
Microsoft Visual Studio Solution File, Format Version 12.00
# Visual Studio 2012
Project("{FAE04EC0-301F-11D3-BF4B-00C04F79EFBC}") = "ECCentral.Portal.WebHost", "WebHost\ECCentral.Portal.WebHost.csproj", "{278A3AE2-5258-44A1-B750-61802FFA1B1B}"
EndProject
Project("{FAE04EC0-301F-11D3-BF4B-00C04F79EFBC}") = "ECCentral.BizEntity", "BizEntity\ECCentral.BizEntity.csproj", "{E84F8E4D-D338-4E87-AB41-B75858899F0B}"
EndProject
Project("{FAE04EC0-301F-11D3-BF4B-00C04F79EFBC}") = "ECCentral.Portal.UI.Customer", "UI\ECCentral.Portal.UI.Customer\ECCentral.Portal.UI.Customer.csproj", "{38952459-EBA3-4414-967B-0EBBBE2C23E5}"
EndProject
Project("{FAE04EC0-301F-11D3-BF4B-00C04F79EFBC}") = "ECCentral.Portal.UI.IM", "UI\ECCentral.Portal.UI.IM\ECCentral.Portal.UI.IM.csproj", "{A08CE281-7DFD-422A-A043-D8DBC3CEC2E5}"
EndProject
Project("{FAE04EC0-301F-11D3-BF4B-00C04F79EFBC}") = "ECCentral.Portal.UI.MKT", "UI\ECCentral.Portal.UI.MKT\ECCentral.Portal.UI.MKT.csproj", "{91ECE330-653B-4631-A6F6-2C7D19278BC4}"
EndProject
Project("{FAE04EC0-301F-11D3-BF4B-00C04F79EFBC}") = "ECCentral.Portal.UI.Inventory", "UI\ECCentral.Portal.UI.Inventory\ECCentral.Portal.UI.Inventory.csproj", "{4FF78BC1-270A-4077-B549-7EBE201112E6}"
EndProject
Project("{FAE04EC0-301F-11D3-BF4B-00C04F79EFBC}") = "ECCentral.Portal.UI.Invoice", "UI\ECCentral.Portal.UI.Invoice\ECCentral.Portal.UI.Invoice.csproj", "{6266A71A-9567-4A7B-B6F1-4EA3D4882993}"
EndProject
Project("{FAE04EC0-301F-11D3-BF4B-00C04F79EFBC}") = "ECCentral.Portal.UI.PO", "UI\ECCentral.Portal.UI.PO\ECCentral.Portal.UI.PO.csproj", "{61366369-8AD1-434F-9B53-ABB14E23CDE2}"
EndProject
Project("{FAE04EC0-301F-11D3-BF4B-00C04F79EFBC}") = "ECCentral.Portal.UI.SO", "UI\ECCentral.Portal.UI.SO\ECCentral.Portal.UI.SO.csproj", "{6AFBD944-579B-4FC9-A1B0-105F188A628E}"
EndProject
Project("{FAE04EC0-301F-11D3-BF4B-00C04F79EFBC}") = "ECCentral.Portal.UI.RMA", "UI\ECCentral.Portal.UI.RMA\ECCentral.Portal.UI.RMA.csproj", "{07939925-5ED4-4243-A928-DD121D7A68EA}"
EndProject
Project("{FAE04EC0-301F-11D3-BF4B-00C04F79EFBC}") = "ECCentral.BizEntity.Enum", "BizEntity.Enum\ECCentral.BizEntity.Enum.csproj", "{45FF97A5-C0C8-4570-9676-6BDD8F603D06}"
EndProject
Project("{FAE04EC0-301F-11D3-BF4B-00C04F79EFBC}") = "ECCentral.Portal.Basic", "Basic\ECCentral.Portal.Basic.csproj", "{7527ED0A-7F41-4039-B324-68189D2C4D65}"
EndProject
Project("{FAE04EC0-301F-11D3-BF4B-00C04F79EFBC}") = "ECCentral.Portal.UI.Common", "UI\ECCentral.Portal.UI.Common\ECCentral.Portal.UI.Common.csproj", "{A94B2A7C-0EF2-4D97-BC6F-E2E308AFBA62}"
EndProject
Project("{2150E333-8FDC-42A3-9474-1A3956D46DE8}") = "ui", "ui", "{4F2760DC-3C9B-4F72-A126-1FC9870493B4}"
EndProject
Project("{2150E333-8FDC-42A3-9474-1A3956D46DE8}") = "ReferenceLib", "ReferenceLib", "{306D4C57-8FFC-4EF5-A196-5E96E66A9BA4}"
EndProject
Project("{2150E333-8FDC-42A3-9474-1A3956D46DE8}") = "Client", "Client", "{18671584-A6E5-4F3A-B3F9-E2AFCFAE8D10}"
	ProjectSection(SolutionItems) = preProject
		..\01_ReferenceLib\Client\CKEditor.NET.dll = ..\01_ReferenceLib\Client\CKEditor.NET.dll
		..\01_ReferenceLib\Client\Newegg.Oversea.Silverlight.ControlPanel.Core.dll = ..\01_ReferenceLib\Client\Newegg.Oversea.Silverlight.ControlPanel.Core.dll
		..\01_ReferenceLib\Client\Newegg.Oversea.Silverlight.ControlPanel.Impl.dll = ..\01_ReferenceLib\Client\Newegg.Oversea.Silverlight.ControlPanel.Impl.dll
		..\01_ReferenceLib\Client\Newegg.Oversea.Silverlight.Controls.Data.dll = ..\01_ReferenceLib\Client\Newegg.Oversea.Silverlight.Controls.Data.dll
		..\01_ReferenceLib\Client\Newegg.Oversea.Silverlight.Controls.dll = ..\01_ReferenceLib\Client\Newegg.Oversea.Silverlight.Controls.dll
		..\01_ReferenceLib\Client\Newegg.Oversea.Silverlight.Utilities.dll = ..\01_ReferenceLib\Client\Newegg.Oversea.Silverlight.Utilities.dll
		..\01_ReferenceLib\Client\System.Windows.Interactivity.dll = ..\01_ReferenceLib\Client\System.Windows.Interactivity.dll
	EndProjectSection
EndProject
Project("{2150E333-8FDC-42A3-9474-1A3956D46DE8}") = "Service", "Service", "{EF0831B4-98DE-4B24-B624-730F13126E74}"
	ProjectSection(SolutionItems) = preProject
		..\01_ReferenceLib\Service\AuthComponent2.dll = ..\01_ReferenceLib\Service\AuthComponent2.dll
		..\01_ReferenceLib\Service\Microsoft.Web.Services3.dll = ..\01_ReferenceLib\Service\Microsoft.Web.Services3.dll
		..\01_ReferenceLib\Service\Newegg.Oversea.Framework.AOP.dll = ..\01_ReferenceLib\Service\Newegg.Oversea.Framework.AOP.dll
		..\01_ReferenceLib\Service\Newegg.Oversea.Framework.CacheProvider.dll = ..\01_ReferenceLib\Service\Newegg.Oversea.Framework.CacheProvider.dll
		..\01_ReferenceLib\Service\Newegg.Oversea.Framework.Contract.dll = ..\01_ReferenceLib\Service\Newegg.Oversea.Framework.Contract.dll
		..\01_ReferenceLib\Service\Newegg.Oversea.Framework.Core.dll = ..\01_ReferenceLib\Service\Newegg.Oversea.Framework.Core.dll
		..\01_ReferenceLib\Service\Newegg.Oversea.Framework.Data.dll = ..\01_ReferenceLib\Service\Newegg.Oversea.Framework.Data.dll
		..\01_ReferenceLib\Service\Newegg.Oversea.Framework.DataConfiguration.dll = ..\01_ReferenceLib\Service\Newegg.Oversea.Framework.DataConfiguration.dll
		..\01_ReferenceLib\Service\Newegg.Oversea.Framework.EmailService.dll = ..\01_ReferenceLib\Service\Newegg.Oversea.Framework.EmailService.dll
		..\01_ReferenceLib\Service\Newegg.Oversea.Framework.EmailService.ServiceInterfaces.dll = ..\01_ReferenceLib\Service\Newegg.Oversea.Framework.EmailService.ServiceInterfaces.dll
		..\01_ReferenceLib\Service\Newegg.Oversea.Framework.LoggingService.dll = ..\01_ReferenceLib\Service\Newegg.Oversea.Framework.LoggingService.dll
		..\01_ReferenceLib\Service\Newegg.Oversea.Framework.LoggingService.ServiceInterfaces.dll = ..\01_ReferenceLib\Service\Newegg.Oversea.Framework.LoggingService.ServiceInterfaces.dll
		..\01_ReferenceLib\Service\Newegg.Oversea.Framework.Utilities.dll = ..\01_ReferenceLib\Service\Newegg.Oversea.Framework.Utilities.dll
		..\01_ReferenceLib\Service\Newegg.Oversea.Framework.WCF.dll = ..\01_ReferenceLib\Service\Newegg.Oversea.Framework.WCF.dll
		..\01_ReferenceLib\Service\Newegg.Oversea.Silverlight.ControlPanel.WebHost.dll = ..\01_ReferenceLib\Service\Newegg.Oversea.Silverlight.ControlPanel.WebHost.dll
		..\01_ReferenceLib\Service\PostSharp.dll = ..\01_ReferenceLib\Service\PostSharp.dll
	EndProjectSection
EndProject
Project("{FAE04EC0-301F-11D3-BF4B-00C04F79EFBC}") = "ECCentral.Portal.UI.WPMessage", "UI\ECCentral.Portal.UI.WPMessage\ECCentral.Portal.UI.WPMessage.csproj", "{91994EF7-6539-4045-AFF3-E79375EFC58C}"
EndProject
Project("{FAE04EC0-301F-11D3-BF4B-00C04F79EFBC}") = "ECCentral.Portal.UI.ExternalSYS", "UI\ECCentral.Portal.UI.ExternalSYS\ECCentral.Portal.UI.ExternalSYS.csproj", "{B846A5F0-2549-4B1C-BDC9-D5D027B3F536}"
EndProject
Global
	GlobalSection(TeamFoundationVersionControl) = preSolution
		SccNumberOfProjects = 16
		SccEnterpriseProvider = {4CA58AB2-18FA-4F8D-95D4-32DDF27D184C}
		SccTeamFoundationServer = http://ssso03:8080/tfs/ec_2014
		SccLocalPath0 = .
		SccProjectUniqueName1 = Basic\\ECCentral.Portal.Basic.csproj
		SccProjectName1 = Basic
		SccLocalPath1 = Basic
		SccProjectUniqueName2 = BizEntity.Enum\\ECCentral.BizEntity.Enum.csproj
		SccProjectName2 = BizEntity.Enum
		SccLocalPath2 = BizEntity.Enum
		SccProjectUniqueName3 = BizEntity\\ECCentral.BizEntity.csproj
		SccProjectName3 = BizEntity
		SccLocalPath3 = BizEntity
		SccProjectUniqueName4 = UI\\ECCentral.Portal.UI.Common\\ECCentral.Portal.UI.Common.csproj
		SccProjectTopLevelParentUniqueName4 = ECCentral.Portal.sln
		SccProjectName4 = UI/ECCentral.Portal.UI.Common
		SccLocalPath4 = UI\\ECCentral.Portal.UI.Common
		SccProjectUniqueName5 = UI\\ECCentral.Portal.UI.Customer\\ECCentral.Portal.UI.Customer.csproj
		SccProjectTopLevelParentUniqueName5 = ECCentral.Portal.sln
		SccProjectName5 = UI/ECCentral.Portal.UI.Customer
		SccLocalPath5 = UI\\ECCentral.Portal.UI.Customer
		SccProjectUniqueName6 = UI\\ECCentral.Portal.UI.ExternalSYS\\ECCentral.Portal.UI.ExternalSYS.csproj
		SccProjectTopLevelParentUniqueName6 = ECCentral.Portal.sln
		SccProjectName6 = UI/ECCentral.Portal.UI.ExternalSYS
		SccLocalPath6 = UI\\ECCentral.Portal.UI.ExternalSYS
		SccProjectUniqueName7 = UI\\ECCentral.Portal.UI.IM\\ECCentral.Portal.UI.IM.csproj
		SccProjectTopLevelParentUniqueName7 = ECCentral.Portal.sln
		SccProjectName7 = UI/ECCentral.Portal.UI.IM
		SccLocalPath7 = UI\\ECCentral.Portal.UI.IM
		SccProjectUniqueName8 = UI\\ECCentral.Portal.UI.Inventory\\ECCentral.Portal.UI.Inventory.csproj
		SccProjectTopLevelParentUniqueName8 = ECCentral.Portal.sln
		SccProjectName8 = UI/ECCentral.Portal.UI.Inventory
		SccLocalPath8 = UI\\ECCentral.Portal.UI.Inventory
		SccProjectUniqueName9 = UI\\ECCentral.Portal.UI.Invoice\\ECCentral.Portal.UI.Invoice.csproj
		SccProjectTopLevelParentUniqueName9 = ECCentral.Portal.sln
		SccProjectName9 = UI/ECCentral.Portal.UI.Invoice
		SccLocalPath9 = UI\\ECCentral.Portal.UI.Invoice
		SccProjectUniqueName10 = UI\\ECCentral.Portal.UI.MKT\\ECCentral.Portal.UI.MKT.csproj
		SccProjectTopLevelParentUniqueName10 = ECCentral.Portal.sln
		SccProjectName10 = UI/ECCentral.Portal.UI.MKT
		SccLocalPath10 = UI\\ECCentral.Portal.UI.MKT
		SccProjectUniqueName11 = UI\\ECCentral.Portal.UI.PO\\ECCentral.Portal.UI.PO.csproj
		SccProjectTopLevelParentUniqueName11 = ECCentral.Portal.sln
		SccProjectName11 = UI/ECCentral.Portal.UI.PO
		SccLocalPath11 = UI\\ECCentral.Portal.UI.PO
		SccProjectUniqueName12 = UI\\ECCentral.Portal.UI.RMA\\ECCentral.Portal.UI.RMA.csproj
		SccProjectTopLevelParentUniqueName12 = ECCentral.Portal.sln
		SccProjectName12 = UI/ECCentral.Portal.UI.RMA
		SccLocalPath12 = UI\\ECCentral.Portal.UI.RMA
		SccProjectUniqueName13 = UI\\ECCentral.Portal.UI.SO\\ECCentral.Portal.UI.SO.csproj
		SccProjectTopLevelParentUniqueName13 = ECCentral.Portal.sln
		SccProjectName13 = UI/ECCentral.Portal.UI.SO
		SccLocalPath13 = UI\\ECCentral.Portal.UI.SO
		SccProjectUniqueName14 = UI\\ECCentral.Portal.UI.WPMessage\\ECCentral.Portal.UI.WPMessage.csproj
		SccProjectTopLevelParentUniqueName14 = ECCentral.Portal.sln
		SccProjectName14 = UI/ECCentral.Portal.UI.WPMessage
		SccLocalPath14 = UI\\ECCentral.Portal.UI.WPMessage
		SccProjectUniqueName15 = WebHost\\ECCentral.Portal.WebHost.csproj
		SccProjectName15 = WebHost
		SccLocalPath15 = WebHost
	EndGlobalSection
	GlobalSection(SolutionConfigurationPlatforms) = preSolution
		Debug|Any CPU = Debug|Any CPU
		Debug|Mixed Platforms = Debug|Mixed Platforms
		Debug|x86 = Debug|x86
		Release|Any CPU = Release|Any CPU
		Release|Mixed Platforms = Release|Mixed Platforms
		Release|x86 = Release|x86
	EndGlobalSection
	GlobalSection(ProjectConfigurationPlatforms) = postSolution
		{278A3AE2-5258-44A1-B750-61802FFA1B1B}.Debug|Any CPU.ActiveCfg = Debug|Any CPU
		{278A3AE2-5258-44A1-B750-61802FFA1B1B}.Debug|Any CPU.Build.0 = Debug|Any CPU
		{278A3AE2-5258-44A1-B750-61802FFA1B1B}.Debug|Mixed Platforms.ActiveCfg = Debug|Any CPU
		{278A3AE2-5258-44A1-B750-61802FFA1B1B}.Debug|Mixed Platforms.Build.0 = Debug|Any CPU
		{278A3AE2-5258-44A1-B750-61802FFA1B1B}.Debug|x86.ActiveCfg = Debug|Any CPU
		{278A3AE2-5258-44A1-B750-61802FFA1B1B}.Release|Any CPU.ActiveCfg = Release|Any CPU
		{278A3AE2-5258-44A1-B750-61802FFA1B1B}.Release|Any CPU.Build.0 = Release|Any CPU
		{278A3AE2-5258-44A1-B750-61802FFA1B1B}.Release|Mixed Platforms.ActiveCfg = Release|Any CPU
		{278A3AE2-5258-44A1-B750-61802FFA1B1B}.Release|Mixed Platforms.Build.0 = Release|Any CPU
		{278A3AE2-5258-44A1-B750-61802FFA1B1B}.Release|x86.ActiveCfg = Release|Any CPU
		{E84F8E4D-D338-4E87-AB41-B75858899F0B}.Debug|Any CPU.ActiveCfg = Debug|Any CPU
		{E84F8E4D-D338-4E87-AB41-B75858899F0B}.Debug|Any CPU.Build.0 = Debug|Any CPU
		{E84F8E4D-D338-4E87-AB41-B75858899F0B}.Debug|Mixed Platforms.ActiveCfg = Debug|Any CPU
		{E84F8E4D-D338-4E87-AB41-B75858899F0B}.Debug|Mixed Platforms.Build.0 = Debug|Any CPU
		{E84F8E4D-D338-4E87-AB41-B75858899F0B}.Debug|x86.ActiveCfg = Debug|Any CPU
		{E84F8E4D-D338-4E87-AB41-B75858899F0B}.Release|Any CPU.ActiveCfg = Release|Any CPU
		{E84F8E4D-D338-4E87-AB41-B75858899F0B}.Release|Any CPU.Build.0 = Release|Any CPU
		{E84F8E4D-D338-4E87-AB41-B75858899F0B}.Release|Mixed Platforms.ActiveCfg = Release|Any CPU
		{E84F8E4D-D338-4E87-AB41-B75858899F0B}.Release|Mixed Platforms.Build.0 = Release|Any CPU
		{E84F8E4D-D338-4E87-AB41-B75858899F0B}.Release|x86.ActiveCfg = Release|Any CPU
		{38952459-EBA3-4414-967B-0EBBBE2C23E5}.Debug|Any CPU.ActiveCfg = Debug|Any CPU
		{38952459-EBA3-4414-967B-0EBBBE2C23E5}.Debug|Any CPU.Build.0 = Debug|Any CPU
		{38952459-EBA3-4414-967B-0EBBBE2C23E5}.Debug|Mixed Platforms.ActiveCfg = Debug|Any CPU
		{38952459-EBA3-4414-967B-0EBBBE2C23E5}.Debug|Mixed Platforms.Build.0 = Debug|Any CPU
		{38952459-EBA3-4414-967B-0EBBBE2C23E5}.Debug|x86.ActiveCfg = Debug|Any CPU
		{38952459-EBA3-4414-967B-0EBBBE2C23E5}.Release|Any CPU.ActiveCfg = Release|Any CPU
		{38952459-EBA3-4414-967B-0EBBBE2C23E5}.Release|Any CPU.Build.0 = Release|Any CPU
		{38952459-EBA3-4414-967B-0EBBBE2C23E5}.Release|Mixed Platforms.ActiveCfg = Release|Any CPU
		{38952459-EBA3-4414-967B-0EBBBE2C23E5}.Release|Mixed Platforms.Build.0 = Release|Any CPU
		{38952459-EBA3-4414-967B-0EBBBE2C23E5}.Release|x86.ActiveCfg = Release|Any CPU
		{A08CE281-7DFD-422A-A043-D8DBC3CEC2E5}.Debug|Any CPU.ActiveCfg = Debug|Any CPU
		{A08CE281-7DFD-422A-A043-D8DBC3CEC2E5}.Debug|Any CPU.Build.0 = Debug|Any CPU
		{A08CE281-7DFD-422A-A043-D8DBC3CEC2E5}.Debug|Mixed Platforms.ActiveCfg = Debug|Any CPU
		{A08CE281-7DFD-422A-A043-D8DBC3CEC2E5}.Debug|Mixed Platforms.Build.0 = Debug|Any CPU
		{A08CE281-7DFD-422A-A043-D8DBC3CEC2E5}.Debug|x86.ActiveCfg = Debug|Any CPU
		{A08CE281-7DFD-422A-A043-D8DBC3CEC2E5}.Release|Any CPU.ActiveCfg = Release|Any CPU
		{A08CE281-7DFD-422A-A043-D8DBC3CEC2E5}.Release|Any CPU.Build.0 = Release|Any CPU
		{A08CE281-7DFD-422A-A043-D8DBC3CEC2E5}.Release|Mixed Platforms.ActiveCfg = Release|Any CPU
		{A08CE281-7DFD-422A-A043-D8DBC3CEC2E5}.Release|Mixed Platforms.Build.0 = Release|Any CPU
		{A08CE281-7DFD-422A-A043-D8DBC3CEC2E5}.Release|x86.ActiveCfg = Release|Any CPU
		{91ECE330-653B-4631-A6F6-2C7D19278BC4}.Debug|Any CPU.ActiveCfg = Debug|Any CPU
		{91ECE330-653B-4631-A6F6-2C7D19278BC4}.Debug|Any CPU.Build.0 = Debug|Any CPU
		{91ECE330-653B-4631-A6F6-2C7D19278BC4}.Debug|Mixed Platforms.ActiveCfg = Debug|Any CPU
		{91ECE330-653B-4631-A6F6-2C7D19278BC4}.Debug|Mixed Platforms.Build.0 = Debug|Any CPU
		{91ECE330-653B-4631-A6F6-2C7D19278BC4}.Debug|x86.ActiveCfg = Debug|Any CPU
		{91ECE330-653B-4631-A6F6-2C7D19278BC4}.Release|Any CPU.ActiveCfg = Release|Any CPU
		{91ECE330-653B-4631-A6F6-2C7D19278BC4}.Release|Any CPU.Build.0 = Release|Any CPU
		{91ECE330-653B-4631-A6F6-2C7D19278BC4}.Release|Mixed Platforms.ActiveCfg = Release|Any CPU
		{91ECE330-653B-4631-A6F6-2C7D19278BC4}.Release|Mixed Platforms.Build.0 = Release|Any CPU
		{91ECE330-653B-4631-A6F6-2C7D19278BC4}.Release|x86.ActiveCfg = Release|Any CPU
		{4FF78BC1-270A-4077-B549-7EBE201112E6}.Debug|Any CPU.ActiveCfg = Debug|Any CPU
		{4FF78BC1-270A-4077-B549-7EBE201112E6}.Debug|Any CPU.Build.0 = Debug|Any CPU
		{4FF78BC1-270A-4077-B549-7EBE201112E6}.Debug|Mixed Platforms.ActiveCfg = Debug|Any CPU
		{4FF78BC1-270A-4077-B549-7EBE201112E6}.Debug|Mixed Platforms.Build.0 = Debug|Any CPU
		{4FF78BC1-270A-4077-B549-7EBE201112E6}.Debug|x86.ActiveCfg = Debug|Any CPU
		{4FF78BC1-270A-4077-B549-7EBE201112E6}.Release|Any CPU.ActiveCfg = Release|Any CPU
		{4FF78BC1-270A-4077-B549-7EBE201112E6}.Release|Any CPU.Build.0 = Release|Any CPU
		{4FF78BC1-270A-4077-B549-7EBE201112E6}.Release|Mixed Platforms.ActiveCfg = Release|Any CPU
		{4FF78BC1-270A-4077-B549-7EBE201112E6}.Release|Mixed Platforms.Build.0 = Release|Any CPU
		{4FF78BC1-270A-4077-B549-7EBE201112E6}.Release|x86.ActiveCfg = Release|Any CPU
		{6266A71A-9567-4A7B-B6F1-4EA3D4882993}.Debug|Any CPU.ActiveCfg = Debug|Any CPU
		{6266A71A-9567-4A7B-B6F1-4EA3D4882993}.Debug|Any CPU.Build.0 = Debug|Any CPU
		{6266A71A-9567-4A7B-B6F1-4EA3D4882993}.Debug|Mixed Platforms.ActiveCfg = Debug|Any CPU
		{6266A71A-9567-4A7B-B6F1-4EA3D4882993}.Debug|Mixed Platforms.Build.0 = Debug|Any CPU
		{6266A71A-9567-4A7B-B6F1-4EA3D4882993}.Debug|x86.ActiveCfg = Debug|Any CPU
		{6266A71A-9567-4A7B-B6F1-4EA3D4882993}.Release|Any CPU.ActiveCfg = Release|Any CPU
		{6266A71A-9567-4A7B-B6F1-4EA3D4882993}.Release|Any CPU.Build.0 = Release|Any CPU
		{6266A71A-9567-4A7B-B6F1-4EA3D4882993}.Release|Mixed Platforms.ActiveCfg = Release|Any CPU
		{6266A71A-9567-4A7B-B6F1-4EA3D4882993}.Release|Mixed Platforms.Build.0 = Release|Any CPU
		{6266A71A-9567-4A7B-B6F1-4EA3D4882993}.Release|x86.ActiveCfg = Release|Any CPU
		{61366369-8AD1-434F-9B53-ABB14E23CDE2}.Debug|Any CPU.ActiveCfg = Debug|Any CPU
		{61366369-8AD1-434F-9B53-ABB14E23CDE2}.Debug|Any CPU.Build.0 = Debug|Any CPU
		{61366369-8AD1-434F-9B53-ABB14E23CDE2}.Debug|Mixed Platforms.ActiveCfg = Debug|Any CPU
		{61366369-8AD1-434F-9B53-ABB14E23CDE2}.Debug|Mixed Platforms.Build.0 = Debug|Any CPU
		{61366369-8AD1-434F-9B53-ABB14E23CDE2}.Debug|x86.ActiveCfg = Debug|Any CPU
		{61366369-8AD1-434F-9B53-ABB14E23CDE2}.Release|Any CPU.ActiveCfg = Release|Any CPU
		{61366369-8AD1-434F-9B53-ABB14E23CDE2}.Release|Any CPU.Build.0 = Release|Any CPU
		{61366369-8AD1-434F-9B53-ABB14E23CDE2}.Release|Mixed Platforms.ActiveCfg = Release|Any CPU
		{61366369-8AD1-434F-9B53-ABB14E23CDE2}.Release|Mixed Platforms.Build.0 = Release|Any CPU
		{61366369-8AD1-434F-9B53-ABB14E23CDE2}.Release|x86.ActiveCfg = Release|Any CPU
		{6AFBD944-579B-4FC9-A1B0-105F188A628E}.Debug|Any CPU.ActiveCfg = Debug|Any CPU
		{6AFBD944-579B-4FC9-A1B0-105F188A628E}.Debug|Any CPU.Build.0 = Debug|Any CPU
		{6AFBD944-579B-4FC9-A1B0-105F188A628E}.Debug|Mixed Platforms.ActiveCfg = Debug|Any CPU
		{6AFBD944-579B-4FC9-A1B0-105F188A628E}.Debug|Mixed Platforms.Build.0 = Debug|Any CPU
		{6AFBD944-579B-4FC9-A1B0-105F188A628E}.Debug|x86.ActiveCfg = Debug|Any CPU
		{6AFBD944-579B-4FC9-A1B0-105F188A628E}.Release|Any CPU.ActiveCfg = Release|Any CPU
		{6AFBD944-579B-4FC9-A1B0-105F188A628E}.Release|Any CPU.Build.0 = Release|Any CPU
		{6AFBD944-579B-4FC9-A1B0-105F188A628E}.Release|Mixed Platforms.ActiveCfg = Release|Any CPU
		{6AFBD944-579B-4FC9-A1B0-105F188A628E}.Release|Mixed Platforms.Build.0 = Release|Any CPU
		{6AFBD944-579B-4FC9-A1B0-105F188A628E}.Release|x86.ActiveCfg = Release|Any CPU
		{07939925-5ED4-4243-A928-DD121D7A68EA}.Debug|Any CPU.ActiveCfg = Debug|Any CPU
		{07939925-5ED4-4243-A928-DD121D7A68EA}.Debug|Any CPU.Build.0 = Debug|Any CPU
		{07939925-5ED4-4243-A928-DD121D7A68EA}.Debug|Mixed Platforms.ActiveCfg = Debug|Any CPU
		{07939925-5ED4-4243-A928-DD121D7A68EA}.Debug|Mixed Platforms.Build.0 = Debug|Any CPU
		{07939925-5ED4-4243-A928-DD121D7A68EA}.Debug|x86.ActiveCfg = Debug|Any CPU
		{07939925-5ED4-4243-A928-DD121D7A68EA}.Release|Any CPU.ActiveCfg = Release|Any CPU
		{07939925-5ED4-4243-A928-DD121D7A68EA}.Release|Any CPU.Build.0 = Release|Any CPU
		{07939925-5ED4-4243-A928-DD121D7A68EA}.Release|Mixed Platforms.ActiveCfg = Release|Any CPU
		{07939925-5ED4-4243-A928-DD121D7A68EA}.Release|Mixed Platforms.Build.0 = Release|Any CPU
		{07939925-5ED4-4243-A928-DD121D7A68EA}.Release|x86.ActiveCfg = Release|Any CPU
		{45FF97A5-C0C8-4570-9676-6BDD8F603D06}.Debug|Any CPU.ActiveCfg = Debug|Any CPU
		{45FF97A5-C0C8-4570-9676-6BDD8F603D06}.Debug|Any CPU.Build.0 = Debug|Any CPU
		{45FF97A5-C0C8-4570-9676-6BDD8F603D06}.Debug|Mixed Platforms.ActiveCfg = Debug|Any CPU
		{45FF97A5-C0C8-4570-9676-6BDD8F603D06}.Debug|Mixed Platforms.Build.0 = Debug|Any CPU
		{45FF97A5-C0C8-4570-9676-6BDD8F603D06}.Debug|x86.ActiveCfg = Debug|Any CPU
		{45FF97A5-C0C8-4570-9676-6BDD8F603D06}.Release|Any CPU.ActiveCfg = Release|Any CPU
		{45FF97A5-C0C8-4570-9676-6BDD8F603D06}.Release|Any CPU.Build.0 = Release|Any CPU
		{45FF97A5-C0C8-4570-9676-6BDD8F603D06}.Release|Mixed Platforms.ActiveCfg = Release|Any CPU
		{45FF97A5-C0C8-4570-9676-6BDD8F603D06}.Release|Mixed Platforms.Build.0 = Release|Any CPU
		{45FF97A5-C0C8-4570-9676-6BDD8F603D06}.Release|x86.ActiveCfg = Release|Any CPU
		{7527ED0A-7F41-4039-B324-68189D2C4D65}.Debug|Any CPU.ActiveCfg = Debug|Any CPU
		{7527ED0A-7F41-4039-B324-68189D2C4D65}.Debug|Any CPU.Build.0 = Debug|Any CPU
		{7527ED0A-7F41-4039-B324-68189D2C4D65}.Debug|Mixed Platforms.ActiveCfg = Debug|Any CPU
		{7527ED0A-7F41-4039-B324-68189D2C4D65}.Debug|Mixed Platforms.Build.0 = Debug|Any CPU
		{7527ED0A-7F41-4039-B324-68189D2C4D65}.Debug|x86.ActiveCfg = Debug|Any CPU
		{7527ED0A-7F41-4039-B324-68189D2C4D65}.Release|Any CPU.ActiveCfg = Release|Any CPU
		{7527ED0A-7F41-4039-B324-68189D2C4D65}.Release|Any CPU.Build.0 = Release|Any CPU
		{7527ED0A-7F41-4039-B324-68189D2C4D65}.Release|Mixed Platforms.ActiveCfg = Release|Any CPU
		{7527ED0A-7F41-4039-B324-68189D2C4D65}.Release|Mixed Platforms.Build.0 = Release|Any CPU
		{7527ED0A-7F41-4039-B324-68189D2C4D65}.Release|x86.ActiveCfg = Release|Any CPU
		{A94B2A7C-0EF2-4D97-BC6F-E2E308AFBA62}.Debug|Any CPU.ActiveCfg = Debug|Any CPU
		{A94B2A7C-0EF2-4D97-BC6F-E2E308AFBA62}.Debug|Any CPU.Build.0 = Debug|Any CPU
		{A94B2A7C-0EF2-4D97-BC6F-E2E308AFBA62}.Debug|Mixed Platforms.ActiveCfg = Debug|Any CPU
		{A94B2A7C-0EF2-4D97-BC6F-E2E308AFBA62}.Debug|Mixed Platforms.Build.0 = Debug|Any CPU
		{A94B2A7C-0EF2-4D97-BC6F-E2E308AFBA62}.Debug|x86.ActiveCfg = Debug|Any CPU
		{A94B2A7C-0EF2-4D97-BC6F-E2E308AFBA62}.Release|Any CPU.ActiveCfg = Release|Any CPU
		{A94B2A7C-0EF2-4D97-BC6F-E2E308AFBA62}.Release|Any CPU.Build.0 = Release|Any CPU
		{A94B2A7C-0EF2-4D97-BC6F-E2E308AFBA62}.Release|Mixed Platforms.ActiveCfg = Release|Any CPU
		{A94B2A7C-0EF2-4D97-BC6F-E2E308AFBA62}.Release|Mixed Platforms.Build.0 = Release|Any CPU
		{A94B2A7C-0EF2-4D97-BC6F-E2E308AFBA62}.Release|x86.ActiveCfg = Release|Any CPU
		{91994EF7-6539-4045-AFF3-E79375EFC58C}.Debug|Any CPU.ActiveCfg = Debug|Any CPU
		{91994EF7-6539-4045-AFF3-E79375EFC58C}.Debug|Any CPU.Build.0 = Debug|Any CPU
		{91994EF7-6539-4045-AFF3-E79375EFC58C}.Debug|Mixed Platforms.ActiveCfg = Debug|Any CPU
		{91994EF7-6539-4045-AFF3-E79375EFC58C}.Debug|Mixed Platforms.Build.0 = Debug|Any CPU
		{91994EF7-6539-4045-AFF3-E79375EFC58C}.Debug|x86.ActiveCfg = Debug|Any CPU
		{91994EF7-6539-4045-AFF3-E79375EFC58C}.Release|Any CPU.ActiveCfg = Release|Any CPU
		{91994EF7-6539-4045-AFF3-E79375EFC58C}.Release|Any CPU.Build.0 = Release|Any CPU
		{91994EF7-6539-4045-AFF3-E79375EFC58C}.Release|Mixed Platforms.ActiveCfg = Release|Any CPU
		{91994EF7-6539-4045-AFF3-E79375EFC58C}.Release|Mixed Platforms.Build.0 = Release|Any CPU
		{91994EF7-6539-4045-AFF3-E79375EFC58C}.Release|x86.ActiveCfg = Release|Any CPU
		{B846A5F0-2549-4B1C-BDC9-D5D027B3F536}.Debug|Any CPU.ActiveCfg = Debug|Any CPU
		{B846A5F0-2549-4B1C-BDC9-D5D027B3F536}.Debug|Any CPU.Build.0 = Debug|Any CPU
		{B846A5F0-2549-4B1C-BDC9-D5D027B3F536}.Debug|Mixed Platforms.ActiveCfg = Debug|Any CPU
		{B846A5F0-2549-4B1C-BDC9-D5D027B3F536}.Debug|Mixed Platforms.Build.0 = Debug|Any CPU
		{B846A5F0-2549-4B1C-BDC9-D5D027B3F536}.Debug|x86.ActiveCfg = Debug|Any CPU
		{B846A5F0-2549-4B1C-BDC9-D5D027B3F536}.Release|Any CPU.ActiveCfg = Release|Any CPU
		{B846A5F0-2549-4B1C-BDC9-D5D027B3F536}.Release|Any CPU.Build.0 = Release|Any CPU
		{B846A5F0-2549-4B1C-BDC9-D5D027B3F536}.Release|Mixed Platforms.ActiveCfg = Release|Any CPU
		{B846A5F0-2549-4B1C-BDC9-D5D027B3F536}.Release|Mixed Platforms.Build.0 = Release|Any CPU
		{B846A5F0-2549-4B1C-BDC9-D5D027B3F536}.Release|x86.ActiveCfg = Release|Any CPU
	EndGlobalSection
	GlobalSection(SolutionProperties) = preSolution
		HideSolutionNode = FALSE
	EndGlobalSection
	GlobalSection(NestedProjects) = preSolution
		{A08CE281-7DFD-422A-A043-D8DBC3CEC2E5} = {4F2760DC-3C9B-4F72-A126-1FC9870493B4}
		{91ECE330-653B-4631-A6F6-2C7D19278BC4} = {4F2760DC-3C9B-4F72-A126-1FC9870493B4}
		{4FF78BC1-270A-4077-B549-7EBE201112E6} = {4F2760DC-3C9B-4F72-A126-1FC9870493B4}
		{6266A71A-9567-4A7B-B6F1-4EA3D4882993} = {4F2760DC-3C9B-4F72-A126-1FC9870493B4}
		{61366369-8AD1-434F-9B53-ABB14E23CDE2} = {4F2760DC-3C9B-4F72-A126-1FC9870493B4}
		{6AFBD944-579B-4FC9-A1B0-105F188A628E} = {4F2760DC-3C9B-4F72-A126-1FC9870493B4}
		{07939925-5ED4-4243-A928-DD121D7A68EA} = {4F2760DC-3C9B-4F72-A126-1FC9870493B4}
		{A94B2A7C-0EF2-4D97-BC6F-E2E308AFBA62} = {4F2760DC-3C9B-4F72-A126-1FC9870493B4}
		{38952459-EBA3-4414-967B-0EBBBE2C23E5} = {4F2760DC-3C9B-4F72-A126-1FC9870493B4}
		{91994EF7-6539-4045-AFF3-E79375EFC58C} = {4F2760DC-3C9B-4F72-A126-1FC9870493B4}
		{B846A5F0-2549-4B1C-BDC9-D5D027B3F536} = {4F2760DC-3C9B-4F72-A126-1FC9870493B4}
		{18671584-A6E5-4F3A-B3F9-E2AFCFAE8D10} = {306D4C57-8FFC-4EF5-A196-5E96E66A9BA4}
		{EF0831B4-98DE-4B24-B624-730F13126E74} = {306D4C57-8FFC-4EF5-A196-5E96E66A9BA4}
	EndGlobalSection
EndGlobal
