
Microsoft Visual Studio Solution File, Format Version 10.00
# Visual Studio 2008
Project("{FAE04EC0-301F-11D3-BF4B-00C04F79EFBC}") = "IPP.InventoryMgmt.JobV31", "IPP.InventoryMgmt.JobV31\IPP.InventoryMgmt.JobV31.csproj", "{538C62FF-7B05-47D5-8C99-F273123AE7DA}"
EndProject
Project("{FAE04EC0-301F-11D3-BF4B-00C04F79EFBC}") = "IPP.InventoryMgmt.JobHost", "IPP.InventoryMgmt.JobHost\IPP.InventoryMgmt.JobHost.csproj", "{FD78B29F-CD75-4BFA-8098-4A82CFDC5668}"
EndProject
Global
	GlobalSection(TeamFoundationVersionControl) = preSolution
		SccNumberOfProjects = 3
		SccEnterpriseProvider = {4CA58AB2-18FA-4F8D-95D4-32DDF27D184C}
		SccTeamFoundationServer = http://mistfs:8080/tfs/mistfsupgradecollection
		SccProjectUniqueName0 = IPP.InventoryMgmt.JobV31\\IPP.InventoryMgmt.JobV31.csproj
		SccProjectName0 = IPP.InventoryMgmt.JobV31
		SccLocalPath0 = IPP.InventoryMgmt.JobV31
		SccProjectUniqueName1 = IPP.InventoryMgmt.JobHost\\IPP.InventoryMgmt.JobHost.csproj
		SccProjectName1 = IPP.InventoryMgmt.JobHost
		SccLocalPath1 = IPP.InventoryMgmt.JobHost
		SccLocalPath2 = .
	EndGlobalSection
	GlobalSection(SolutionConfigurationPlatforms) = preSolution
		Debug|Any CPU = Debug|Any CPU
		Release|Any CPU = Release|Any CPU
	EndGlobalSection
	GlobalSection(ProjectConfigurationPlatforms) = postSolution
		{538C62FF-7B05-47D5-8C99-F273123AE7DA}.Debug|Any CPU.ActiveCfg = Debug|Any CPU
		{538C62FF-7B05-47D5-8C99-F273123AE7DA}.Debug|Any CPU.Build.0 = Debug|Any CPU
		{538C62FF-7B05-47D5-8C99-F273123AE7DA}.Release|Any CPU.ActiveCfg = Release|Any CPU
		{538C62FF-7B05-47D5-8C99-F273123AE7DA}.Release|Any CPU.Build.0 = Release|Any CPU
		{FD78B29F-CD75-4BFA-8098-4A82CFDC5668}.Debug|Any CPU.ActiveCfg = Debug|Any CPU
		{FD78B29F-CD75-4BFA-8098-4A82CFDC5668}.Debug|Any CPU.Build.0 = Debug|Any CPU
		{FD78B29F-CD75-4BFA-8098-4A82CFDC5668}.Release|Any CPU.ActiveCfg = Release|Any CPU
		{FD78B29F-CD75-4BFA-8098-4A82CFDC5668}.Release|Any CPU.Build.0 = Release|Any CPU
	EndGlobalSection
	GlobalSection(SolutionProperties) = preSolution
		HideSolutionNode = FALSE
	EndGlobalSection
EndGlobal
