
Microsoft Visual Studio Solution File, Format Version 12.00
# Visual Studio 2012
Project("{FAE04EC0-301F-11D3-BF4B-00C04F79EFBC}") = "SolrImportDataAPPJob", "SolrImportDataAPPJob\SolrImportDataAPPJob.csproj", "{31418292-5C44-4875-AA35-8A2070C8846E}"
EndProject
Global
	GlobalSection(SolutionConfigurationPlatforms) = preSolution
		Debug|Any CPU = Debug|Any CPU
		Release|Any CPU = Release|Any CPU
	EndGlobalSection
	GlobalSection(ProjectConfigurationPlatforms) = postSolution
		{31418292-5C44-4875-AA35-8A2070C8846E}.Debug|Any CPU.ActiveCfg = Debug|Any CPU
		{31418292-5C44-4875-AA35-8A2070C8846E}.Debug|Any CPU.Build.0 = Debug|Any CPU
		{31418292-5C44-4875-AA35-8A2070C8846E}.Release|Any CPU.ActiveCfg = Release|Any CPU
		{31418292-5C44-4875-AA35-8A2070C8846E}.Release|Any CPU.Build.0 = Release|Any CPU
	EndGlobalSection
	GlobalSection(SolutionProperties) = preSolution
		HideSolutionNode = FALSE
	EndGlobalSection
EndGlobal
