
Microsoft Visual Studio Solution File, Format Version 12.00
# Visual Studio 2012
Project("{2150E333-8FDC-42A3-9474-1A3956D46DE8}") = "Common", "Common", "{57A87E7E-7029-4E4B-B87B-1F157673B607}"
EndProject
Project("{FAE04EC0-301F-11D3-BF4B-00C04F79EFBC}") = "ECCentral.Job.Utility", "..\Utility\ECCentral.Job.Utility.csproj", "{5E7756C1-A9C4-4B5F-AF6B-B2EAFC4F0BBE}"
EndProject
Project("{FAE04EC0-301F-11D3-BF4B-00C04F79EFBC}") = "ECCentral.BizEntity", "..\..\03_Service\BizEntity\ECCentral.BizEntity.csproj", "{F35260AC-7270-44D5-90E2-7319F44A7B3B}"
EndProject
Project("{FAE04EC0-301F-11D3-BF4B-00C04F79EFBC}") = "ECCentral.BizEntity.Enum", "..\..\03_Service\BizEntity.Enum\ECCentral.BizEntity.Enum.csproj", "{5BA0894F-168B-49C0-B476-3D1CF5C193F2}"
EndProject
Project("{2150E333-8FDC-42A3-9474-1A3956D46DE8}") = "IPP.CMS.CountDownPromotionTitle", "IPP.CMS.CountDownPromotionTitle", "{166DDE6E-414E-473E-B98E-4ADF73EFAB45}"
EndProject
Project("{FAE04EC0-301F-11D3-BF4B-00C04F79EFBC}") = "CountDownPromotionTitle", "IPP.CMS.CountDownPromotionTitle\CountDownPromotionTitle\CountDownPromotionTitle.csproj", "{DE6C20FB-79DE-4EF3-A04B-4B7407888203}"
EndProject
Project("{2150E333-8FDC-42A3-9474-1A3956D46DE8}") = "IPP.CMS.GiftCardPoolInterface", "IPP.CMS.GiftCardPoolInterface", "{EAA7A168-A724-43BC-A13A-6F36CCD461E9}"
EndProject
Project("{FAE04EC0-301F-11D3-BF4B-00C04F79EFBC}") = "GiftCardPoolInterface", "IPP.CMS.GiftCardPoolInterface\GiftCardPoolInterface\GiftCardPoolInterface.csproj", "{3F7CC5C9-C676-4F9C-932F-BB321272B7B9}"
EndProject
Project("{FAE04EC0-301F-11D3-BF4B-00C04F79EFBC}") = "UnitTestProject", "IPP.CMS.GiftCardPoolInterface\UnitTestProject\UnitTestProject.csproj", "{491EA5B9-9575-4657-9600-FB7583DDB448}"
EndProject
Project("{2150E333-8FDC-42A3-9474-1A3956D46DE8}") = "IPP.CMS.SendMailForPicture", "IPP.CMS.SendMailForPicture", "{85442A91-EB00-4F7E-8EA2-862403EC7B3F}"
EndProject
Project("{FAE04EC0-301F-11D3-BF4B-00C04F79EFBC}") = "IPP.ContentMgmt.SendMailForPicture", "IPP.CMS.SendMailForPicture\SendMailForPicture\IPP.ContentMgmt.SendMailForPicture.csproj", "{CDFF73A4-50AB-49D7-BA8F-78932B37BEDC}"
EndProject
Project("{2150E333-8FDC-42A3-9474-1A3956D46DE8}") = "IPP.CMS.SendQuestionList", "IPP.CMS.SendQuestionList", "{72A5A6D2-6E66-4302-A2F2-DE90970B70C2}"
EndProject
Project("{FAE04EC0-301F-11D3-BF4B-00C04F79EFBC}") = "IPP.ContentMgmt.SendQuestionList", "IPP.CMS.SendQuestionList\SendQuestionList\IPP.ContentMgmt.SendQuestionList.csproj", "{841B3B14-9D8A-4175-A9EF-7409F4ECAED7}"
EndProject
Project("{2150E333-8FDC-42A3-9474-1A3956D46DE8}") = "IPP.CMS.TimelyPromotionTitle", "IPP.CMS.TimelyPromotionTitle", "{996765FD-41D6-4C2A-9B7F-34DFC2889EE7}"
EndProject
Project("{FAE04EC0-301F-11D3-BF4B-00C04F79EFBC}") = "IPP.Oversea.CN.ContentMgmt.TimelyPromotionTitle", "IPP.CMS.TimelyPromotionTitle\IPP.Oversea.CN.ContentMgmt.TimelyPromotionTitle\IPP.Oversea.CN.ContentMgmt.TimelyPromotionTitle.csproj", "{4C91A488-5B61-4ABE-A8F5-D3EC019DB9F8}"
EndProject
Project("{2150E333-8FDC-42A3-9474-1A3956D46DE8}") = "IPP.CMS.BaiduSearchInterface", "IPP.CMS.BaiduSearchInterface", "{50835C50-DA05-46A6-909F-B632C7CC3F9F}"
EndProject
Project("{2150E333-8FDC-42A3-9474-1A3956D46DE8}") = "BizProcess", "BizProcess", "{D182F3DB-45A6-4354-ACF0-974595CE34DA}"
EndProject
Project("{2150E333-8FDC-42A3-9474-1A3956D46DE8}") = "BusinessEntities", "BusinessEntities", "{0B400F5B-EAFC-4E93-8769-89E0BCEF69D8}"
EndProject
Project("{2150E333-8FDC-42A3-9474-1A3956D46DE8}") = "IPP.Oversea.CN.ContentMgmt.BaiduSearch", "IPP.Oversea.CN.ContentMgmt.BaiduSearch", "{513591C6-95E5-4A7A-A964-25BE2FE49836}"
EndProject
Project("{FAE04EC0-301F-11D3-BF4B-00C04F79EFBC}") = "ContentMgmt.Common.BizProcess", "IPP.CMS.BaiduSearchInterface\BizProcess\ContentMgmt.Common.BizProcess.csproj", "{905C3B23-ED1F-420E-AE43-9D059B1C6354}"
EndProject
Project("{FAE04EC0-301F-11D3-BF4B-00C04F79EFBC}") = "ContentMgmt.Common.BusinessEntities", "IPP.CMS.BaiduSearchInterface\BusinessEntities\ContentMgmt.Common.BusinessEntities.csproj", "{805F291C-3D52-4171-A68A-2087D2F7F013}"
EndProject
Project("{FAE04EC0-301F-11D3-BF4B-00C04F79EFBC}") = "IPP.Oversea.CN.ContentMgmt.BaiduSearch", "IPP.CMS.BaiduSearchInterface\IPP.Oversea.CN.ContentMgmt.BaiduSearch\IPP.Oversea.CN.ContentMgmt.BaiduSearch.csproj", "{EC83A68D-9226-47F1-8AC5-C57538405D38}"
EndProject
Project("{2150E333-8FDC-42A3-9474-1A3956D46DE8}") = "IPP.CMS.GoogleSearchInterface", "IPP.CMS.GoogleSearchInterface", "{48923DDB-A230-4F0B-BE10-9A8F0572EEB4}"
EndProject
Project("{2150E333-8FDC-42A3-9474-1A3956D46DE8}") = "IPP.CMS.GiftCardInterface", "IPP.CMS.GiftCardInterface", "{9A14AA82-46DF-4338-ABF3-FC9A06926890}"
EndProject
Project("{2150E333-8FDC-42A3-9474-1A3956D46DE8}") = "IPP.CMS.BatchUpdateItemKeywords", "IPP.CMS.BatchUpdateItemKeywords", "{021F29B9-277A-4120-819F-65A858B61D25}"
EndProject
Project("{2150E333-8FDC-42A3-9474-1A3956D46DE8}") = "IPP.CMS.AutoDisableInterface", "IPP.CMS.AutoDisableInterface", "{8874C011-470A-434B-BDD2-32B616FBA1E0}"
EndProject
Project("{2150E333-8FDC-42A3-9474-1A3956D46DE8}") = "IPP.CMS.JobProductRequest", "IPP.CMS.JobProductRequest", "{C01E2096-3676-48C5-81EF-CAB299454C26}"
EndProject
Project("{2150E333-8FDC-42A3-9474-1A3956D46DE8}") = "BizProcess", "BizProcess", "{6C4DD405-FB13-42EE-ACD2-AED20D927964}"
EndProject
Project("{2150E333-8FDC-42A3-9474-1A3956D46DE8}") = "BusinessEntities", "BusinessEntities", "{4A97E501-F197-4CD6-8265-AE419B1C79D9}"
EndProject
Project("{2150E333-8FDC-42A3-9474-1A3956D46DE8}") = "DownLoadPage", "DownLoadPage", "{114A478F-31D0-49FE-9F9B-51AEE4BE69EE}"
EndProject
Project("{2150E333-8FDC-42A3-9474-1A3956D46DE8}") = "IPP.Oversea.CN.ContentMgmt.GoogleSearch", "IPP.Oversea.CN.ContentMgmt.GoogleSearch", "{11887510-E98C-4B87-9B5D-91C706834974}"
EndProject
Project("{FAE04EC0-301F-11D3-BF4B-00C04F79EFBC}") = "ContentMgmt.Common.BizProcess", "IPP.CMS.GoogleSearchInterface\BizProcess\ContentMgmt.Common.BizProcess.csproj", "{705192B4-081D-4F4D-9700-1FEE98FDB469}"
EndProject
Project("{FAE04EC0-301F-11D3-BF4B-00C04F79EFBC}") = "ContentMgmt.Common.BusinessEntities", "IPP.CMS.GoogleSearchInterface\BusinessEntities\ContentMgmt.Common.BusinessEntities.csproj", "{9AC638FD-F4D7-4140-9034-B2D279187119}"
EndProject
Project("{E24C65DC-7377-472B-9ABA-BC803B73C61A}") = "DownLoadPage", "IPP.CMS.GoogleSearchInterface\DownLoadPage", "{964236EE-0743-4CA2-A2CC-2A0FF4778C72}"
	ProjectSection(WebsiteProperties) = preProject
		SccProjectName = "SAK"
		SccAuxPath = "SAK"
		SccLocalPath = "SAK"
		SccProvider = "SAK"
		TargetFrameworkMoniker = ".NETFramework,Version%3Dv3.5"
		Debug.AspNetCompiler.VirtualPath = "/DownLoadPage"
		Debug.AspNetCompiler.PhysicalPath = "IPP.CMS.GoogleSearchInterface\DownLoadPage\"
		Debug.AspNetCompiler.TargetPath = "PrecompiledWeb\DownLoadPage\"
		Debug.AspNetCompiler.Updateable = "true"
		Debug.AspNetCompiler.ForceOverwrite = "true"
		Debug.AspNetCompiler.FixedNames = "false"
		Debug.AspNetCompiler.Debug = "True"
		Release.AspNetCompiler.VirtualPath = "/DownLoadPage"
		Release.AspNetCompiler.PhysicalPath = "IPP.CMS.GoogleSearchInterface\DownLoadPage\"
		Release.AspNetCompiler.TargetPath = "PrecompiledWeb\DownLoadPage\"
		Release.AspNetCompiler.Updateable = "true"
		Release.AspNetCompiler.ForceOverwrite = "true"
		Release.AspNetCompiler.FixedNames = "false"
		Release.AspNetCompiler.Debug = "False"
		VWDPort = "64795"
	EndProjectSection
EndProject
Project("{FAE04EC0-301F-11D3-BF4B-00C04F79EFBC}") = "IPP.Oversea.CN.ContentMgmt.GoogleSearch", "IPP.CMS.GoogleSearchInterface\IPP.Oversea.CN.ContentMgmt.GoogleSearch\IPP.Oversea.CN.ContentMgmt.GoogleSearch.csproj", "{C0FDD562-B93D-4F02-8254-32A2B3EF094F}"
EndProject
Project("{2150E333-8FDC-42A3-9474-1A3956D46DE8}") = "BizProcess", "BizProcess", "{1E525F01-AF5E-405C-B462-26F554323D0B}"
EndProject
Project("{2150E333-8FDC-42A3-9474-1A3956D46DE8}") = "BusinessEntities", "BusinessEntities", "{98CCD427-A85F-4BC4-A171-9BBF6402BCDD}"
EndProject
Project("{2150E333-8FDC-42A3-9474-1A3956D46DE8}") = "IPP.Oversea.CN.ContentMgmt.GiftCard", "IPP.Oversea.CN.ContentMgmt.GiftCard", "{AE0BDF1B-CF2B-4544-A4F1-3D1A0842BD14}"
EndProject
Project("{FAE04EC0-301F-11D3-BF4B-00C04F79EFBC}") = "ContentMgmt.Common.BizProcess", "IPP.CMS.GiftCardInterface\BizProcess\ContentMgmt.Common.BizProcess.csproj", "{5919BFF9-0808-4E20-8F1D-503E9CB2E31B}"
EndProject
Project("{FAE04EC0-301F-11D3-BF4B-00C04F79EFBC}") = "ContentMgmt.Common.BusinessEntities", "IPP.CMS.GiftCardInterface\BusinessEntities\ContentMgmt.Common.BusinessEntities.csproj", "{A435C686-7DFC-4820-8C38-5F2F97738176}"
EndProject
Project("{FAE04EC0-301F-11D3-BF4B-00C04F79EFBC}") = "IPP.Oversea.CN.ContentMgmt.GiftCard", "IPP.CMS.GiftCardInterface\IPP.Oversea.CN.ContentMgmt.GiftCard\IPP.Oversea.CN.ContentMgmt.GiftCard.csproj", "{FCB54485-F69D-436A-957B-D331D9755803}"
EndProject
Project("{2150E333-8FDC-42A3-9474-1A3956D46DE8}") = "BizProcess", "BizProcess", "{225D5361-A7B7-477A-8A08-1A67C84A5A54}"
EndProject
Project("{2150E333-8FDC-42A3-9474-1A3956D46DE8}") = "BusinessEntities", "BusinessEntities", "{B2F955A3-B46F-4398-8459-46CEC54F1C9B}"
EndProject
Project("{2150E333-8FDC-42A3-9474-1A3956D46DE8}") = "IPP.Oversea.CN.ContentMgmt.AutoPricingDisable", "IPP.Oversea.CN.ContentMgmt.AutoPricingDisable", "{0C242712-7E21-4E29-91BD-16F9C1707099}"
EndProject
Project("{FAE04EC0-301F-11D3-BF4B-00C04F79EFBC}") = "ContentMgmt.Common.BizProcess", "IPP.CMS.AutoDisableInterface\BizProcess\ContentMgmt.Common.BizProcess.csproj", "{C1CE0DC9-8ABF-48E9-A85C-C6305357FCA5}"
EndProject
Project("{FAE04EC0-301F-11D3-BF4B-00C04F79EFBC}") = "ContentMgmt.Common.BusinessEntities", "IPP.CMS.AutoDisableInterface\BusinessEntities\ContentMgmt.Common.BusinessEntities.csproj", "{78DCADF0-E6FE-4B45-AAB1-8189BD3C79D9}"
EndProject
Project("{FAE04EC0-301F-11D3-BF4B-00C04F79EFBC}") = "IPP.Oversea.CN.ContentMgmt.AutoPricingDisable", "IPP.CMS.AutoDisableInterface\IPP.Oversea.CN.ContentMgmt.AutoPricingDisable\IPP.Oversea.CN.ContentMgmt.AutoPricingDisable.csproj", "{5BE1F64A-F8B3-4149-9DC4-486A3B0E62D2}"
EndProject
Project("{2150E333-8FDC-42A3-9474-1A3956D46DE8}") = "BizProcess", "BizProcess", "{708E7B42-1979-4863-BF60-2600D504ABDE}"
EndProject
Project("{2150E333-8FDC-42A3-9474-1A3956D46DE8}") = "BusinessEntities", "BusinessEntities", "{3975F867-1FEE-4978-8876-60388664FEC1}"
EndProject
Project("{2150E333-8FDC-42A3-9474-1A3956D46DE8}") = "IPP.Oversea.CN.ContentMgmt.BatchUpdateItemKeywords", "IPP.Oversea.CN.ContentMgmt.BatchUpdateItemKeywords", "{3DF94369-A638-4669-8433-F37604455982}"
EndProject
Project("{FAE04EC0-301F-11D3-BF4B-00C04F79EFBC}") = "ContentMgmt.Common.BizProcess", "IPP.CMS.BatchUpdateItemKeywords\BizProcess\ContentMgmt.Common.BizProcess.csproj", "{6C9BDE92-39A6-4F47-8BA7-0BA7CB372B3F}"
EndProject
Project("{FAE04EC0-301F-11D3-BF4B-00C04F79EFBC}") = "ContentMgmt.Common.BusinessEntities", "IPP.CMS.BatchUpdateItemKeywords\BusinessEntities\ContentMgmt.Common.BusinessEntities.csproj", "{FD177008-AC2A-43F1-B357-BFFB90E2923A}"
EndProject
Project("{FAE04EC0-301F-11D3-BF4B-00C04F79EFBC}") = "IPP.ContentMgmt.BatchUpdateItemKeywords", "IPP.CMS.BatchUpdateItemKeywords\IPP.Oversea.CN.ContentMgmt.BatchUpdateItemKeywords\IPP.ContentMgmt.BatchUpdateItemKeywords.csproj", "{B518CBCC-B7A7-4B77-B7FF-19773F0E2149}"
EndProject
Project("{2150E333-8FDC-42A3-9474-1A3956D46DE8}") = "BizProcess", "BizProcess", "{C9BB5578-A14F-41BC-A541-C3DB543D2537}"
EndProject
Project("{2150E333-8FDC-42A3-9474-1A3956D46DE8}") = "BusinessEntities", "BusinessEntities", "{53FF8958-7C20-4107-BB46-69BE77EB9C56}"
EndProject
Project("{2150E333-8FDC-42A3-9474-1A3956D46DE8}") = "IPP.Oversea.CN.ContentMgmt.YeSky", "IPP.Oversea.CN.ContentMgmt.YeSky", "{26790748-BBE6-45AA-A7E2-34971699B716}"
EndProject
Project("{FAE04EC0-301F-11D3-BF4B-00C04F79EFBC}") = "ContentMgmt.Common.BizProcess", "IPP.CMS.JobProductRequest\BizProcess\ContentMgmt.Common.BizProcess.csproj", "{811A2205-F18D-451E-B5A6-8CE928A200E6}"
EndProject
Project("{FAE04EC0-301F-11D3-BF4B-00C04F79EFBC}") = "ContentMgmt.Common.BusinessEntities", "IPP.CMS.JobProductRequest\BusinessEntities\ContentMgmt.Common.BusinessEntities.csproj", "{E27235F9-E2E1-4F4C-A2D7-2F8A055BDEF8}"
EndProject
Project("{FAE04EC0-301F-11D3-BF4B-00C04F79EFBC}") = "IPP.Oversea.CN.ContentMgmt.JobProductRequest", "IPP.CMS.JobProductRequest\IPP.Oversea.CN.ContentMgmt.YeSky\IPP.Oversea.CN.ContentMgmt.JobProductRequest.csproj", "{85CEC7AC-53CD-4D16-82DC-12484D749066}"
EndProject
Project("{2150E333-8FDC-42A3-9474-1A3956D46DE8}") = "IPP.CMS.SyncShopPrice", "IPP.CMS.SyncShopPrice", "{6AA72B89-168B-4ACD-8E94-B7A387870BE5}"
EndProject
Project("{FAE04EC0-301F-11D3-BF4B-00C04F79EFBC}") = "IPP.Oversea.CN.ContentMgmt.SyncShopPrice", "IPP.CMS.SyncShopPrice\IPP.Oversea.CN.ContentMgmt.SyncShopPrice\IPP.Oversea.CN.ContentMgmt.SyncShopPrice.csproj", "{4484FD72-1144-4DBD-A07E-D65230E1CEA6}"
EndProject
Global
	GlobalSection(TeamFoundationVersionControl) = preSolution
		SccNumberOfProjects = 30
		SccEnterpriseProvider = {4CA58AB2-18FA-4F8D-95D4-32DDF27D184C}
		SccTeamFoundationServer = http://ssso03:8080/tfs/ec_2013
		SccLocalPath0 = .
		SccProjectUniqueName1 = ..\\Utility\\ECCentral.Job.Utility.csproj
		SccProjectTopLevelParentUniqueName1 = ECCentral.Job.IM.sln
		SccProjectName1 = ../Utility
		SccLocalPath1 = ..\\Utility
		SccProjectUniqueName2 = ..\\..\\03_Service\\BizEntity\\ECCentral.BizEntity.csproj
		SccProjectTopLevelParentUniqueName2 = ECCentral.Job.IM.sln
		SccProjectName2 = ../../03_Service/BizEntity
		SccLocalPath2 = ..\\..\\03_Service\\BizEntity
		SccProjectUniqueName3 = ..\\..\\03_Service\\BizEntity.Enum\\ECCentral.BizEntity.Enum.csproj
		SccProjectTopLevelParentUniqueName3 = ECCentral.Job.IM.sln
		SccProjectName3 = ../../03_Service/BizEntity.Enum
		SccLocalPath3 = ..\\..\\03_Service\\BizEntity.Enum
		SccProjectUniqueName4 = IPP.CMS.CountDownPromotionTitle\\CountDownPromotionTitle\\CountDownPromotionTitle.csproj
		SccProjectTopLevelParentUniqueName4 = ECCentral.Job.IM.sln
		SccProjectName4 = IPP.CMS.CountDownPromotionTitle/CountDownPromotionTitle
		SccLocalPath4 = IPP.CMS.CountDownPromotionTitle\\CountDownPromotionTitle
		SccProjectUniqueName5 = IPP.CMS.GiftCardPoolInterface\\GiftCardPoolInterface\\GiftCardPoolInterface.csproj
		SccProjectTopLevelParentUniqueName5 = ECCentral.Job.IM.sln
		SccProjectName5 = IPP.CMS.GiftCardPoolInterface/GiftCardPoolInterface
		SccLocalPath5 = IPP.CMS.GiftCardPoolInterface\\GiftCardPoolInterface
		SccProjectUniqueName6 = IPP.CMS.GiftCardPoolInterface\\UnitTestProject\\UnitTestProject.csproj
		SccProjectTopLevelParentUniqueName6 = ECCentral.Job.IM.sln
		SccProjectName6 = IPP.CMS.GiftCardPoolInterface/UnitTestProject
		SccLocalPath6 = IPP.CMS.GiftCardPoolInterface\\UnitTestProject
		SccProjectUniqueName7 = IPP.CMS.SendMailForPicture\\SendMailForPicture\\IPP.ContentMgmt.SendMailForPicture.csproj
		SccProjectTopLevelParentUniqueName7 = ECCentral.Job.IM.sln
		SccProjectName7 = IPP.CMS.SendMailForPicture/SendMailForPicture
		SccLocalPath7 = IPP.CMS.SendMailForPicture\\SendMailForPicture
		SccProjectUniqueName8 = IPP.CMS.SendQuestionList\\SendQuestionList\\IPP.ContentMgmt.SendQuestionList.csproj
		SccProjectTopLevelParentUniqueName8 = ECCentral.Job.IM.sln
		SccProjectName8 = IPP.CMS.SendQuestionList/SendQuestionList
		SccLocalPath8 = IPP.CMS.SendQuestionList\\SendQuestionList
		SccProjectUniqueName9 = IPP.CMS.TimelyPromotionTitle\\IPP.Oversea.CN.ContentMgmt.TimelyPromotionTitle\\IPP.Oversea.CN.ContentMgmt.TimelyPromotionTitle.csproj
		SccProjectTopLevelParentUniqueName9 = ECCentral.Job.IM.sln
		SccProjectName9 = IPP.CMS.TimelyPromotionTitle/IPP.Oversea.CN.ContentMgmt.TimelyPromotionTitle
		SccLocalPath9 = IPP.CMS.TimelyPromotionTitle\\IPP.Oversea.CN.ContentMgmt.TimelyPromotionTitle
		SccProjectUniqueName10 = IPP.CMS.BaiduSearchInterface\\BizProcess\\ContentMgmt.Common.BizProcess.csproj
		SccProjectTopLevelParentUniqueName10 = ECCentral.Job.IM.sln
		SccProjectName10 = IPP.CMS.BaiduSearchInterface/BizProcess
		SccLocalPath10 = IPP.CMS.BaiduSearchInterface\\BizProcess
		SccProjectUniqueName11 = IPP.CMS.BaiduSearchInterface\\BusinessEntities\\ContentMgmt.Common.BusinessEntities.csproj
		SccProjectTopLevelParentUniqueName11 = ECCentral.Job.IM.sln
		SccProjectName11 = IPP.CMS.BaiduSearchInterface/BusinessEntities
		SccLocalPath11 = IPP.CMS.BaiduSearchInterface\\BusinessEntities
		SccProjectUniqueName12 = IPP.CMS.BaiduSearchInterface\\IPP.Oversea.CN.ContentMgmt.BaiduSearch\\IPP.Oversea.CN.ContentMgmt.BaiduSearch.csproj
		SccProjectTopLevelParentUniqueName12 = ECCentral.Job.IM.sln
		SccProjectName12 = IPP.CMS.BaiduSearchInterface/IPP.Oversea.CN.ContentMgmt.BaiduSearch
		SccLocalPath12 = IPP.CMS.BaiduSearchInterface\\IPP.Oversea.CN.ContentMgmt.BaiduSearch
		SccProjectUniqueName13 = IPP.CMS.GoogleSearchInterface\\BizProcess\\ContentMgmt.Common.BizProcess.csproj
		SccProjectTopLevelParentUniqueName13 = ECCentral.Job.IM.sln
		SccProjectName13 = IPP.CMS.GoogleSearchInterface/BizProcess
		SccLocalPath13 = IPP.CMS.GoogleSearchInterface\\BizProcess
		SccProjectUniqueName14 = IPP.CMS.GoogleSearchInterface\\BusinessEntities\\ContentMgmt.Common.BusinessEntities.csproj
		SccProjectTopLevelParentUniqueName14 = ECCentral.Job.IM.sln
		SccProjectName14 = IPP.CMS.GoogleSearchInterface/BusinessEntities
		SccLocalPath14 = IPP.CMS.GoogleSearchInterface\\BusinessEntities
		SccWebProject15 = true
		SccProjectUniqueName15 = IPP.CMS.GoogleSearchInterface\\DownLoadPage
		SccProjectTopLevelParentUniqueName15 = ECCentral.Job.IM.sln
		SccProjectName15 = IPP.CMS.GoogleSearchInterface/DownLoadPage
		SccLocalPath15 = IPP.CMS.GoogleSearchInterface\\DownLoadPage
		SccProjectEnlistmentChoice15 = 2
		SccProjectUniqueName16 = IPP.CMS.GoogleSearchInterface\\IPP.Oversea.CN.ContentMgmt.GoogleSearch\\IPP.Oversea.CN.ContentMgmt.GoogleSearch.csproj
		SccProjectTopLevelParentUniqueName16 = ECCentral.Job.IM.sln
		SccProjectName16 = IPP.CMS.GoogleSearchInterface/IPP.Oversea.CN.ContentMgmt.GoogleSearch
		SccLocalPath16 = IPP.CMS.GoogleSearchInterface\\IPP.Oversea.CN.ContentMgmt.GoogleSearch
		SccProjectUniqueName17 = IPP.CMS.GiftCardInterface\\BizProcess\\ContentMgmt.Common.BizProcess.csproj
		SccProjectTopLevelParentUniqueName17 = ECCentral.Job.IM.sln
		SccProjectName17 = IPP.CMS.GiftCardInterface/BizProcess
		SccLocalPath17 = IPP.CMS.GiftCardInterface\\BizProcess
		SccProjectUniqueName18 = IPP.CMS.GiftCardInterface\\BusinessEntities\\ContentMgmt.Common.BusinessEntities.csproj
		SccProjectTopLevelParentUniqueName18 = ECCentral.Job.IM.sln
		SccProjectName18 = IPP.CMS.GiftCardInterface/BusinessEntities
		SccLocalPath18 = IPP.CMS.GiftCardInterface\\BusinessEntities
		SccProjectUniqueName19 = IPP.CMS.GiftCardInterface\\IPP.Oversea.CN.ContentMgmt.GiftCard\\IPP.Oversea.CN.ContentMgmt.GiftCard.csproj
		SccProjectTopLevelParentUniqueName19 = ECCentral.Job.IM.sln
		SccProjectName19 = IPP.CMS.GiftCardInterface/IPP.Oversea.CN.ContentMgmt.GiftCard
		SccLocalPath19 = IPP.CMS.GiftCardInterface\\IPP.Oversea.CN.ContentMgmt.GiftCard
		SccProjectUniqueName20 = IPP.CMS.AutoDisableInterface\\BizProcess\\ContentMgmt.Common.BizProcess.csproj
		SccProjectTopLevelParentUniqueName20 = ECCentral.Job.IM.sln
		SccProjectName20 = IPP.CMS.AutoDisableInterface/BizProcess
		SccLocalPath20 = IPP.CMS.AutoDisableInterface\\BizProcess
		SccProjectUniqueName21 = IPP.CMS.AutoDisableInterface\\BusinessEntities\\ContentMgmt.Common.BusinessEntities.csproj
		SccProjectTopLevelParentUniqueName21 = ECCentral.Job.IM.sln
		SccProjectName21 = IPP.CMS.AutoDisableInterface/BusinessEntities
		SccLocalPath21 = IPP.CMS.AutoDisableInterface\\BusinessEntities
		SccProjectUniqueName22 = IPP.CMS.AutoDisableInterface\\IPP.Oversea.CN.ContentMgmt.AutoPricingDisable\\IPP.Oversea.CN.ContentMgmt.AutoPricingDisable.csproj
		SccProjectTopLevelParentUniqueName22 = ECCentral.Job.IM.sln
		SccProjectName22 = IPP.CMS.AutoDisableInterface/IPP.Oversea.CN.ContentMgmt.AutoPricingDisable
		SccLocalPath22 = IPP.CMS.AutoDisableInterface\\IPP.Oversea.CN.ContentMgmt.AutoPricingDisable
		SccProjectUniqueName23 = IPP.CMS.BatchUpdateItemKeywords\\BizProcess\\ContentMgmt.Common.BizProcess.csproj
		SccProjectTopLevelParentUniqueName23 = ECCentral.Job.IM.sln
		SccProjectName23 = IPP.CMS.BatchUpdateItemKeywords/BizProcess
		SccLocalPath23 = IPP.CMS.BatchUpdateItemKeywords\\BizProcess
		SccProjectUniqueName24 = IPP.CMS.BatchUpdateItemKeywords\\BusinessEntities\\ContentMgmt.Common.BusinessEntities.csproj
		SccProjectTopLevelParentUniqueName24 = ECCentral.Job.IM.sln
		SccProjectName24 = IPP.CMS.BatchUpdateItemKeywords/BusinessEntities
		SccLocalPath24 = IPP.CMS.BatchUpdateItemKeywords\\BusinessEntities
		SccProjectUniqueName25 = IPP.CMS.BatchUpdateItemKeywords\\IPP.Oversea.CN.ContentMgmt.BatchUpdateItemKeywords\\IPP.ContentMgmt.BatchUpdateItemKeywords.csproj
		SccProjectTopLevelParentUniqueName25 = ECCentral.Job.IM.sln
		SccProjectName25 = IPP.CMS.BatchUpdateItemKeywords/IPP.Oversea.CN.ContentMgmt.BatchUpdateItemKeywords
		SccLocalPath25 = IPP.CMS.BatchUpdateItemKeywords\\IPP.Oversea.CN.ContentMgmt.BatchUpdateItemKeywords
		SccProjectUniqueName26 = IPP.CMS.JobProductRequest\\BizProcess\\ContentMgmt.Common.BizProcess.csproj
		SccProjectTopLevelParentUniqueName26 = ECCentral.Job.IM.sln
		SccProjectName26 = IPP.CMS.JobProductRequest/BizProcess
		SccLocalPath26 = IPP.CMS.JobProductRequest\\BizProcess
		SccProjectUniqueName27 = IPP.CMS.JobProductRequest\\BusinessEntities\\ContentMgmt.Common.BusinessEntities.csproj
		SccProjectTopLevelParentUniqueName27 = ECCentral.Job.IM.sln
		SccProjectName27 = IPP.CMS.JobProductRequest/BusinessEntities
		SccLocalPath27 = IPP.CMS.JobProductRequest\\BusinessEntities
		SccProjectUniqueName28 = IPP.CMS.JobProductRequest\\IPP.Oversea.CN.ContentMgmt.YeSky\\IPP.Oversea.CN.ContentMgmt.JobProductRequest.csproj
		SccProjectTopLevelParentUniqueName28 = ECCentral.Job.IM.sln
		SccProjectName28 = IPP.CMS.JobProductRequest/IPP.Oversea.CN.ContentMgmt.YeSky
		SccLocalPath28 = IPP.CMS.JobProductRequest\\IPP.Oversea.CN.ContentMgmt.YeSky
		SccProjectUniqueName29 = IPP.CMS.SyncShopPrice\\IPP.Oversea.CN.ContentMgmt.SyncShopPrice\\IPP.Oversea.CN.ContentMgmt.SyncShopPrice.csproj
		SccProjectTopLevelParentUniqueName29 = ECCentral.Job.IM.sln
		SccProjectName29 = IPP.CMS.SyncShopPrice/IPP.Oversea.CN.ContentMgmt.SyncShopPrice
		SccLocalPath29 = IPP.CMS.SyncShopPrice\\IPP.Oversea.CN.ContentMgmt.SyncShopPrice
	EndGlobalSection
	GlobalSection(SolutionConfigurationPlatforms) = preSolution
		Debug|Any CPU = Debug|Any CPU
		Release|Any CPU = Release|Any CPU
	EndGlobalSection
	GlobalSection(ProjectConfigurationPlatforms) = postSolution
		{5E7756C1-A9C4-4B5F-AF6B-B2EAFC4F0BBE}.Debug|Any CPU.ActiveCfg = Debug|Any CPU
		{5E7756C1-A9C4-4B5F-AF6B-B2EAFC4F0BBE}.Debug|Any CPU.Build.0 = Debug|Any CPU
		{5E7756C1-A9C4-4B5F-AF6B-B2EAFC4F0BBE}.Release|Any CPU.ActiveCfg = Release|Any CPU
		{5E7756C1-A9C4-4B5F-AF6B-B2EAFC4F0BBE}.Release|Any CPU.Build.0 = Release|Any CPU
		{F35260AC-7270-44D5-90E2-7319F44A7B3B}.Debug|Any CPU.ActiveCfg = Debug|Any CPU
		{F35260AC-7270-44D5-90E2-7319F44A7B3B}.Debug|Any CPU.Build.0 = Debug|Any CPU
		{F35260AC-7270-44D5-90E2-7319F44A7B3B}.Release|Any CPU.ActiveCfg = Release|Any CPU
		{F35260AC-7270-44D5-90E2-7319F44A7B3B}.Release|Any CPU.Build.0 = Release|Any CPU
		{5BA0894F-168B-49C0-B476-3D1CF5C193F2}.Debug|Any CPU.ActiveCfg = Debug|Any CPU
		{5BA0894F-168B-49C0-B476-3D1CF5C193F2}.Debug|Any CPU.Build.0 = Debug|Any CPU
		{5BA0894F-168B-49C0-B476-3D1CF5C193F2}.Release|Any CPU.ActiveCfg = Release|Any CPU
		{5BA0894F-168B-49C0-B476-3D1CF5C193F2}.Release|Any CPU.Build.0 = Release|Any CPU
		{DE6C20FB-79DE-4EF3-A04B-4B7407888203}.Debug|Any CPU.ActiveCfg = Debug|Any CPU
		{DE6C20FB-79DE-4EF3-A04B-4B7407888203}.Debug|Any CPU.Build.0 = Debug|Any CPU
		{DE6C20FB-79DE-4EF3-A04B-4B7407888203}.Release|Any CPU.ActiveCfg = Release|Any CPU
		{DE6C20FB-79DE-4EF3-A04B-4B7407888203}.Release|Any CPU.Build.0 = Release|Any CPU
		{3F7CC5C9-C676-4F9C-932F-BB321272B7B9}.Debug|Any CPU.ActiveCfg = Debug|Any CPU
		{3F7CC5C9-C676-4F9C-932F-BB321272B7B9}.Debug|Any CPU.Build.0 = Debug|Any CPU
		{3F7CC5C9-C676-4F9C-932F-BB321272B7B9}.Release|Any CPU.ActiveCfg = Release|Any CPU
		{3F7CC5C9-C676-4F9C-932F-BB321272B7B9}.Release|Any CPU.Build.0 = Release|Any CPU
		{491EA5B9-9575-4657-9600-FB7583DDB448}.Debug|Any CPU.ActiveCfg = Debug|Any CPU
		{491EA5B9-9575-4657-9600-FB7583DDB448}.Debug|Any CPU.Build.0 = Debug|Any CPU
		{491EA5B9-9575-4657-9600-FB7583DDB448}.Release|Any CPU.ActiveCfg = Release|Any CPU
		{491EA5B9-9575-4657-9600-FB7583DDB448}.Release|Any CPU.Build.0 = Release|Any CPU
		{CDFF73A4-50AB-49D7-BA8F-78932B37BEDC}.Debug|Any CPU.ActiveCfg = Debug|Any CPU
		{CDFF73A4-50AB-49D7-BA8F-78932B37BEDC}.Debug|Any CPU.Build.0 = Debug|Any CPU
		{CDFF73A4-50AB-49D7-BA8F-78932B37BEDC}.Release|Any CPU.ActiveCfg = Release|Any CPU
		{CDFF73A4-50AB-49D7-BA8F-78932B37BEDC}.Release|Any CPU.Build.0 = Release|Any CPU
		{841B3B14-9D8A-4175-A9EF-7409F4ECAED7}.Debug|Any CPU.ActiveCfg = Debug|Any CPU
		{841B3B14-9D8A-4175-A9EF-7409F4ECAED7}.Debug|Any CPU.Build.0 = Debug|Any CPU
		{841B3B14-9D8A-4175-A9EF-7409F4ECAED7}.Release|Any CPU.ActiveCfg = Release|Any CPU
		{841B3B14-9D8A-4175-A9EF-7409F4ECAED7}.Release|Any CPU.Build.0 = Release|Any CPU
		{4C91A488-5B61-4ABE-A8F5-D3EC019DB9F8}.Debug|Any CPU.ActiveCfg = Debug|Any CPU
		{4C91A488-5B61-4ABE-A8F5-D3EC019DB9F8}.Debug|Any CPU.Build.0 = Debug|Any CPU
		{4C91A488-5B61-4ABE-A8F5-D3EC019DB9F8}.Release|Any CPU.ActiveCfg = Release|Any CPU
		{4C91A488-5B61-4ABE-A8F5-D3EC019DB9F8}.Release|Any CPU.Build.0 = Release|Any CPU
		{905C3B23-ED1F-420E-AE43-9D059B1C6354}.Debug|Any CPU.ActiveCfg = Debug|Any CPU
		{905C3B23-ED1F-420E-AE43-9D059B1C6354}.Debug|Any CPU.Build.0 = Debug|Any CPU
		{905C3B23-ED1F-420E-AE43-9D059B1C6354}.Release|Any CPU.ActiveCfg = Release|Any CPU
		{905C3B23-ED1F-420E-AE43-9D059B1C6354}.Release|Any CPU.Build.0 = Release|Any CPU
		{805F291C-3D52-4171-A68A-2087D2F7F013}.Debug|Any CPU.ActiveCfg = Debug|Any CPU
		{805F291C-3D52-4171-A68A-2087D2F7F013}.Debug|Any CPU.Build.0 = Debug|Any CPU
		{805F291C-3D52-4171-A68A-2087D2F7F013}.Release|Any CPU.ActiveCfg = Release|Any CPU
		{805F291C-3D52-4171-A68A-2087D2F7F013}.Release|Any CPU.Build.0 = Release|Any CPU
		{EC83A68D-9226-47F1-8AC5-C57538405D38}.Debug|Any CPU.ActiveCfg = Debug|Any CPU
		{EC83A68D-9226-47F1-8AC5-C57538405D38}.Debug|Any CPU.Build.0 = Debug|Any CPU
		{EC83A68D-9226-47F1-8AC5-C57538405D38}.Release|Any CPU.ActiveCfg = Release|Any CPU
		{EC83A68D-9226-47F1-8AC5-C57538405D38}.Release|Any CPU.Build.0 = Release|Any CPU
		{705192B4-081D-4F4D-9700-1FEE98FDB469}.Debug|Any CPU.ActiveCfg = Debug|Any CPU
		{705192B4-081D-4F4D-9700-1FEE98FDB469}.Debug|Any CPU.Build.0 = Debug|Any CPU
		{705192B4-081D-4F4D-9700-1FEE98FDB469}.Release|Any CPU.ActiveCfg = Release|Any CPU
		{705192B4-081D-4F4D-9700-1FEE98FDB469}.Release|Any CPU.Build.0 = Release|Any CPU
		{9AC638FD-F4D7-4140-9034-B2D279187119}.Debug|Any CPU.ActiveCfg = Debug|Any CPU
		{9AC638FD-F4D7-4140-9034-B2D279187119}.Debug|Any CPU.Build.0 = Debug|Any CPU
		{9AC638FD-F4D7-4140-9034-B2D279187119}.Release|Any CPU.ActiveCfg = Release|Any CPU
		{9AC638FD-F4D7-4140-9034-B2D279187119}.Release|Any CPU.Build.0 = Release|Any CPU
		{964236EE-0743-4CA2-A2CC-2A0FF4778C72}.Debug|Any CPU.ActiveCfg = Debug|Any CPU
		{964236EE-0743-4CA2-A2CC-2A0FF4778C72}.Debug|Any CPU.Build.0 = Debug|Any CPU
		{964236EE-0743-4CA2-A2CC-2A0FF4778C72}.Release|Any CPU.ActiveCfg = Debug|Any CPU
		{964236EE-0743-4CA2-A2CC-2A0FF4778C72}.Release|Any CPU.Build.0 = Debug|Any CPU
		{C0FDD562-B93D-4F02-8254-32A2B3EF094F}.Debug|Any CPU.ActiveCfg = Debug|Any CPU
		{C0FDD562-B93D-4F02-8254-32A2B3EF094F}.Debug|Any CPU.Build.0 = Debug|Any CPU
		{C0FDD562-B93D-4F02-8254-32A2B3EF094F}.Release|Any CPU.ActiveCfg = Release|Any CPU
		{C0FDD562-B93D-4F02-8254-32A2B3EF094F}.Release|Any CPU.Build.0 = Release|Any CPU
		{5919BFF9-0808-4E20-8F1D-503E9CB2E31B}.Debug|Any CPU.ActiveCfg = Debug|Any CPU
		{5919BFF9-0808-4E20-8F1D-503E9CB2E31B}.Debug|Any CPU.Build.0 = Debug|Any CPU
		{5919BFF9-0808-4E20-8F1D-503E9CB2E31B}.Release|Any CPU.ActiveCfg = Release|Any CPU
		{5919BFF9-0808-4E20-8F1D-503E9CB2E31B}.Release|Any CPU.Build.0 = Release|Any CPU
		{A435C686-7DFC-4820-8C38-5F2F97738176}.Debug|Any CPU.ActiveCfg = Debug|Any CPU
		{A435C686-7DFC-4820-8C38-5F2F97738176}.Debug|Any CPU.Build.0 = Debug|Any CPU
		{A435C686-7DFC-4820-8C38-5F2F97738176}.Release|Any CPU.ActiveCfg = Release|Any CPU
		{A435C686-7DFC-4820-8C38-5F2F97738176}.Release|Any CPU.Build.0 = Release|Any CPU
		{FCB54485-F69D-436A-957B-D331D9755803}.Debug|Any CPU.ActiveCfg = Debug|Any CPU
		{FCB54485-F69D-436A-957B-D331D9755803}.Debug|Any CPU.Build.0 = Debug|Any CPU
		{FCB54485-F69D-436A-957B-D331D9755803}.Release|Any CPU.ActiveCfg = Release|Any CPU
		{FCB54485-F69D-436A-957B-D331D9755803}.Release|Any CPU.Build.0 = Release|Any CPU
		{C1CE0DC9-8ABF-48E9-A85C-C6305357FCA5}.Debug|Any CPU.ActiveCfg = Debug|Any CPU
		{C1CE0DC9-8ABF-48E9-A85C-C6305357FCA5}.Debug|Any CPU.Build.0 = Debug|Any CPU
		{C1CE0DC9-8ABF-48E9-A85C-C6305357FCA5}.Release|Any CPU.ActiveCfg = Release|Any CPU
		{C1CE0DC9-8ABF-48E9-A85C-C6305357FCA5}.Release|Any CPU.Build.0 = Release|Any CPU
		{78DCADF0-E6FE-4B45-AAB1-8189BD3C79D9}.Debug|Any CPU.ActiveCfg = Debug|Any CPU
		{78DCADF0-E6FE-4B45-AAB1-8189BD3C79D9}.Debug|Any CPU.Build.0 = Debug|Any CPU
		{78DCADF0-E6FE-4B45-AAB1-8189BD3C79D9}.Release|Any CPU.ActiveCfg = Release|Any CPU
		{78DCADF0-E6FE-4B45-AAB1-8189BD3C79D9}.Release|Any CPU.Build.0 = Release|Any CPU
		{5BE1F64A-F8B3-4149-9DC4-486A3B0E62D2}.Debug|Any CPU.ActiveCfg = Debug|Any CPU
		{5BE1F64A-F8B3-4149-9DC4-486A3B0E62D2}.Debug|Any CPU.Build.0 = Debug|Any CPU
		{5BE1F64A-F8B3-4149-9DC4-486A3B0E62D2}.Release|Any CPU.ActiveCfg = Release|Any CPU
		{5BE1F64A-F8B3-4149-9DC4-486A3B0E62D2}.Release|Any CPU.Build.0 = Release|Any CPU
		{6C9BDE92-39A6-4F47-8BA7-0BA7CB372B3F}.Debug|Any CPU.ActiveCfg = Debug|Any CPU
		{6C9BDE92-39A6-4F47-8BA7-0BA7CB372B3F}.Debug|Any CPU.Build.0 = Debug|Any CPU
		{6C9BDE92-39A6-4F47-8BA7-0BA7CB372B3F}.Release|Any CPU.ActiveCfg = Release|Any CPU
		{6C9BDE92-39A6-4F47-8BA7-0BA7CB372B3F}.Release|Any CPU.Build.0 = Release|Any CPU
		{FD177008-AC2A-43F1-B357-BFFB90E2923A}.Debug|Any CPU.ActiveCfg = Debug|Any CPU
		{FD177008-AC2A-43F1-B357-BFFB90E2923A}.Debug|Any CPU.Build.0 = Debug|Any CPU
		{FD177008-AC2A-43F1-B357-BFFB90E2923A}.Release|Any CPU.ActiveCfg = Release|Any CPU
		{FD177008-AC2A-43F1-B357-BFFB90E2923A}.Release|Any CPU.Build.0 = Release|Any CPU
		{B518CBCC-B7A7-4B77-B7FF-19773F0E2149}.Debug|Any CPU.ActiveCfg = Debug|Any CPU
		{B518CBCC-B7A7-4B77-B7FF-19773F0E2149}.Debug|Any CPU.Build.0 = Debug|Any CPU
		{B518CBCC-B7A7-4B77-B7FF-19773F0E2149}.Release|Any CPU.ActiveCfg = Release|Any CPU
		{B518CBCC-B7A7-4B77-B7FF-19773F0E2149}.Release|Any CPU.Build.0 = Release|Any CPU
		{811A2205-F18D-451E-B5A6-8CE928A200E6}.Debug|Any CPU.ActiveCfg = Debug|Any CPU
		{811A2205-F18D-451E-B5A6-8CE928A200E6}.Debug|Any CPU.Build.0 = Debug|Any CPU
		{811A2205-F18D-451E-B5A6-8CE928A200E6}.Release|Any CPU.ActiveCfg = Release|Any CPU
		{811A2205-F18D-451E-B5A6-8CE928A200E6}.Release|Any CPU.Build.0 = Release|Any CPU
		{E27235F9-E2E1-4F4C-A2D7-2F8A055BDEF8}.Debug|Any CPU.ActiveCfg = Debug|Any CPU
		{E27235F9-E2E1-4F4C-A2D7-2F8A055BDEF8}.Debug|Any CPU.Build.0 = Debug|Any CPU
		{E27235F9-E2E1-4F4C-A2D7-2F8A055BDEF8}.Release|Any CPU.ActiveCfg = Release|Any CPU
		{E27235F9-E2E1-4F4C-A2D7-2F8A055BDEF8}.Release|Any CPU.Build.0 = Release|Any CPU
		{85CEC7AC-53CD-4D16-82DC-12484D749066}.Debug|Any CPU.ActiveCfg = Debug|Any CPU
		{85CEC7AC-53CD-4D16-82DC-12484D749066}.Debug|Any CPU.Build.0 = Debug|Any CPU
		{85CEC7AC-53CD-4D16-82DC-12484D749066}.Release|Any CPU.ActiveCfg = Release|Any CPU
		{85CEC7AC-53CD-4D16-82DC-12484D749066}.Release|Any CPU.Build.0 = Release|Any CPU
		{4484FD72-1144-4DBD-A07E-D65230E1CEA6}.Debug|Any CPU.ActiveCfg = Debug|Any CPU
		{4484FD72-1144-4DBD-A07E-D65230E1CEA6}.Debug|Any CPU.Build.0 = Debug|Any CPU
		{4484FD72-1144-4DBD-A07E-D65230E1CEA6}.Release|Any CPU.ActiveCfg = Release|Any CPU
		{4484FD72-1144-4DBD-A07E-D65230E1CEA6}.Release|Any CPU.Build.0 = Release|Any CPU
	EndGlobalSection
	GlobalSection(SolutionProperties) = preSolution
		HideSolutionNode = FALSE
	EndGlobalSection
	GlobalSection(NestedProjects) = preSolution
		{5E7756C1-A9C4-4B5F-AF6B-B2EAFC4F0BBE} = {57A87E7E-7029-4E4B-B87B-1F157673B607}
		{F35260AC-7270-44D5-90E2-7319F44A7B3B} = {57A87E7E-7029-4E4B-B87B-1F157673B607}
		{5BA0894F-168B-49C0-B476-3D1CF5C193F2} = {57A87E7E-7029-4E4B-B87B-1F157673B607}
		{DE6C20FB-79DE-4EF3-A04B-4B7407888203} = {166DDE6E-414E-473E-B98E-4ADF73EFAB45}
		{3F7CC5C9-C676-4F9C-932F-BB321272B7B9} = {EAA7A168-A724-43BC-A13A-6F36CCD461E9}
		{491EA5B9-9575-4657-9600-FB7583DDB448} = {EAA7A168-A724-43BC-A13A-6F36CCD461E9}
		{CDFF73A4-50AB-49D7-BA8F-78932B37BEDC} = {85442A91-EB00-4F7E-8EA2-862403EC7B3F}
		{841B3B14-9D8A-4175-A9EF-7409F4ECAED7} = {72A5A6D2-6E66-4302-A2F2-DE90970B70C2}
		{4C91A488-5B61-4ABE-A8F5-D3EC019DB9F8} = {996765FD-41D6-4C2A-9B7F-34DFC2889EE7}
		{D182F3DB-45A6-4354-ACF0-974595CE34DA} = {50835C50-DA05-46A6-909F-B632C7CC3F9F}
		{0B400F5B-EAFC-4E93-8769-89E0BCEF69D8} = {50835C50-DA05-46A6-909F-B632C7CC3F9F}
		{513591C6-95E5-4A7A-A964-25BE2FE49836} = {50835C50-DA05-46A6-909F-B632C7CC3F9F}
		{905C3B23-ED1F-420E-AE43-9D059B1C6354} = {D182F3DB-45A6-4354-ACF0-974595CE34DA}
		{805F291C-3D52-4171-A68A-2087D2F7F013} = {0B400F5B-EAFC-4E93-8769-89E0BCEF69D8}
		{EC83A68D-9226-47F1-8AC5-C57538405D38} = {513591C6-95E5-4A7A-A964-25BE2FE49836}
		{6C4DD405-FB13-42EE-ACD2-AED20D927964} = {48923DDB-A230-4F0B-BE10-9A8F0572EEB4}
		{4A97E501-F197-4CD6-8265-AE419B1C79D9} = {48923DDB-A230-4F0B-BE10-9A8F0572EEB4}
		{114A478F-31D0-49FE-9F9B-51AEE4BE69EE} = {48923DDB-A230-4F0B-BE10-9A8F0572EEB4}
		{11887510-E98C-4B87-9B5D-91C706834974} = {48923DDB-A230-4F0B-BE10-9A8F0572EEB4}
		{1E525F01-AF5E-405C-B462-26F554323D0B} = {9A14AA82-46DF-4338-ABF3-FC9A06926890}
		{98CCD427-A85F-4BC4-A171-9BBF6402BCDD} = {9A14AA82-46DF-4338-ABF3-FC9A06926890}
		{AE0BDF1B-CF2B-4544-A4F1-3D1A0842BD14} = {9A14AA82-46DF-4338-ABF3-FC9A06926890}
		{708E7B42-1979-4863-BF60-2600D504ABDE} = {021F29B9-277A-4120-819F-65A858B61D25}
		{3975F867-1FEE-4978-8876-60388664FEC1} = {021F29B9-277A-4120-819F-65A858B61D25}
		{3DF94369-A638-4669-8433-F37604455982} = {021F29B9-277A-4120-819F-65A858B61D25}
		{225D5361-A7B7-477A-8A08-1A67C84A5A54} = {8874C011-470A-434B-BDD2-32B616FBA1E0}
		{B2F955A3-B46F-4398-8459-46CEC54F1C9B} = {8874C011-470A-434B-BDD2-32B616FBA1E0}
		{0C242712-7E21-4E29-91BD-16F9C1707099} = {8874C011-470A-434B-BDD2-32B616FBA1E0}
		{C9BB5578-A14F-41BC-A541-C3DB543D2537} = {C01E2096-3676-48C5-81EF-CAB299454C26}
		{53FF8958-7C20-4107-BB46-69BE77EB9C56} = {C01E2096-3676-48C5-81EF-CAB299454C26}
		{26790748-BBE6-45AA-A7E2-34971699B716} = {C01E2096-3676-48C5-81EF-CAB299454C26}
		{705192B4-081D-4F4D-9700-1FEE98FDB469} = {6C4DD405-FB13-42EE-ACD2-AED20D927964}
		{9AC638FD-F4D7-4140-9034-B2D279187119} = {4A97E501-F197-4CD6-8265-AE419B1C79D9}
		{964236EE-0743-4CA2-A2CC-2A0FF4778C72} = {114A478F-31D0-49FE-9F9B-51AEE4BE69EE}
		{C0FDD562-B93D-4F02-8254-32A2B3EF094F} = {11887510-E98C-4B87-9B5D-91C706834974}
		{5919BFF9-0808-4E20-8F1D-503E9CB2E31B} = {1E525F01-AF5E-405C-B462-26F554323D0B}
		{A435C686-7DFC-4820-8C38-5F2F97738176} = {98CCD427-A85F-4BC4-A171-9BBF6402BCDD}
		{FCB54485-F69D-436A-957B-D331D9755803} = {AE0BDF1B-CF2B-4544-A4F1-3D1A0842BD14}
		{C1CE0DC9-8ABF-48E9-A85C-C6305357FCA5} = {225D5361-A7B7-477A-8A08-1A67C84A5A54}
		{78DCADF0-E6FE-4B45-AAB1-8189BD3C79D9} = {B2F955A3-B46F-4398-8459-46CEC54F1C9B}
		{5BE1F64A-F8B3-4149-9DC4-486A3B0E62D2} = {0C242712-7E21-4E29-91BD-16F9C1707099}
		{6C9BDE92-39A6-4F47-8BA7-0BA7CB372B3F} = {708E7B42-1979-4863-BF60-2600D504ABDE}
		{FD177008-AC2A-43F1-B357-BFFB90E2923A} = {3975F867-1FEE-4978-8876-60388664FEC1}
		{B518CBCC-B7A7-4B77-B7FF-19773F0E2149} = {3DF94369-A638-4669-8433-F37604455982}
		{811A2205-F18D-451E-B5A6-8CE928A200E6} = {C9BB5578-A14F-41BC-A541-C3DB543D2537}
		{E27235F9-E2E1-4F4C-A2D7-2F8A055BDEF8} = {53FF8958-7C20-4107-BB46-69BE77EB9C56}
		{85CEC7AC-53CD-4D16-82DC-12484D749066} = {26790748-BBE6-45AA-A7E2-34971699B716}
		{4484FD72-1144-4DBD-A07E-D65230E1CEA6} = {6AA72B89-168B-4ACD-8E94-B7A387870BE5}
	EndGlobalSection
EndGlobal
