
Microsoft Visual Studio Solution File, Format Version 12.00
# Visual Studio 2012
Project("{FAE04EC0-301F-11D3-BF4B-00C04F79EFBC}") = "IPP.OrderMgmt.JobV31", "IPP.OrderMgmt.AuditJob\IPP.OrderMgmt.JobV31\IPP.OrderMgmt.JobV31.csproj", "{E246487E-AE2B-4D5E-85DD-03CB6C380A7B}"
EndProject
Project("{FAE04EC0-301F-11D3-BF4B-00C04F79EFBC}") = "IPP.OrderMgmt.JobHost", "IPP.OrderMgmt.AuditJob\IPP.OrderMgmt.JobHost\IPP.OrderMgmt.JobHost.csproj", "{8C835DDA-4E97-4A18-A281-4BEEFA0A8D35}"
EndProject
Project("{2150E333-8FDC-42A3-9474-1A3956D46DE8}") = "Common", "Common", "{57A87E7E-7029-4E4B-B87B-1F157673B607}"
EndProject
Project("{FAE04EC0-301F-11D3-BF4B-00C04F79EFBC}") = "ECCentral.Job.Utility", "..\Utility\ECCentral.Job.Utility.csproj", "{5E7756C1-A9C4-4B5F-AF6B-B2EAFC4F0BBE}"
EndProject
Project("{FAE04EC0-301F-11D3-BF4B-00C04F79EFBC}") = "ECCentral.BizEntity", "..\..\03_Service\BizEntity\ECCentral.BizEntity.csproj", "{F35260AC-7270-44D5-90E2-7319F44A7B3B}"
EndProject
Project("{FAE04EC0-301F-11D3-BF4B-00C04F79EFBC}") = "ECCentral.BizEntity.Enum", "..\..\03_Service\BizEntity.Enum\ECCentral.BizEntity.Enum.csproj", "{5BA0894F-168B-49C0-B476-3D1CF5C193F2}"
EndProject
Project("{2150E333-8FDC-42A3-9474-1A3956D46DE8}") = "IPP.OrderMgmt.AuditJob", "IPP.OrderMgmt.AuditJob", "{55DE3DA0-2EEE-40BE-BBB1-FDCA2D43BAE7}"
EndProject
Project("{2150E333-8FDC-42A3-9474-1A3956D46DE8}") = "IPP.OrderMgmt.CsReportJob", "IPP.OrderMgmt.CsReportJob", "{C0A4C216-4638-498A-AEF7-868027AC580B}"
EndProject
Project("{FAE04EC0-301F-11D3-BF4B-00C04F79EFBC}") = "IPP.OrderMgmt.CsReportsJob", "IPP.OrderMgmt.CsReportJob\IPP.OrderMgmt.CsReportsJob\IPP.OrderMgmt.CsReportsJob.csproj", "{9228DD25-433E-41B8-A4C0-1025054169CC}"
EndProject
Project("{FAE04EC0-301F-11D3-BF4B-00C04F79EFBC}") = "IPP.OrderMgmt.Host", "IPP.OrderMgmt.CsReportJob\IPP.OrderMgmt.CsReportJob\IPP.OrderMgmt.Host.csproj", "{8EEBC53D-715D-401D-B623-B5D2054D202E}"
EndProject
Project("{2150E333-8FDC-42A3-9474-1A3956D46DE8}") = "IPP.OrderMgmt.GroupBuyJob", "IPP.OrderMgmt.GroupBuyJob", "{4C7A5360-8930-491B-962C-2E30BDAE4927}"
EndProject
Project("{FAE04EC0-301F-11D3-BF4B-00C04F79EFBC}") = "IPP.OrderMgmt.JobV31", "IPP.OrderMgmt.GroupBuyJob\IPP.OrderMgmt.JobV31\IPP.OrderMgmt.JobV31.csproj", "{BA1FFC62-C29A-4EB0-8286-402DC21B55B0}"
EndProject
Project("{FAE04EC0-301F-11D3-BF4B-00C04F79EFBC}") = "IPP.OrderMgmt.JobHost", "IPP.OrderMgmt.GroupBuyJob\IPP.OrderMgmt.JobHost\IPP.OrderMgmt.JobHost.csproj", "{156F9D66-AC75-4E23-B967-367DF55F56F9}"
EndProject
Project("{2150E333-8FDC-42A3-9474-1A3956D46DE8}") = "IPP.OrderMgmt.3Job", "IPP.OrderMgmt.3Job", "{FC9FB10F-050A-4770-9929-6F9EB27CE39D}"
EndProject
Project("{FAE04EC0-301F-11D3-BF4B-00C04F79EFBC}") = "IPP.OrderMgmt.Job.Biz", "IPP.OrderMgmt.3Job\IPP.OrderMgmt.Job.Biz\IPP.OrderMgmt.Job.Biz.csproj", "{D626B211-2AC4-44BF-8335-32EC9EEFE74C}"
EndProject
Project("{FAE04EC0-301F-11D3-BF4B-00C04F79EFBC}") = "IPP.OrderMgmt.Job.Host", "IPP.OrderMgmt.3Job\IPP.OrderMgmt.Job.Host\IPP.OrderMgmt.Job.Host.csproj", "{295815CE-59DE-4EFC-ABFC-ECCCD9C2576A}"
EndProject
Project("{2150E333-8FDC-42A3-9474-1A3956D46DE8}") = "IPP.OrderMgmt.SendAlarmMailJob", "IPP.OrderMgmt.SendAlarmMailJob", "{3E460E4B-D6CA-4683-83CD-7CBAA83BDB20}"
EndProject
Project("{FAE04EC0-301F-11D3-BF4B-00C04F79EFBC}") = "OrderMgmt.JobV31", "IPP.OrderMgmt.SendAlarmMailJob\IPP.OrderMgmt.JobV31\OrderMgmt.JobV31.csproj", "{00085488-E382-40D5-88D1-A0B3C269D000}"
EndProject
Project("{FAE04EC0-301F-11D3-BF4B-00C04F79EFBC}") = "OrderMgmt.JobHost", "IPP.OrderMgmt.SendAlarmMailJob\IPP.OrderMgmt.JobHost\OrderMgmt.JobHost.csproj", "{9D2295BA-1414-4523-89F1-DF031E495584}"
EndProject
Project("{2150E333-8FDC-42A3-9474-1A3956D46DE8}") = "IPP.OrderMgmt.ERPOrderStatus", "IPP.OrderMgmt.ERPOrderStatus", "{7CAF8CF2-8091-4F0F-935C-69E7EDF0C9E3}"
EndProject
Project("{FAE04EC0-301F-11D3-BF4B-00C04F79EFBC}") = "IPP.OrderMgmt.ERPOrderStatus", "IPP.OrderMgmt.ERPOrderStatus\IPP.OrderMgmt.ERPOrderStatus.csproj", "{DEFF466E-746B-4EDA-8B6D-20B9885769CB}"
EndProject
Project("{FAE04EC0-301F-11D3-BF4B-00C04F79EFBC}") = "ECCentral.Service.Utility", "..\..\03_Service\Utility\ECCentral.Service.Utility.csproj", "{BA6ACB9D-7DBE-45C5-9A23-AF3006F4CFF9}"
EndProject
Project("{FAE04EC0-301F-11D3-BF4B-00C04F79EFBC}") = "ECCentral.Service.Utility.DataAccess", "..\..\03_Service\Utility.DataAccess\ECCentral.Service.Utility.DataAccess.csproj", "{11692895-174A-4F29-9310-B714C7794B8D}"
EndProject
Project("{2150E333-8FDC-42A3-9474-1A3956D46DE8}") = "SyncSoStatusToWMS", "SyncSoStatusToWMS", "{63544212-16B0-45F5-851A-540CBCAD132A}"
EndProject
Project("{FAE04EC0-301F-11D3-BF4B-00C04F79EFBC}") = "IPP.OrderMgmt.SyncSoStatusToWMSHost", "IPP.OrderMgmt.SyncSoStatusToWMS\IPP.OrderMgmt.SyncSoStatusToWMSHost\IPP.OrderMgmt.SyncSoStatusToWMSHost.csproj", "{2B9E12B7-9F71-49E5-9A35-D1C2AB00E290}"
EndProject
Project("{FAE04EC0-301F-11D3-BF4B-00C04F79EFBC}") = "IPP.OrderMgmt.SyncSoStatusToWMS", "IPP.OrderMgmt.SyncSoStatusToWMS\IPP.OrderMgmt.SyncSoStatusToWMS\IPP.OrderMgmt.SyncSoStatusToWMS.csproj", "{FCAB61D8-5A7F-4ABF-A613-30EBD93B7E81}"
EndProject
Project("{2150E333-8FDC-42A3-9474-1A3956D46DE8}") = "IPP.OrderMgmt.SendSOPayToEPortJob", "IPP.OrderMgmt.SendSOPayToEPortJob", "{79025FDD-222B-4A60-82AA-9585095FC0A8}"
EndProject
Project("{FAE04EC0-301F-11D3-BF4B-00C04F79EFBC}") = "IPP.OrderMgmt.SendSOPayToEPortJobHost", "IPP.OrderMgmt.SendSOPayToEPortJobHost\IPP.OrderMgmt.SendSOPayToEPortJobHost.csproj", "{F0B6F3B8-4899-4482-9A37-8A622B92A046}"
EndProject
Project("{FAE04EC0-301F-11D3-BF4B-00C04F79EFBC}") = "SendSOPayToEPortJob", "IPP.OrderMgmt.SendSOPayToEPortJob\SendSOPayToEPortJob.csproj", "{114739C8-FF40-4981-80BD-9733EE34680E}"
EndProject
Project("{2150E333-8FDC-42A3-9474-1A3956D46DE8}") = "IPP.OrderMgmt.GetEPortSOJob", "IPP.OrderMgmt.GetEPortSOJob", "{7288A0E5-042E-48AD-ADDF-8AA717645995}"
EndProject
Project("{FAE04EC0-301F-11D3-BF4B-00C04F79EFBC}") = "GetEPortSOJobHost", "GetEPortSOJobHost\GetEPortSOJobHost.csproj", "{86A9CC78-47FC-474E-B428-15DE9A0FB83F}"
EndProject
Project("{FAE04EC0-301F-11D3-BF4B-00C04F79EFBC}") = "GetEPortSOJob", "GetEPortSOJob\GetEPortSOJob.csproj", "{80AA35A8-3E47-496D-AE5A-483EB3492663}"
EndProject
Global
	GlobalSection(TeamFoundationVersionControl) = preSolution
		SccNumberOfProjects = 23
		SccEnterpriseProvider = {4CA58AB2-18FA-4F8D-95D4-32DDF27D184C}
		SccTeamFoundationServer = http://ssso03:8080/tfs/ec_2014
		SccLocalPath0 = .
		SccProjectUniqueName1 = ..\\Utility\\ECCentral.Job.Utility.csproj
		SccProjectTopLevelParentUniqueName1 = IPP.OrderMgmt.Job.sln
		SccProjectName1 = ../Utility
		SccLocalPath1 = ..\\Utility
		SccProjectUniqueName2 = IPP.OrderMgmt.AuditJob\\IPP.OrderMgmt.JobV31\\IPP.OrderMgmt.JobV31.csproj
		SccProjectTopLevelParentUniqueName2 = IPP.OrderMgmt.Job.sln
		SccProjectName2 = IPP.OrderMgmt.AuditJob/IPP.OrderMgmt.JobV31
		SccLocalPath2 = IPP.OrderMgmt.AuditJob\\IPP.OrderMgmt.JobV31
		SccProjectUniqueName3 = ..\\..\\03_Service\\BizEntity.Enum\\ECCentral.BizEntity.Enum.csproj
		SccProjectTopLevelParentUniqueName3 = IPP.OrderMgmt.Job.sln
		SccProjectName3 = ../../03_Service/BizEntity.Enum
		SccLocalPath3 = ..\\..\\03_Service\\BizEntity.Enum
		SccProjectUniqueName4 = ..\\..\\03_Service\\BizEntity\\ECCentral.BizEntity.csproj
		SccProjectTopLevelParentUniqueName4 = IPP.OrderMgmt.Job.sln
		SccProjectName4 = ../../03_Service/BizEntity
		SccLocalPath4 = ..\\..\\03_Service\\BizEntity
		SccProjectUniqueName5 = IPP.OrderMgmt.GroupBuyJob\\IPP.OrderMgmt.JobV31\\IPP.OrderMgmt.JobV31.csproj
		SccProjectTopLevelParentUniqueName5 = IPP.OrderMgmt.Job.sln
		SccProjectName5 = IPP.OrderMgmt.GroupBuyJob/IPP.OrderMgmt.JobV31
		SccLocalPath5 = IPP.OrderMgmt.GroupBuyJob\\IPP.OrderMgmt.JobV31
		SccProjectUniqueName6 = IPP.OrderMgmt.CsReportJob\\IPP.OrderMgmt.CsReportsJob\\IPP.OrderMgmt.CsReportsJob.csproj
		SccProjectTopLevelParentUniqueName6 = IPP.OrderMgmt.Job.sln
		SccProjectName6 = IPP.OrderMgmt.CsReportJob/IPP.OrderMgmt.CsReportsJob
		SccLocalPath6 = IPP.OrderMgmt.CsReportJob\\IPP.OrderMgmt.CsReportsJob
		SccProjectUniqueName7 = IPP.OrderMgmt.CsReportJob\\IPP.OrderMgmt.CsReportJob\\IPP.OrderMgmt.Host.csproj
		SccProjectTopLevelParentUniqueName7 = IPP.OrderMgmt.Job.sln
		SccProjectName7 = IPP.OrderMgmt.CsReportJob/IPP.OrderMgmt.CsReportJob
		SccLocalPath7 = IPP.OrderMgmt.CsReportJob\\IPP.OrderMgmt.CsReportJob
		SccProjectUniqueName8 = IPP.OrderMgmt.3Job\\IPP.OrderMgmt.Job.Biz\\IPP.OrderMgmt.Job.Biz.csproj
		SccProjectTopLevelParentUniqueName8 = IPP.OrderMgmt.Job.sln
		SccProjectName8 = IPP.OrderMgmt.3Job/IPP.OrderMgmt.Job.Biz
		SccLocalPath8 = IPP.OrderMgmt.3Job\\IPP.OrderMgmt.Job.Biz
		SccProjectUniqueName9 = IPP.OrderMgmt.3Job\\IPP.OrderMgmt.Job.Host\\IPP.OrderMgmt.Job.Host.csproj
		SccProjectTopLevelParentUniqueName9 = IPP.OrderMgmt.Job.sln
		SccProjectName9 = IPP.OrderMgmt.3Job/IPP.OrderMgmt.Job.Host
		SccLocalPath9 = IPP.OrderMgmt.3Job\\IPP.OrderMgmt.Job.Host
		SccProjectUniqueName10 = IPP.OrderMgmt.AuditJob\\IPP.OrderMgmt.JobHost\\IPP.OrderMgmt.JobHost.csproj
		SccProjectTopLevelParentUniqueName10 = IPP.OrderMgmt.Job.sln
		SccProjectName10 = IPP.OrderMgmt.AuditJob/IPP.OrderMgmt.JobHost
		SccLocalPath10 = IPP.OrderMgmt.AuditJob\\IPP.OrderMgmt.JobHost
		SccProjectUniqueName11 = IPP.OrderMgmt.GroupBuyJob\\IPP.OrderMgmt.JobHost\\IPP.OrderMgmt.JobHost.csproj
		SccProjectTopLevelParentUniqueName11 = IPP.OrderMgmt.Job.sln
		SccProjectName11 = IPP.OrderMgmt.GroupBuyJob/IPP.OrderMgmt.JobHost
		SccLocalPath11 = IPP.OrderMgmt.GroupBuyJob\\IPP.OrderMgmt.JobHost
		SccProjectUniqueName12 = IPP.OrderMgmt.SendAlarmMailJob\\IPP.OrderMgmt.JobV31\\OrderMgmt.JobV31.csproj
		SccProjectTopLevelParentUniqueName12 = IPP.OrderMgmt.Job.sln
		SccProjectName12 = IPP.OrderMgmt.SendAlarmMailJob/IPP.OrderMgmt.JobV31
		SccLocalPath12 = IPP.OrderMgmt.SendAlarmMailJob\\IPP.OrderMgmt.JobV31
		SccProjectUniqueName13 = IPP.OrderMgmt.SendAlarmMailJob\\IPP.OrderMgmt.JobHost\\OrderMgmt.JobHost.csproj
		SccProjectTopLevelParentUniqueName13 = IPP.OrderMgmt.Job.sln
		SccProjectName13 = IPP.OrderMgmt.SendAlarmMailJob/IPP.OrderMgmt.JobHost
		SccLocalPath13 = IPP.OrderMgmt.SendAlarmMailJob\\IPP.OrderMgmt.JobHost
		SccProjectUniqueName14 = IPP.OrderMgmt.ERPOrderStatus\\IPP.OrderMgmt.ERPOrderStatus.csproj
		SccProjectTopLevelParentUniqueName14 = IPP.OrderMgmt.Job.sln
		SccProjectName14 = IPP.OrderMgmt.ERPOrderStatus
		SccLocalPath14 = IPP.OrderMgmt.ERPOrderStatus
		SccProjectUniqueName15 = ..\\..\\03_Service\\Utility\\ECCentral.Service.Utility.csproj
		SccProjectTopLevelParentUniqueName15 = IPP.OrderMgmt.Job.sln
		SccProjectName15 = ../../03_Service/Utility
		SccLocalPath15 = ..\\..\\03_Service\\Utility
		SccProjectUniqueName16 = ..\\..\\03_Service\\Utility.DataAccess\\ECCentral.Service.Utility.DataAccess.csproj
		SccProjectTopLevelParentUniqueName16 = IPP.OrderMgmt.Job.sln
		SccProjectName16 = ../../03_Service/Utility.DataAccess
		SccLocalPath16 = ..\\..\\03_Service\\Utility.DataAccess
		SccProjectUniqueName17 = IPP.OrderMgmt.SyncSoStatusToWMS\\IPP.OrderMgmt.SyncSoStatusToWMS\\IPP.OrderMgmt.SyncSoStatusToWMS.csproj
		SccProjectTopLevelParentUniqueName17 = IPP.OrderMgmt.Job.sln
		SccProjectName17 = IPP.OrderMgmt.SyncSoStatusToWMS/IPP.OrderMgmt.SyncSoStatusToWMS
		SccLocalPath17 = IPP.OrderMgmt.SyncSoStatusToWMS\\IPP.OrderMgmt.SyncSoStatusToWMS
		SccProjectUniqueName18 = IPP.OrderMgmt.SyncSoStatusToWMS\\IPP.OrderMgmt.SyncSoStatusToWMSHost\\IPP.OrderMgmt.SyncSoStatusToWMSHost.csproj
		SccProjectTopLevelParentUniqueName18 = IPP.OrderMgmt.Job.sln
		SccProjectName18 = IPP.OrderMgmt.SyncSoStatusToWMS/IPP.OrderMgmt.SyncSoStatusToWMSHost
		SccLocalPath18 = IPP.OrderMgmt.SyncSoStatusToWMS\\IPP.OrderMgmt.SyncSoStatusToWMSHost
		SccProjectUniqueName19 = IPP.OrderMgmt.SendSOPayToEPortJobHost\\IPP.OrderMgmt.SendSOPayToEPortJobHost.csproj
		SccProjectTopLevelParentUniqueName19 = IPP.OrderMgmt.Job.sln
		SccProjectName19 = IPP.OrderMgmt.SendSOPayToEPortJobHost
		SccLocalPath19 = IPP.OrderMgmt.SendSOPayToEPortJobHost
		SccProjectUniqueName20 = IPP.OrderMgmt.SendSOPayToEPortJob\\SendSOPayToEPortJob.csproj
		SccProjectTopLevelParentUniqueName20 = IPP.OrderMgmt.Job.sln
		SccProjectName20 = IPP.OrderMgmt.SendSOPayToEPortJob
		SccLocalPath20 = IPP.OrderMgmt.SendSOPayToEPortJob
		SccProjectUniqueName21 = GetEPortSOJobHost\\GetEPortSOJobHost.csproj
		SccProjectTopLevelParentUniqueName21 = IPP.OrderMgmt.Job.sln
		SccProjectName21 = GetEPortSOJobHost
		SccLocalPath21 = GetEPortSOJobHost
		SccProjectUniqueName22 = GetEPortSOJob\\GetEPortSOJob.csproj
		SccProjectTopLevelParentUniqueName22 = IPP.OrderMgmt.Job.sln
		SccProjectName22 = GetEPortSOJob
		SccLocalPath22 = GetEPortSOJob
	EndGlobalSection
	GlobalSection(SolutionConfigurationPlatforms) = preSolution
		Debug|Any CPU = Debug|Any CPU
		Release|Any CPU = Release|Any CPU
	EndGlobalSection
	GlobalSection(ProjectConfigurationPlatforms) = postSolution
		{E246487E-AE2B-4D5E-85DD-03CB6C380A7B}.Debug|Any CPU.ActiveCfg = Debug|Any CPU
		{E246487E-AE2B-4D5E-85DD-03CB6C380A7B}.Debug|Any CPU.Build.0 = Debug|Any CPU
		{E246487E-AE2B-4D5E-85DD-03CB6C380A7B}.Release|Any CPU.ActiveCfg = Release|Any CPU
		{E246487E-AE2B-4D5E-85DD-03CB6C380A7B}.Release|Any CPU.Build.0 = Release|Any CPU
		{8C835DDA-4E97-4A18-A281-4BEEFA0A8D35}.Debug|Any CPU.ActiveCfg = Debug|Any CPU
		{8C835DDA-4E97-4A18-A281-4BEEFA0A8D35}.Debug|Any CPU.Build.0 = Debug|Any CPU
		{8C835DDA-4E97-4A18-A281-4BEEFA0A8D35}.Release|Any CPU.ActiveCfg = Release|Any CPU
		{8C835DDA-4E97-4A18-A281-4BEEFA0A8D35}.Release|Any CPU.Build.0 = Release|Any CPU
		{5E7756C1-A9C4-4B5F-AF6B-B2EAFC4F0BBE}.Debug|Any CPU.ActiveCfg = Debug|Any CPU
		{5E7756C1-A9C4-4B5F-AF6B-B2EAFC4F0BBE}.Debug|Any CPU.Build.0 = Debug|Any CPU
		{5E7756C1-A9C4-4B5F-AF6B-B2EAFC4F0BBE}.Release|Any CPU.ActiveCfg = Release|Any CPU
		{5E7756C1-A9C4-4B5F-AF6B-B2EAFC4F0BBE}.Release|Any CPU.Build.0 = Release|Any CPU
		{F35260AC-7270-44D5-90E2-7319F44A7B3B}.Debug|Any CPU.ActiveCfg = Debug|Any CPU
		{F35260AC-7270-44D5-90E2-7319F44A7B3B}.Debug|Any CPU.Build.0 = Debug|Any CPU
		{F35260AC-7270-44D5-90E2-7319F44A7B3B}.Release|Any CPU.ActiveCfg = Release|Any CPU
		{F35260AC-7270-44D5-90E2-7319F44A7B3B}.Release|Any CPU.Build.0 = Release|Any CPU
		{5BA0894F-168B-49C0-B476-3D1CF5C193F2}.Debug|Any CPU.ActiveCfg = Debug|Any CPU
		{5BA0894F-168B-49C0-B476-3D1CF5C193F2}.Debug|Any CPU.Build.0 = Debug|Any CPU
		{5BA0894F-168B-49C0-B476-3D1CF5C193F2}.Release|Any CPU.ActiveCfg = Release|Any CPU
		{5BA0894F-168B-49C0-B476-3D1CF5C193F2}.Release|Any CPU.Build.0 = Release|Any CPU
		{9228DD25-433E-41B8-A4C0-1025054169CC}.Debug|Any CPU.ActiveCfg = Debug|Any CPU
		{9228DD25-433E-41B8-A4C0-1025054169CC}.Debug|Any CPU.Build.0 = Debug|Any CPU
		{9228DD25-433E-41B8-A4C0-1025054169CC}.Release|Any CPU.ActiveCfg = Release|Any CPU
		{9228DD25-433E-41B8-A4C0-1025054169CC}.Release|Any CPU.Build.0 = Release|Any CPU
		{8EEBC53D-715D-401D-B623-B5D2054D202E}.Debug|Any CPU.ActiveCfg = Debug|Any CPU
		{8EEBC53D-715D-401D-B623-B5D2054D202E}.Debug|Any CPU.Build.0 = Debug|Any CPU
		{8EEBC53D-715D-401D-B623-B5D2054D202E}.Release|Any CPU.ActiveCfg = Release|Any CPU
		{8EEBC53D-715D-401D-B623-B5D2054D202E}.Release|Any CPU.Build.0 = Release|Any CPU
		{BA1FFC62-C29A-4EB0-8286-402DC21B55B0}.Debug|Any CPU.ActiveCfg = Debug|Any CPU
		{BA1FFC62-C29A-4EB0-8286-402DC21B55B0}.Debug|Any CPU.Build.0 = Debug|Any CPU
		{BA1FFC62-C29A-4EB0-8286-402DC21B55B0}.Release|Any CPU.ActiveCfg = Release|Any CPU
		{BA1FFC62-C29A-4EB0-8286-402DC21B55B0}.Release|Any CPU.Build.0 = Release|Any CPU
		{156F9D66-AC75-4E23-B967-367DF55F56F9}.Debug|Any CPU.ActiveCfg = Debug|Any CPU
		{156F9D66-AC75-4E23-B967-367DF55F56F9}.Debug|Any CPU.Build.0 = Debug|Any CPU
		{156F9D66-AC75-4E23-B967-367DF55F56F9}.Release|Any CPU.ActiveCfg = Release|Any CPU
		{156F9D66-AC75-4E23-B967-367DF55F56F9}.Release|Any CPU.Build.0 = Release|Any CPU
		{D626B211-2AC4-44BF-8335-32EC9EEFE74C}.Debug|Any CPU.ActiveCfg = Debug|Any CPU
		{D626B211-2AC4-44BF-8335-32EC9EEFE74C}.Debug|Any CPU.Build.0 = Debug|Any CPU
		{D626B211-2AC4-44BF-8335-32EC9EEFE74C}.Release|Any CPU.ActiveCfg = Release|Any CPU
		{D626B211-2AC4-44BF-8335-32EC9EEFE74C}.Release|Any CPU.Build.0 = Release|Any CPU
		{295815CE-59DE-4EFC-ABFC-ECCCD9C2576A}.Debug|Any CPU.ActiveCfg = Debug|Any CPU
		{295815CE-59DE-4EFC-ABFC-ECCCD9C2576A}.Debug|Any CPU.Build.0 = Debug|Any CPU
		{295815CE-59DE-4EFC-ABFC-ECCCD9C2576A}.Release|Any CPU.ActiveCfg = Release|Any CPU
		{295815CE-59DE-4EFC-ABFC-ECCCD9C2576A}.Release|Any CPU.Build.0 = Release|Any CPU
		{00085488-E382-40D5-88D1-A0B3C269D000}.Debug|Any CPU.ActiveCfg = Debug|Any CPU
		{00085488-E382-40D5-88D1-A0B3C269D000}.Debug|Any CPU.Build.0 = Debug|Any CPU
		{00085488-E382-40D5-88D1-A0B3C269D000}.Release|Any CPU.ActiveCfg = Release|Any CPU
		{00085488-E382-40D5-88D1-A0B3C269D000}.Release|Any CPU.Build.0 = Release|Any CPU
		{9D2295BA-1414-4523-89F1-DF031E495584}.Debug|Any CPU.ActiveCfg = Debug|Any CPU
		{9D2295BA-1414-4523-89F1-DF031E495584}.Debug|Any CPU.Build.0 = Debug|Any CPU
		{9D2295BA-1414-4523-89F1-DF031E495584}.Release|Any CPU.ActiveCfg = Release|Any CPU
		{9D2295BA-1414-4523-89F1-DF031E495584}.Release|Any CPU.Build.0 = Release|Any CPU
		{DEFF466E-746B-4EDA-8B6D-20B9885769CB}.Debug|Any CPU.ActiveCfg = Debug|Any CPU
		{DEFF466E-746B-4EDA-8B6D-20B9885769CB}.Debug|Any CPU.Build.0 = Debug|Any CPU
		{DEFF466E-746B-4EDA-8B6D-20B9885769CB}.Release|Any CPU.ActiveCfg = Release|Any CPU
		{DEFF466E-746B-4EDA-8B6D-20B9885769CB}.Release|Any CPU.Build.0 = Release|Any CPU
		{BA6ACB9D-7DBE-45C5-9A23-AF3006F4CFF9}.Debug|Any CPU.ActiveCfg = Debug|Any CPU
		{BA6ACB9D-7DBE-45C5-9A23-AF3006F4CFF9}.Debug|Any CPU.Build.0 = Debug|Any CPU
		{BA6ACB9D-7DBE-45C5-9A23-AF3006F4CFF9}.Release|Any CPU.ActiveCfg = Release|Any CPU
		{BA6ACB9D-7DBE-45C5-9A23-AF3006F4CFF9}.Release|Any CPU.Build.0 = Release|Any CPU
		{11692895-174A-4F29-9310-B714C7794B8D}.Debug|Any CPU.ActiveCfg = Debug|Any CPU
		{11692895-174A-4F29-9310-B714C7794B8D}.Debug|Any CPU.Build.0 = Debug|Any CPU
		{11692895-174A-4F29-9310-B714C7794B8D}.Release|Any CPU.ActiveCfg = Release|Any CPU
		{11692895-174A-4F29-9310-B714C7794B8D}.Release|Any CPU.Build.0 = Release|Any CPU
		{2B9E12B7-9F71-49E5-9A35-D1C2AB00E290}.Debug|Any CPU.ActiveCfg = Debug|Any CPU
		{2B9E12B7-9F71-49E5-9A35-D1C2AB00E290}.Debug|Any CPU.Build.0 = Debug|Any CPU
		{2B9E12B7-9F71-49E5-9A35-D1C2AB00E290}.Release|Any CPU.ActiveCfg = Release|Any CPU
		{2B9E12B7-9F71-49E5-9A35-D1C2AB00E290}.Release|Any CPU.Build.0 = Release|Any CPU
		{FCAB61D8-5A7F-4ABF-A613-30EBD93B7E81}.Debug|Any CPU.ActiveCfg = Debug|Any CPU
		{FCAB61D8-5A7F-4ABF-A613-30EBD93B7E81}.Debug|Any CPU.Build.0 = Debug|Any CPU
		{FCAB61D8-5A7F-4ABF-A613-30EBD93B7E81}.Release|Any CPU.ActiveCfg = Release|Any CPU
		{FCAB61D8-5A7F-4ABF-A613-30EBD93B7E81}.Release|Any CPU.Build.0 = Release|Any CPU
		{F0B6F3B8-4899-4482-9A37-8A622B92A046}.Debug|Any CPU.ActiveCfg = Debug|Any CPU
		{F0B6F3B8-4899-4482-9A37-8A622B92A046}.Debug|Any CPU.Build.0 = Debug|Any CPU
		{F0B6F3B8-4899-4482-9A37-8A622B92A046}.Release|Any CPU.ActiveCfg = Release|Any CPU
		{F0B6F3B8-4899-4482-9A37-8A622B92A046}.Release|Any CPU.Build.0 = Release|Any CPU
		{114739C8-FF40-4981-80BD-9733EE34680E}.Debug|Any CPU.ActiveCfg = Debug|Any CPU
		{114739C8-FF40-4981-80BD-9733EE34680E}.Debug|Any CPU.Build.0 = Debug|Any CPU
		{114739C8-FF40-4981-80BD-9733EE34680E}.Release|Any CPU.ActiveCfg = Release|Any CPU
		{114739C8-FF40-4981-80BD-9733EE34680E}.Release|Any CPU.Build.0 = Release|Any CPU
		{86A9CC78-47FC-474E-B428-15DE9A0FB83F}.Debug|Any CPU.ActiveCfg = Debug|Any CPU
		{86A9CC78-47FC-474E-B428-15DE9A0FB83F}.Debug|Any CPU.Build.0 = Debug|Any CPU
		{86A9CC78-47FC-474E-B428-15DE9A0FB83F}.Release|Any CPU.ActiveCfg = Release|Any CPU
		{86A9CC78-47FC-474E-B428-15DE9A0FB83F}.Release|Any CPU.Build.0 = Release|Any CPU
		{80AA35A8-3E47-496D-AE5A-483EB3492663}.Debug|Any CPU.ActiveCfg = Debug|Any CPU
		{80AA35A8-3E47-496D-AE5A-483EB3492663}.Debug|Any CPU.Build.0 = Debug|Any CPU
		{80AA35A8-3E47-496D-AE5A-483EB3492663}.Release|Any CPU.ActiveCfg = Release|Any CPU
		{80AA35A8-3E47-496D-AE5A-483EB3492663}.Release|Any CPU.Build.0 = Release|Any CPU
	EndGlobalSection
	GlobalSection(SolutionProperties) = preSolution
		HideSolutionNode = FALSE
	EndGlobalSection
	GlobalSection(NestedProjects) = preSolution
		{8C835DDA-4E97-4A18-A281-4BEEFA0A8D35} = {55DE3DA0-2EEE-40BE-BBB1-FDCA2D43BAE7}
		{E246487E-AE2B-4D5E-85DD-03CB6C380A7B} = {55DE3DA0-2EEE-40BE-BBB1-FDCA2D43BAE7}
		{5E7756C1-A9C4-4B5F-AF6B-B2EAFC4F0BBE} = {57A87E7E-7029-4E4B-B87B-1F157673B607}
		{F35260AC-7270-44D5-90E2-7319F44A7B3B} = {57A87E7E-7029-4E4B-B87B-1F157673B607}
		{5BA0894F-168B-49C0-B476-3D1CF5C193F2} = {57A87E7E-7029-4E4B-B87B-1F157673B607}
		{BA6ACB9D-7DBE-45C5-9A23-AF3006F4CFF9} = {57A87E7E-7029-4E4B-B87B-1F157673B607}
		{11692895-174A-4F29-9310-B714C7794B8D} = {57A87E7E-7029-4E4B-B87B-1F157673B607}
		{9228DD25-433E-41B8-A4C0-1025054169CC} = {C0A4C216-4638-498A-AEF7-868027AC580B}
		{8EEBC53D-715D-401D-B623-B5D2054D202E} = {C0A4C216-4638-498A-AEF7-868027AC580B}
		{BA1FFC62-C29A-4EB0-8286-402DC21B55B0} = {4C7A5360-8930-491B-962C-2E30BDAE4927}
		{156F9D66-AC75-4E23-B967-367DF55F56F9} = {4C7A5360-8930-491B-962C-2E30BDAE4927}
		{D626B211-2AC4-44BF-8335-32EC9EEFE74C} = {FC9FB10F-050A-4770-9929-6F9EB27CE39D}
		{295815CE-59DE-4EFC-ABFC-ECCCD9C2576A} = {FC9FB10F-050A-4770-9929-6F9EB27CE39D}
		{00085488-E382-40D5-88D1-A0B3C269D000} = {3E460E4B-D6CA-4683-83CD-7CBAA83BDB20}
		{9D2295BA-1414-4523-89F1-DF031E495584} = {3E460E4B-D6CA-4683-83CD-7CBAA83BDB20}
		{DEFF466E-746B-4EDA-8B6D-20B9885769CB} = {7CAF8CF2-8091-4F0F-935C-69E7EDF0C9E3}
		{2B9E12B7-9F71-49E5-9A35-D1C2AB00E290} = {63544212-16B0-45F5-851A-540CBCAD132A}
		{FCAB61D8-5A7F-4ABF-A613-30EBD93B7E81} = {63544212-16B0-45F5-851A-540CBCAD132A}
		{F0B6F3B8-4899-4482-9A37-8A622B92A046} = {79025FDD-222B-4A60-82AA-9585095FC0A8}
		{114739C8-FF40-4981-80BD-9733EE34680E} = {79025FDD-222B-4A60-82AA-9585095FC0A8}
		{86A9CC78-47FC-474E-B428-15DE9A0FB83F} = {7288A0E5-042E-48AD-ADDF-8AA717645995}
		{80AA35A8-3E47-496D-AE5A-483EB3492663} = {7288A0E5-042E-48AD-ADDF-8AA717645995}
	EndGlobalSection
EndGlobal
