
Microsoft Visual Studio Solution File, Format Version 10.00
# Visual Studio 2008
Project("{FAE04EC0-301F-11D3-BF4B-00C04F79EFBC}") = "IPP.InventoryMgmt.JobV31", "IPP.InventoryMgmt.Jobv31\IPP.InventoryMgmt.JobV31.csproj", "{496CB1DE-7582-4A20-8EDA-9E04B8CDE397}"
EndProject
Project("{FAE04EC0-301F-11D3-BF4B-00C04F79EFBC}") = "IPP.InventoryMgmt.JobHost", "IPP.InventoryMgmt.JobHost\IPP.InventoryMgmt.JobHost.csproj", "{BBFEA58F-6BA0-41DD-8EF2-82A532873854}"
EndProject
Global
	GlobalSection(TeamFoundationVersionControl) = preSolution
		SccNumberOfProjects = 3
		SccEnterpriseProvider = {4CA58AB2-18FA-4F8D-95D4-32DDF27D184C}
		SccTeamFoundationServer = http://ssmistfs01:8080/tfs
		SccLocalPath0 = .
		SccProjectUniqueName1 = IPP.InventoryMgmt.Jobv31\\IPP.InventoryMgmt.JobV31.csproj
		SccProjectName1 = IPP.InventoryMgmt.Jobv31
		SccLocalPath1 = IPP.InventoryMgmt.Jobv31
		SccProjectUniqueName2 = IPP.InventoryMgmt.JobHost\\IPP.InventoryMgmt.JobHost.csproj
		SccProjectName2 = IPP.InventoryMgmt.JobHost
		SccLocalPath2 = IPP.InventoryMgmt.JobHost
	EndGlobalSection
	GlobalSection(SolutionConfigurationPlatforms) = preSolution
		Debug|Any CPU = Debug|Any CPU
		Release|Any CPU = Release|Any CPU
	EndGlobalSection
	GlobalSection(ProjectConfigurationPlatforms) = postSolution
		{496CB1DE-7582-4A20-8EDA-9E04B8CDE397}.Debug|Any CPU.ActiveCfg = Debug|Any CPU
		{496CB1DE-7582-4A20-8EDA-9E04B8CDE397}.Debug|Any CPU.Build.0 = Debug|Any CPU
		{496CB1DE-7582-4A20-8EDA-9E04B8CDE397}.Release|Any CPU.ActiveCfg = Release|Any CPU
		{496CB1DE-7582-4A20-8EDA-9E04B8CDE397}.Release|Any CPU.Build.0 = Release|Any CPU
		{BBFEA58F-6BA0-41DD-8EF2-82A532873854}.Debug|Any CPU.ActiveCfg = Debug|Any CPU
		{BBFEA58F-6BA0-41DD-8EF2-82A532873854}.Debug|Any CPU.Build.0 = Debug|Any CPU
		{BBFEA58F-6BA0-41DD-8EF2-82A532873854}.Release|Any CPU.ActiveCfg = Release|Any CPU
		{BBFEA58F-6BA0-41DD-8EF2-82A532873854}.Release|Any CPU.Build.0 = Release|Any CPU
	EndGlobalSection
	GlobalSection(SolutionProperties) = preSolution
		HideSolutionNode = FALSE
	EndGlobalSection
EndGlobal
