
Microsoft Visual Studio Solution File, Format Version 12.00
# Visual Studio 2012
Project("{2150E333-8FDC-42A3-9474-1A3956D46DE8}") = "Controls", "Controls", "{B389AEB4-94BC-416D-93A3-F941AF790C67}"
EndProject
Project("{2150E333-8FDC-42A3-9474-1A3956D46DE8}") = "Core", "Core", "{24B03DEC-59CB-4E03-A188-D5046DD30B1F}"
EndProject
Project("{2150E333-8FDC-42A3-9474-1A3956D46DE8}") = "Themes", "Themes", "{B4071712-35CC-4612-8D02-4ECB89886685}"
EndProject
Project("{2150E333-8FDC-42A3-9474-1A3956D46DE8}") = "FileUpload", "FileUpload", "{73BC916B-B6C0-4291-AC28-870E3BCFC986}"
EndProject
Project("{2150E333-8FDC-42A3-9474-1A3956D46DE8}") = "Domain", "Domain", "{AA180726-9694-404C-A53E-00D1F2C9B14C}"
EndProject
Project("{FAE04EC0-301F-11D3-BF4B-00C04F79EFBC}") = "ControlPanel.WebHost", "ControlPanel.WebHost\ControlPanel.WebHost.csproj", "{75FF31D6-DEE8-4415-B967-8F7CBBF1532B}"
EndProject
Project("{FAE04EC0-301F-11D3-BF4B-00C04F79EFBC}") = "ControlPanel.Service", "ControlPanel.Service\ControlPanel.Service.csproj", "{6587298C-F667-467C-8646-2C201E96FE85}"
EndProject
Project("{FAE04EC0-301F-11D3-BF4B-00C04F79EFBC}") = "Silverlight.Controls", "Controls\Silverlight.Controls\Silverlight.Controls.csproj", "{34AE6E12-7E41-418A-8479-23C56C1B1917}"
EndProject
Project("{FAE04EC0-301F-11D3-BF4B-00C04F79EFBC}") = "ControlPanel.Silverlight.Core", "Core\ControlPanel.Silverlight.Core\ControlPanel.Silverlight.Core.csproj", "{9AB4217C-68AD-447D-A3A2-D6850239D015}"
EndProject
Project("{FAE04EC0-301F-11D3-BF4B-00C04F79EFBC}") = "ControlPanel.Silverlight.Impl", "Core\ControlPanel.Silverlight.Impl\ControlPanel.Silverlight.Impl.csproj", "{D5F87E3B-D183-4DFC-AC14-2879D4F17F50}"
	ProjectSection(ProjectDependencies) = postProject
		{75FF31D6-DEE8-4415-B967-8F7CBBF1532B} = {75FF31D6-DEE8-4415-B967-8F7CBBF1532B}
	EndProjectSection
EndProject
Project("{FAE04EC0-301F-11D3-BF4B-00C04F79EFBC}") = "ControlPanel.Silverlight.Utilities", "Core\ControlPanel.Silverlight.Utilities\ControlPanel.Silverlight.Utilities.csproj", "{4FACE633-0DEA-4D66-9E2D-29D49DE6568A}"
EndProject
Project("{FAE04EC0-301F-11D3-BF4B-00C04F79EFBC}") = "Silverlight.Controls.Theming", "Themes\Silverlight.Controls.Theming\Silverlight.Controls.Theming.csproj", "{91A94957-944A-4DEF-A541-AEAD040612BC}"
EndProject
Project("{FAE04EC0-301F-11D3-BF4B-00C04F79EFBC}") = "Silverlight.FileUploader", "Controls\FileUpload\Silverlight.FileUploader\Silverlight.FileUploader.csproj", "{3FB7E023-9967-4D1E-8AF8-A07DA3A51406}"
EndProject
Project("{FAE04EC0-301F-11D3-BF4B-00C04F79EFBC}") = "Silverlight.GifUtility", "Controls\FileUpload\Silverlight.GifUtility\Silverlight.GifUtility.csproj", "{EEEC39B3-8341-4664-A61C-7698E61FA75C}"
EndProject
Project("{FAE04EC0-301F-11D3-BF4B-00C04F79EFBC}") = "Silverlight.FileUploadHandler", "Controls\FileUpload\Silverlight.FileUploadHandler\Silverlight.FileUploadHandler.csproj", "{925D3A6C-865F-4F9E-93B0-DD5A19267B8C}"
EndProject
Project("{FAE04EC0-301F-11D3-BF4B-00C04F79EFBC}") = "CommonDomain", "Domain\CommonDomain\CommonDomain.csproj", "{F804DF05-B400-4942-8C67-C0008E56DAE8}"
	ProjectSection(ProjectDependencies) = postProject
		{75FF31D6-DEE8-4415-B967-8F7CBBF1532B} = {75FF31D6-DEE8-4415-B967-8F7CBBF1532B}
	EndProjectSection
EndProject
Project("{FAE04EC0-301F-11D3-BF4B-00C04F79EFBC}") = "ControlPanel.Silverlight.Rest", "Core\ControlPanel.Silverlight.Rest\ControlPanel.Silverlight.Rest.csproj", "{E720B212-A0EA-48AA-97B6-63EFD257B855}"
EndProject
Project("{FAE04EC0-301F-11D3-BF4B-00C04F79EFBC}") = "ControlPanel.SilverlightUI", "ControlPanel.SilverlightUI\ControlPanel.SilverlightUI.csproj", "{51D829B2-0E92-45D0-BF0D-026001F53EAD}"
EndProject
Project("{FAE04EC0-301F-11D3-BF4B-00C04F79EFBC}") = "Silverlight.Controls.Data", "Controls\Silverlight.Controls.Data\Silverlight.Controls.Data.csproj", "{701E46C7-7582-4567-95E4-F2353A362001}"
EndProject
Global
	GlobalSection(TeamFoundationVersionControl) = preSolution
		SccNumberOfProjects = 15
		SccEnterpriseProvider = {4CA58AB2-18FA-4F8D-95D4-32DDF27D184C}
		SccTeamFoundationServer = http://10.16.46.142:8080/tfs/ec_2013
		SccLocalPath0 = .
		SccProjectUniqueName1 = ControlPanel.Service\\ControlPanel.Service.csproj
		SccProjectName1 = ControlPanel.Service
		SccLocalPath1 = ControlPanel.Service
		SccProjectUniqueName2 = ControlPanel.SilverlightUI\\ControlPanel.SilverlightUI.csproj
		SccProjectName2 = ControlPanel.SilverlightUI
		SccLocalPath2 = ControlPanel.SilverlightUI
		SccProjectUniqueName3 = ControlPanel.WebHost\\ControlPanel.WebHost.csproj
		SccProjectName3 = ControlPanel.WebHost
		SccLocalPath3 = ControlPanel.WebHost
		SccProjectUniqueName4 = Controls\\FileUpload\\Silverlight.FileUploader\\Silverlight.FileUploader.csproj
		SccProjectTopLevelParentUniqueName4 = SilverlightFramework.sln
		SccProjectName4 = Controls/FileUpload/Silverlight.FileUploader
		SccLocalPath4 = Controls\\FileUpload\\Silverlight.FileUploader
		SccProjectUniqueName5 = Controls\\FileUpload\\Silverlight.FileUploadHandler\\Silverlight.FileUploadHandler.csproj
		SccProjectTopLevelParentUniqueName5 = SilverlightFramework.sln
		SccProjectName5 = Controls/FileUpload/Silverlight.FileUploadHandler
		SccLocalPath5 = Controls\\FileUpload\\Silverlight.FileUploadHandler
		SccProjectUniqueName6 = Controls\\FileUpload\\Silverlight.GifUtility\\Silverlight.GifUtility.csproj
		SccProjectTopLevelParentUniqueName6 = SilverlightFramework.sln
		SccProjectName6 = Controls/FileUpload/Silverlight.GifUtility
		SccLocalPath6 = Controls\\FileUpload\\Silverlight.GifUtility
		SccProjectUniqueName7 = Controls\\Silverlight.Controls.Data\\Silverlight.Controls.Data.csproj
		SccProjectTopLevelParentUniqueName7 = SilverlightFramework.sln
		SccProjectName7 = Controls/Silverlight.Controls.Data
		SccLocalPath7 = Controls\\Silverlight.Controls.Data
		SccProjectUniqueName8 = Controls\\Silverlight.Controls\\Silverlight.Controls.csproj
		SccProjectTopLevelParentUniqueName8 = SilverlightFramework.sln
		SccProjectName8 = Controls/Silverlight.Controls
		SccLocalPath8 = Controls\\Silverlight.Controls
		SccProjectUniqueName9 = Core\\ControlPanel.Silverlight.Core\\ControlPanel.Silverlight.Core.csproj
		SccProjectTopLevelParentUniqueName9 = SilverlightFramework.sln
		SccProjectName9 = Core/ControlPanel.Silverlight.Core
		SccLocalPath9 = Core\\ControlPanel.Silverlight.Core
		SccProjectUniqueName10 = Core\\ControlPanel.Silverlight.Impl\\ControlPanel.Silverlight.Impl.csproj
		SccProjectTopLevelParentUniqueName10 = SilverlightFramework.sln
		SccProjectName10 = Core/ControlPanel.Silverlight.Impl
		SccLocalPath10 = Core\\ControlPanel.Silverlight.Impl
		SccProjectUniqueName11 = Core\\ControlPanel.Silverlight.Rest\\ControlPanel.Silverlight.Rest.csproj
		SccProjectTopLevelParentUniqueName11 = SilverlightFramework.sln
		SccProjectName11 = Core/ControlPanel.Silverlight.Rest
		SccLocalPath11 = Core\\ControlPanel.Silverlight.Rest
		SccProjectUniqueName12 = Core\\ControlPanel.Silverlight.Utilities\\ControlPanel.Silverlight.Utilities.csproj
		SccProjectTopLevelParentUniqueName12 = SilverlightFramework.sln
		SccProjectName12 = Core/ControlPanel.Silverlight.Utilities
		SccLocalPath12 = Core\\ControlPanel.Silverlight.Utilities
		SccProjectUniqueName13 = Domain\\CommonDomain\\CommonDomain.csproj
		SccProjectTopLevelParentUniqueName13 = SilverlightFramework.sln
		SccProjectName13 = Domain/CommonDomain
		SccLocalPath13 = Domain\\CommonDomain
		SccProjectUniqueName14 = Themes\\Silverlight.Controls.Theming\\Silverlight.Controls.Theming.csproj
		SccProjectTopLevelParentUniqueName14 = SilverlightFramework.sln
		SccProjectName14 = Themes/Silverlight.Controls.Theming
		SccLocalPath14 = Themes\\Silverlight.Controls.Theming
	EndGlobalSection
	GlobalSection(SolutionConfigurationPlatforms) = preSolution
		Debug|Any CPU = Debug|Any CPU
		GDEV|Any CPU = GDEV|Any CPU
		Release|Any CPU = Release|Any CPU
		VendorPortal|Any CPU = VendorPortal|Any CPU
	EndGlobalSection
	GlobalSection(ProjectConfigurationPlatforms) = postSolution
		{75FF31D6-DEE8-4415-B967-8F7CBBF1532B}.Debug|Any CPU.ActiveCfg = Debug|Any CPU
		{75FF31D6-DEE8-4415-B967-8F7CBBF1532B}.Debug|Any CPU.Build.0 = Debug|Any CPU
		{75FF31D6-DEE8-4415-B967-8F7CBBF1532B}.GDEV|Any CPU.ActiveCfg = Release|Any CPU
		{75FF31D6-DEE8-4415-B967-8F7CBBF1532B}.GDEV|Any CPU.Build.0 = Release|Any CPU
		{75FF31D6-DEE8-4415-B967-8F7CBBF1532B}.Release|Any CPU.ActiveCfg = Release|Any CPU
		{75FF31D6-DEE8-4415-B967-8F7CBBF1532B}.Release|Any CPU.Build.0 = Release|Any CPU
		{75FF31D6-DEE8-4415-B967-8F7CBBF1532B}.VendorPortal|Any CPU.ActiveCfg = VendorPortal|Any CPU
		{75FF31D6-DEE8-4415-B967-8F7CBBF1532B}.VendorPortal|Any CPU.Build.0 = VendorPortal|Any CPU
		{6587298C-F667-467C-8646-2C201E96FE85}.Debug|Any CPU.ActiveCfg = Debug|Any CPU
		{6587298C-F667-467C-8646-2C201E96FE85}.Debug|Any CPU.Build.0 = Debug|Any CPU
		{6587298C-F667-467C-8646-2C201E96FE85}.GDEV|Any CPU.ActiveCfg = Release|Any CPU
		{6587298C-F667-467C-8646-2C201E96FE85}.GDEV|Any CPU.Build.0 = Release|Any CPU
		{6587298C-F667-467C-8646-2C201E96FE85}.Release|Any CPU.ActiveCfg = Release|Any CPU
		{6587298C-F667-467C-8646-2C201E96FE85}.Release|Any CPU.Build.0 = Release|Any CPU
		{6587298C-F667-467C-8646-2C201E96FE85}.VendorPortal|Any CPU.ActiveCfg = VendorPortal|Any CPU
		{6587298C-F667-467C-8646-2C201E96FE85}.VendorPortal|Any CPU.Build.0 = VendorPortal|Any CPU
		{34AE6E12-7E41-418A-8479-23C56C1B1917}.Debug|Any CPU.ActiveCfg = Debug|Any CPU
		{34AE6E12-7E41-418A-8479-23C56C1B1917}.Debug|Any CPU.Build.0 = Debug|Any CPU
		{34AE6E12-7E41-418A-8479-23C56C1B1917}.GDEV|Any CPU.ActiveCfg = Release|Any CPU
		{34AE6E12-7E41-418A-8479-23C56C1B1917}.GDEV|Any CPU.Build.0 = Release|Any CPU
		{34AE6E12-7E41-418A-8479-23C56C1B1917}.Release|Any CPU.ActiveCfg = Release|Any CPU
		{34AE6E12-7E41-418A-8479-23C56C1B1917}.Release|Any CPU.Build.0 = Release|Any CPU
		{34AE6E12-7E41-418A-8479-23C56C1B1917}.VendorPortal|Any CPU.ActiveCfg = VendorPortal|Any CPU
		{34AE6E12-7E41-418A-8479-23C56C1B1917}.VendorPortal|Any CPU.Build.0 = VendorPortal|Any CPU
		{9AB4217C-68AD-447D-A3A2-D6850239D015}.Debug|Any CPU.ActiveCfg = Debug|Any CPU
		{9AB4217C-68AD-447D-A3A2-D6850239D015}.Debug|Any CPU.Build.0 = Debug|Any CPU
		{9AB4217C-68AD-447D-A3A2-D6850239D015}.GDEV|Any CPU.ActiveCfg = Release|Any CPU
		{9AB4217C-68AD-447D-A3A2-D6850239D015}.GDEV|Any CPU.Build.0 = Release|Any CPU
		{9AB4217C-68AD-447D-A3A2-D6850239D015}.Release|Any CPU.ActiveCfg = Release|Any CPU
		{9AB4217C-68AD-447D-A3A2-D6850239D015}.Release|Any CPU.Build.0 = Release|Any CPU
		{9AB4217C-68AD-447D-A3A2-D6850239D015}.VendorPortal|Any CPU.ActiveCfg = VendorPortal|Any CPU
		{9AB4217C-68AD-447D-A3A2-D6850239D015}.VendorPortal|Any CPU.Build.0 = VendorPortal|Any CPU
		{D5F87E3B-D183-4DFC-AC14-2879D4F17F50}.Debug|Any CPU.ActiveCfg = Debug|Any CPU
		{D5F87E3B-D183-4DFC-AC14-2879D4F17F50}.Debug|Any CPU.Build.0 = Debug|Any CPU
		{D5F87E3B-D183-4DFC-AC14-2879D4F17F50}.GDEV|Any CPU.ActiveCfg = Release|Any CPU
		{D5F87E3B-D183-4DFC-AC14-2879D4F17F50}.GDEV|Any CPU.Build.0 = Release|Any CPU
		{D5F87E3B-D183-4DFC-AC14-2879D4F17F50}.Release|Any CPU.ActiveCfg = Release|Any CPU
		{D5F87E3B-D183-4DFC-AC14-2879D4F17F50}.Release|Any CPU.Build.0 = Release|Any CPU
		{D5F87E3B-D183-4DFC-AC14-2879D4F17F50}.VendorPortal|Any CPU.ActiveCfg = VendorPortal|Any CPU
		{D5F87E3B-D183-4DFC-AC14-2879D4F17F50}.VendorPortal|Any CPU.Build.0 = VendorPortal|Any CPU
		{4FACE633-0DEA-4D66-9E2D-29D49DE6568A}.Debug|Any CPU.ActiveCfg = Debug|Any CPU
		{4FACE633-0DEA-4D66-9E2D-29D49DE6568A}.Debug|Any CPU.Build.0 = Debug|Any CPU
		{4FACE633-0DEA-4D66-9E2D-29D49DE6568A}.GDEV|Any CPU.ActiveCfg = Release|Any CPU
		{4FACE633-0DEA-4D66-9E2D-29D49DE6568A}.GDEV|Any CPU.Build.0 = Release|Any CPU
		{4FACE633-0DEA-4D66-9E2D-29D49DE6568A}.Release|Any CPU.ActiveCfg = Release|Any CPU
		{4FACE633-0DEA-4D66-9E2D-29D49DE6568A}.Release|Any CPU.Build.0 = Release|Any CPU
		{4FACE633-0DEA-4D66-9E2D-29D49DE6568A}.VendorPortal|Any CPU.ActiveCfg = VendorPortal|Any CPU
		{4FACE633-0DEA-4D66-9E2D-29D49DE6568A}.VendorPortal|Any CPU.Build.0 = VendorPortal|Any CPU
		{91A94957-944A-4DEF-A541-AEAD040612BC}.Debug|Any CPU.ActiveCfg = Debug|Any CPU
		{91A94957-944A-4DEF-A541-AEAD040612BC}.Debug|Any CPU.Build.0 = Debug|Any CPU
		{91A94957-944A-4DEF-A541-AEAD040612BC}.GDEV|Any CPU.ActiveCfg = Release|Any CPU
		{91A94957-944A-4DEF-A541-AEAD040612BC}.GDEV|Any CPU.Build.0 = Release|Any CPU
		{91A94957-944A-4DEF-A541-AEAD040612BC}.Release|Any CPU.ActiveCfg = Release|Any CPU
		{91A94957-944A-4DEF-A541-AEAD040612BC}.Release|Any CPU.Build.0 = Release|Any CPU
		{91A94957-944A-4DEF-A541-AEAD040612BC}.VendorPortal|Any CPU.ActiveCfg = VendorPortal|Any CPU
		{91A94957-944A-4DEF-A541-AEAD040612BC}.VendorPortal|Any CPU.Build.0 = VendorPortal|Any CPU
		{3FB7E023-9967-4D1E-8AF8-A07DA3A51406}.Debug|Any CPU.ActiveCfg = Debug|Any CPU
		{3FB7E023-9967-4D1E-8AF8-A07DA3A51406}.Debug|Any CPU.Build.0 = Debug|Any CPU
		{3FB7E023-9967-4D1E-8AF8-A07DA3A51406}.GDEV|Any CPU.ActiveCfg = Release|Any CPU
		{3FB7E023-9967-4D1E-8AF8-A07DA3A51406}.GDEV|Any CPU.Build.0 = Release|Any CPU
		{3FB7E023-9967-4D1E-8AF8-A07DA3A51406}.Release|Any CPU.ActiveCfg = Release|Any CPU
		{3FB7E023-9967-4D1E-8AF8-A07DA3A51406}.Release|Any CPU.Build.0 = Release|Any CPU
		{3FB7E023-9967-4D1E-8AF8-A07DA3A51406}.VendorPortal|Any CPU.ActiveCfg = VendorPortal|Any CPU
		{3FB7E023-9967-4D1E-8AF8-A07DA3A51406}.VendorPortal|Any CPU.Build.0 = VendorPortal|Any CPU
		{EEEC39B3-8341-4664-A61C-7698E61FA75C}.Debug|Any CPU.ActiveCfg = Debug|Any CPU
		{EEEC39B3-8341-4664-A61C-7698E61FA75C}.Debug|Any CPU.Build.0 = Debug|Any CPU
		{EEEC39B3-8341-4664-A61C-7698E61FA75C}.GDEV|Any CPU.ActiveCfg = Release|Any CPU
		{EEEC39B3-8341-4664-A61C-7698E61FA75C}.GDEV|Any CPU.Build.0 = Release|Any CPU
		{EEEC39B3-8341-4664-A61C-7698E61FA75C}.Release|Any CPU.ActiveCfg = Release|Any CPU
		{EEEC39B3-8341-4664-A61C-7698E61FA75C}.Release|Any CPU.Build.0 = Release|Any CPU
		{EEEC39B3-8341-4664-A61C-7698E61FA75C}.VendorPortal|Any CPU.ActiveCfg = VendorPortal|Any CPU
		{EEEC39B3-8341-4664-A61C-7698E61FA75C}.VendorPortal|Any CPU.Build.0 = VendorPortal|Any CPU
		{925D3A6C-865F-4F9E-93B0-DD5A19267B8C}.Debug|Any CPU.ActiveCfg = Debug|Any CPU
		{925D3A6C-865F-4F9E-93B0-DD5A19267B8C}.Debug|Any CPU.Build.0 = Debug|Any CPU
		{925D3A6C-865F-4F9E-93B0-DD5A19267B8C}.GDEV|Any CPU.ActiveCfg = Release|Any CPU
		{925D3A6C-865F-4F9E-93B0-DD5A19267B8C}.GDEV|Any CPU.Build.0 = Release|Any CPU
		{925D3A6C-865F-4F9E-93B0-DD5A19267B8C}.Release|Any CPU.ActiveCfg = Release|Any CPU
		{925D3A6C-865F-4F9E-93B0-DD5A19267B8C}.Release|Any CPU.Build.0 = Release|Any CPU
		{925D3A6C-865F-4F9E-93B0-DD5A19267B8C}.VendorPortal|Any CPU.ActiveCfg = VendorPortal|Any CPU
		{925D3A6C-865F-4F9E-93B0-DD5A19267B8C}.VendorPortal|Any CPU.Build.0 = VendorPortal|Any CPU
		{F804DF05-B400-4942-8C67-C0008E56DAE8}.Debug|Any CPU.ActiveCfg = Debug|Any CPU
		{F804DF05-B400-4942-8C67-C0008E56DAE8}.Debug|Any CPU.Build.0 = Debug|Any CPU
		{F804DF05-B400-4942-8C67-C0008E56DAE8}.GDEV|Any CPU.ActiveCfg = Release|Any CPU
		{F804DF05-B400-4942-8C67-C0008E56DAE8}.GDEV|Any CPU.Build.0 = Release|Any CPU
		{F804DF05-B400-4942-8C67-C0008E56DAE8}.Release|Any CPU.ActiveCfg = Release|Any CPU
		{F804DF05-B400-4942-8C67-C0008E56DAE8}.Release|Any CPU.Build.0 = Release|Any CPU
		{F804DF05-B400-4942-8C67-C0008E56DAE8}.VendorPortal|Any CPU.ActiveCfg = VendorPortal|Any CPU
		{F804DF05-B400-4942-8C67-C0008E56DAE8}.VendorPortal|Any CPU.Build.0 = VendorPortal|Any CPU
		{E720B212-A0EA-48AA-97B6-63EFD257B855}.Debug|Any CPU.ActiveCfg = Debug|Any CPU
		{E720B212-A0EA-48AA-97B6-63EFD257B855}.Debug|Any CPU.Build.0 = Debug|Any CPU
		{E720B212-A0EA-48AA-97B6-63EFD257B855}.GDEV|Any CPU.ActiveCfg = Release|Any CPU
		{E720B212-A0EA-48AA-97B6-63EFD257B855}.GDEV|Any CPU.Build.0 = Release|Any CPU
		{E720B212-A0EA-48AA-97B6-63EFD257B855}.Release|Any CPU.ActiveCfg = Release|Any CPU
		{E720B212-A0EA-48AA-97B6-63EFD257B855}.Release|Any CPU.Build.0 = Release|Any CPU
		{E720B212-A0EA-48AA-97B6-63EFD257B855}.VendorPortal|Any CPU.ActiveCfg = VendorPortal|Any CPU
		{E720B212-A0EA-48AA-97B6-63EFD257B855}.VendorPortal|Any CPU.Build.0 = VendorPortal|Any CPU
		{51D829B2-0E92-45D0-BF0D-026001F53EAD}.Debug|Any CPU.ActiveCfg = Debug|Any CPU
		{51D829B2-0E92-45D0-BF0D-026001F53EAD}.Debug|Any CPU.Build.0 = Debug|Any CPU
		{51D829B2-0E92-45D0-BF0D-026001F53EAD}.GDEV|Any CPU.ActiveCfg = Release|Any CPU
		{51D829B2-0E92-45D0-BF0D-026001F53EAD}.GDEV|Any CPU.Build.0 = Release|Any CPU
		{51D829B2-0E92-45D0-BF0D-026001F53EAD}.Release|Any CPU.ActiveCfg = Release|Any CPU
		{51D829B2-0E92-45D0-BF0D-026001F53EAD}.Release|Any CPU.Build.0 = Release|Any CPU
		{51D829B2-0E92-45D0-BF0D-026001F53EAD}.VendorPortal|Any CPU.ActiveCfg = VendorPortal|Any CPU
		{51D829B2-0E92-45D0-BF0D-026001F53EAD}.VendorPortal|Any CPU.Build.0 = VendorPortal|Any CPU
		{701E46C7-7582-4567-95E4-F2353A362001}.Debug|Any CPU.ActiveCfg = Debug|Any CPU
		{701E46C7-7582-4567-95E4-F2353A362001}.Debug|Any CPU.Build.0 = Debug|Any CPU
		{701E46C7-7582-4567-95E4-F2353A362001}.GDEV|Any CPU.ActiveCfg = Release|Any CPU
		{701E46C7-7582-4567-95E4-F2353A362001}.GDEV|Any CPU.Build.0 = Release|Any CPU
		{701E46C7-7582-4567-95E4-F2353A362001}.Release|Any CPU.ActiveCfg = Release|Any CPU
		{701E46C7-7582-4567-95E4-F2353A362001}.Release|Any CPU.Build.0 = Release|Any CPU
		{701E46C7-7582-4567-95E4-F2353A362001}.VendorPortal|Any CPU.ActiveCfg = VendorPortal|Any CPU
		{701E46C7-7582-4567-95E4-F2353A362001}.VendorPortal|Any CPU.Build.0 = VendorPortal|Any CPU
	EndGlobalSection
	GlobalSection(SolutionProperties) = preSolution
		HideSolutionNode = FALSE
	EndGlobalSection
	GlobalSection(NestedProjects) = preSolution
		{73BC916B-B6C0-4291-AC28-870E3BCFC986} = {B389AEB4-94BC-416D-93A3-F941AF790C67}
		{34AE6E12-7E41-418A-8479-23C56C1B1917} = {B389AEB4-94BC-416D-93A3-F941AF790C67}
		{701E46C7-7582-4567-95E4-F2353A362001} = {B389AEB4-94BC-416D-93A3-F941AF790C67}
		{9AB4217C-68AD-447D-A3A2-D6850239D015} = {24B03DEC-59CB-4E03-A188-D5046DD30B1F}
		{D5F87E3B-D183-4DFC-AC14-2879D4F17F50} = {24B03DEC-59CB-4E03-A188-D5046DD30B1F}
		{4FACE633-0DEA-4D66-9E2D-29D49DE6568A} = {24B03DEC-59CB-4E03-A188-D5046DD30B1F}
		{E720B212-A0EA-48AA-97B6-63EFD257B855} = {24B03DEC-59CB-4E03-A188-D5046DD30B1F}
		{91A94957-944A-4DEF-A541-AEAD040612BC} = {B4071712-35CC-4612-8D02-4ECB89886685}
		{3FB7E023-9967-4D1E-8AF8-A07DA3A51406} = {73BC916B-B6C0-4291-AC28-870E3BCFC986}
		{EEEC39B3-8341-4664-A61C-7698E61FA75C} = {73BC916B-B6C0-4291-AC28-870E3BCFC986}
		{925D3A6C-865F-4F9E-93B0-DD5A19267B8C} = {73BC916B-B6C0-4291-AC28-870E3BCFC986}
		{F804DF05-B400-4942-8C67-C0008E56DAE8} = {AA180726-9694-404C-A53E-00D1F2C9B14C}
	EndGlobalSection
EndGlobal
