
Microsoft Visual Studio Solution File, Format Version 12.00
# Visual Studio 2012
Project("{2150E333-8FDC-42A3-9474-1A3956D46DE8}") = "Common", "Common", "{57A87E7E-7029-4E4B-B87B-1F157673B607}"
EndProject
Project("{FAE04EC0-301F-11D3-BF4B-00C04F79EFBC}") = "ECCentral.Job.Utility", "..\Utility\ECCentral.Job.Utility.csproj", "{5E7756C1-A9C4-4B5F-AF6B-B2EAFC4F0BBE}"
EndProject
Project("{FAE04EC0-301F-11D3-BF4B-00C04F79EFBC}") = "ECCentral.BizEntity", "..\..\03_Service\BizEntity\ECCentral.BizEntity.csproj", "{F35260AC-7270-44D5-90E2-7319F44A7B3B}"
EndProject
Project("{FAE04EC0-301F-11D3-BF4B-00C04F79EFBC}") = "ECCentral.BizEntity.Enum", "..\..\03_Service\BizEntity.Enum\ECCentral.BizEntity.Enum.csproj", "{5BA0894F-168B-49C0-B476-3D1CF5C193F2}"
EndProject
Project("{2150E333-8FDC-42A3-9474-1A3956D46DE8}") = "IPP.MessageAgent.SendReceive", "IPP.MessageAgent.SendReceive", "{7B22CCE4-588F-4B84-A92C-AF6A798F3818}"
EndProject
Project("{FAE04EC0-301F-11D3-BF4B-00C04F79EFBC}") = "IPP.MessageAgent.SendReceive.JobV31", "IPP.MessageAgent.SendReceive\IPP.MessageAgentMgmt.JobV31\IPP.MessageAgent.SendReceive.JobV31.csproj", "{E246487E-AE2B-4D5E-85DD-03CB6C380A7B}"
EndProject
Project("{FAE04EC0-301F-11D3-BF4B-00C04F79EFBC}") = "IPP.MessageAgent.SendReceive.JobHost", "IPP.MessageAgent.SendReceive\IPP.MessageAgent.JobHost\IPP.MessageAgent.SendReceive.JobHost.csproj", "{8C835DDA-4E97-4A18-A281-4BEEFA0A8D35}"
EndProject
Global
	GlobalSection(TeamFoundationVersionControl) = preSolution
		SccNumberOfProjects = 6
		SccEnterpriseProvider = {4CA58AB2-18FA-4F8D-95D4-32DDF27D184C}
		SccTeamFoundationServer = http://ssso03:8080/tfs/ec_2013
		SccLocalPath0 = .
		SccProjectUniqueName1 = ..\\Utility\\ECCentral.Job.Utility.csproj
		SccProjectTopLevelParentUniqueName1 = ECCentral.Job.Common.sln
		SccProjectName1 = ../Utility
		SccLocalPath1 = ..\\Utility
		SccProjectUniqueName2 = ..\\..\\03_Service\\BizEntity\\ECCentral.BizEntity.csproj
		SccProjectTopLevelParentUniqueName2 = ECCentral.Job.Common.sln
		SccProjectName2 = ../../03_Service/BizEntity
		SccLocalPath2 = ..\\..\\03_Service\\BizEntity
		SccProjectUniqueName3 = ..\\..\\03_Service\\BizEntity.Enum\\ECCentral.BizEntity.Enum.csproj
		SccProjectTopLevelParentUniqueName3 = ECCentral.Job.Common.sln
		SccProjectName3 = ../../03_Service/BizEntity.Enum
		SccLocalPath3 = ..\\..\\03_Service\\BizEntity.Enum
		SccProjectUniqueName4 = IPP.MessageAgent.SendReceive\\IPP.MessageAgentMgmt.JobV31\\IPP.MessageAgent.SendReceive.JobV31.csproj
		SccProjectTopLevelParentUniqueName4 = ECCentral.Job.Common.sln
		SccProjectName4 = IPP.MessageAgent.SendReceive/IPP.MessageAgentMgmt.JobV31
		SccLocalPath4 = IPP.MessageAgent.SendReceive\\IPP.MessageAgentMgmt.JobV31
		SccProjectUniqueName5 = IPP.MessageAgent.SendReceive\\IPP.MessageAgent.JobHost\\IPP.MessageAgent.SendReceive.JobHost.csproj
		SccProjectTopLevelParentUniqueName5 = ECCentral.Job.Common.sln
		SccProjectName5 = IPP.MessageAgent.SendReceive/IPP.MessageAgent.JobHost
		SccLocalPath5 = IPP.MessageAgent.SendReceive\\IPP.MessageAgent.JobHost
	EndGlobalSection
	GlobalSection(SolutionConfigurationPlatforms) = preSolution
		Debug|Any CPU = Debug|Any CPU
		Release|Any CPU = Release|Any CPU
	EndGlobalSection
	GlobalSection(ProjectConfigurationPlatforms) = postSolution
		{5E7756C1-A9C4-4B5F-AF6B-B2EAFC4F0BBE}.Debug|Any CPU.ActiveCfg = Debug|Any CPU
		{5E7756C1-A9C4-4B5F-AF6B-B2EAFC4F0BBE}.Debug|Any CPU.Build.0 = Debug|Any CPU
		{5E7756C1-A9C4-4B5F-AF6B-B2EAFC4F0BBE}.Release|Any CPU.ActiveCfg = Release|Any CPU
		{5E7756C1-A9C4-4B5F-AF6B-B2EAFC4F0BBE}.Release|Any CPU.Build.0 = Release|Any CPU
		{F35260AC-7270-44D5-90E2-7319F44A7B3B}.Debug|Any CPU.ActiveCfg = Debug|Any CPU
		{F35260AC-7270-44D5-90E2-7319F44A7B3B}.Debug|Any CPU.Build.0 = Debug|Any CPU
		{F35260AC-7270-44D5-90E2-7319F44A7B3B}.Release|Any CPU.ActiveCfg = Release|Any CPU
		{F35260AC-7270-44D5-90E2-7319F44A7B3B}.Release|Any CPU.Build.0 = Release|Any CPU
		{5BA0894F-168B-49C0-B476-3D1CF5C193F2}.Debug|Any CPU.ActiveCfg = Debug|Any CPU
		{5BA0894F-168B-49C0-B476-3D1CF5C193F2}.Debug|Any CPU.Build.0 = Debug|Any CPU
		{5BA0894F-168B-49C0-B476-3D1CF5C193F2}.Release|Any CPU.ActiveCfg = Release|Any CPU
		{5BA0894F-168B-49C0-B476-3D1CF5C193F2}.Release|Any CPU.Build.0 = Release|Any CPU
		{E246487E-AE2B-4D5E-85DD-03CB6C380A7B}.Debug|Any CPU.ActiveCfg = Debug|Any CPU
		{E246487E-AE2B-4D5E-85DD-03CB6C380A7B}.Debug|Any CPU.Build.0 = Debug|Any CPU
		{E246487E-AE2B-4D5E-85DD-03CB6C380A7B}.Release|Any CPU.ActiveCfg = Release|Any CPU
		{E246487E-AE2B-4D5E-85DD-03CB6C380A7B}.Release|Any CPU.Build.0 = Release|Any CPU
		{8C835DDA-4E97-4A18-A281-4BEEFA0A8D35}.Debug|Any CPU.ActiveCfg = Debug|Any CPU
		{8C835DDA-4E97-4A18-A281-4BEEFA0A8D35}.Debug|Any CPU.Build.0 = Debug|Any CPU
		{8C835DDA-4E97-4A18-A281-4BEEFA0A8D35}.Release|Any CPU.ActiveCfg = Release|Any CPU
		{8C835DDA-4E97-4A18-A281-4BEEFA0A8D35}.Release|Any CPU.Build.0 = Release|Any CPU
	EndGlobalSection
	GlobalSection(SolutionProperties) = preSolution
		HideSolutionNode = FALSE
	EndGlobalSection
	GlobalSection(NestedProjects) = preSolution
		{5E7756C1-A9C4-4B5F-AF6B-B2EAFC4F0BBE} = {57A87E7E-7029-4E4B-B87B-1F157673B607}
		{F35260AC-7270-44D5-90E2-7319F44A7B3B} = {57A87E7E-7029-4E4B-B87B-1F157673B607}
		{5BA0894F-168B-49C0-B476-3D1CF5C193F2} = {57A87E7E-7029-4E4B-B87B-1F157673B607}
		{E246487E-AE2B-4D5E-85DD-03CB6C380A7B} = {7B22CCE4-588F-4B84-A92C-AF6A798F3818}
		{8C835DDA-4E97-4A18-A281-4BEEFA0A8D35} = {7B22CCE4-588F-4B84-A92C-AF6A798F3818}
	EndGlobalSection
EndGlobal
