
Microsoft Visual Studio Solution File, Format Version 12.00
# Visual Studio 2012
Project("{2150E333-8FDC-42A3-9474-1A3956D46DE8}") = "Common", "Common", "{57A87E7E-7029-4E4B-B87B-1F157673B607}"
EndProject
Project("{FAE04EC0-301F-11D3-BF4B-00C04F79EFBC}") = "ECCentral.Job.Utility", "..\Utility\ECCentral.Job.Utility.csproj", "{5E7756C1-A9C4-4B5F-AF6B-B2EAFC4F0BBE}"
EndProject
Project("{FAE04EC0-301F-11D3-BF4B-00C04F79EFBC}") = "ECCentral.BizEntity", "..\..\03_Service\BizEntity\ECCentral.BizEntity.csproj", "{F35260AC-7270-44D5-90E2-7319F44A7B3B}"
EndProject
Project("{FAE04EC0-301F-11D3-BF4B-00C04F79EFBC}") = "ECCentral.BizEntity.Enum", "..\..\03_Service\BizEntity.Enum\ECCentral.BizEntity.Enum.csproj", "{5BA0894F-168B-49C0-B476-3D1CF5C193F2}"
EndProject
Project("{2150E333-8FDC-42A3-9474-1A3956D46DE8}") = "IPP.CPSMgmt.SyncCommissionSettlement", "IPP.CPSMgmt.SyncCommissionSettlement", "{47CFFE8C-005C-4969-87A3-B15F68D363BA}"
EndProject
Project("{FAE04EC0-301F-11D3-BF4B-00C04F79EFBC}") = "SyncCommissionSettlement", "IPP.CPSMgmt.SyncCommissionSettlement\SyncCommissionSettlement.csproj", "{D9BA577F-F428-4E60-90AD-7FA254D4AA61}"
EndProject
Project("{2150E333-8FDC-42A3-9474-1A3956D46DE8}") = "IPP.CPSMgmt.AutoSettledCommission", "IPP.CPSMgmt.AutoSettledCommission", "{C276650E-87AC-4CB6-982E-E901A6871E78}"
EndProject
Project("{FAE04EC0-301F-11D3-BF4B-00C04F79EFBC}") = "AutoSettledCommission", "IPP.CPSMgmt.AutoSettledCommission\AutoSettledCommission.csproj", "{8235E1A9-C4C0-4AC4-9537-8B173AB3BCE9}"
EndProject
Global
	GlobalSection(TeamFoundationVersionControl) = preSolution
		SccNumberOfProjects = 6
		SccEnterpriseProvider = {4CA58AB2-18FA-4F8D-95D4-32DDF27D184C}
		SccTeamFoundationServer = http://ssso03:8080/tfs/ec_2013
		SccLocalPath0 = .
		SccProjectUniqueName1 = ..\\Utility\\ECCentral.Job.Utility.csproj
		SccProjectTopLevelParentUniqueName1 = ECCentral.Job.CPS.sln
		SccProjectName1 = ../Utility
		SccLocalPath1 = ..\\Utility
		SccProjectUniqueName2 = ..\\..\\03_Service\\BizEntity\\ECCentral.BizEntity.csproj
		SccProjectTopLevelParentUniqueName2 = ECCentral.Job.CPS.sln
		SccProjectName2 = ../../03_Service/BizEntity
		SccLocalPath2 = ..\\..\\03_Service\\BizEntity
		SccProjectUniqueName3 = ..\\..\\03_Service\\BizEntity.Enum\\ECCentral.BizEntity.Enum.csproj
		SccProjectTopLevelParentUniqueName3 = ECCentral.Job.CPS.sln
		SccProjectName3 = ../../03_Service/BizEntity.Enum
		SccLocalPath3 = ..\\..\\03_Service\\BizEntity.Enum
		SccProjectUniqueName4 = IPP.CPSMgmt.SyncCommissionSettlement\\SyncCommissionSettlement.csproj
		SccProjectTopLevelParentUniqueName4 = ECCentral.Job.CPS.sln
		SccProjectName4 = IPP.CPSMgmt.SyncCommissionSettlement
		SccLocalPath4 = IPP.CPSMgmt.SyncCommissionSettlement
		SccProjectUniqueName5 = IPP.CPSMgmt.AutoSettledCommission\\AutoSettledCommission.csproj
		SccProjectTopLevelParentUniqueName5 = ECCentral.Job.CPS.sln
		SccProjectName5 = IPP.CPSMgmt.AutoSettledCommission
		SccLocalPath5 = IPP.CPSMgmt.AutoSettledCommission
	EndGlobalSection
	GlobalSection(SolutionConfigurationPlatforms) = preSolution
		Debug|Any CPU = Debug|Any CPU
		Release|Any CPU = Release|Any CPU
	EndGlobalSection
	GlobalSection(ProjectConfigurationPlatforms) = postSolution
		{5E7756C1-A9C4-4B5F-AF6B-B2EAFC4F0BBE}.Debug|Any CPU.ActiveCfg = Debug|Any CPU
		{5E7756C1-A9C4-4B5F-AF6B-B2EAFC4F0BBE}.Debug|Any CPU.Build.0 = Debug|Any CPU
		{5E7756C1-A9C4-4B5F-AF6B-B2EAFC4F0BBE}.Release|Any CPU.ActiveCfg = Release|Any CPU
		{5E7756C1-A9C4-4B5F-AF6B-B2EAFC4F0BBE}.Release|Any CPU.Build.0 = Release|Any CPU
		{F35260AC-7270-44D5-90E2-7319F44A7B3B}.Debug|Any CPU.ActiveCfg = Debug|Any CPU
		{F35260AC-7270-44D5-90E2-7319F44A7B3B}.Debug|Any CPU.Build.0 = Debug|Any CPU
		{F35260AC-7270-44D5-90E2-7319F44A7B3B}.Release|Any CPU.ActiveCfg = Release|Any CPU
		{F35260AC-7270-44D5-90E2-7319F44A7B3B}.Release|Any CPU.Build.0 = Release|Any CPU
		{5BA0894F-168B-49C0-B476-3D1CF5C193F2}.Debug|Any CPU.ActiveCfg = Debug|Any CPU
		{5BA0894F-168B-49C0-B476-3D1CF5C193F2}.Debug|Any CPU.Build.0 = Debug|Any CPU
		{5BA0894F-168B-49C0-B476-3D1CF5C193F2}.Release|Any CPU.ActiveCfg = Release|Any CPU
		{5BA0894F-168B-49C0-B476-3D1CF5C193F2}.Release|Any CPU.Build.0 = Release|Any CPU
		{D9BA577F-F428-4E60-90AD-7FA254D4AA61}.Debug|Any CPU.ActiveCfg = Debug|Any CPU
		{D9BA577F-F428-4E60-90AD-7FA254D4AA61}.Debug|Any CPU.Build.0 = Debug|Any CPU
		{D9BA577F-F428-4E60-90AD-7FA254D4AA61}.Release|Any CPU.ActiveCfg = Release|Any CPU
		{D9BA577F-F428-4E60-90AD-7FA254D4AA61}.Release|Any CPU.Build.0 = Release|Any CPU
		{8235E1A9-C4C0-4AC4-9537-8B173AB3BCE9}.Debug|Any CPU.ActiveCfg = Debug|Any CPU
		{8235E1A9-C4C0-4AC4-9537-8B173AB3BCE9}.Debug|Any CPU.Build.0 = Debug|Any CPU
		{8235E1A9-C4C0-4AC4-9537-8B173AB3BCE9}.Release|Any CPU.ActiveCfg = Release|Any CPU
		{8235E1A9-C4C0-4AC4-9537-8B173AB3BCE9}.Release|Any CPU.Build.0 = Release|Any CPU
	EndGlobalSection
	GlobalSection(SolutionProperties) = preSolution
		HideSolutionNode = FALSE
	EndGlobalSection
	GlobalSection(NestedProjects) = preSolution
		{5E7756C1-A9C4-4B5F-AF6B-B2EAFC4F0BBE} = {57A87E7E-7029-4E4B-B87B-1F157673B607}
		{F35260AC-7270-44D5-90E2-7319F44A7B3B} = {57A87E7E-7029-4E4B-B87B-1F157673B607}
		{5BA0894F-168B-49C0-B476-3D1CF5C193F2} = {57A87E7E-7029-4E4B-B87B-1F157673B607}
		{D9BA577F-F428-4E60-90AD-7FA254D4AA61} = {47CFFE8C-005C-4969-87A3-B15F68D363BA}
		{8235E1A9-C4C0-4AC4-9537-8B173AB3BCE9} = {C276650E-87AC-4CB6-982E-E901A6871E78}
	EndGlobalSection
EndGlobal
