
Microsoft Visual Studio Solution File, Format Version 12.00
# Visual Studio 2010
Project("{2150E333-8FDC-42A3-9474-1A3956D46DE8}") = "Common", "Common", "{57A87E7E-7029-4E4B-B87B-1F157673B607}"
EndProject
Project("{FAE04EC0-301F-11D3-BF4B-00C04F79EFBC}") = "ECCentral.Job.Utility", "..\Utility\ECCentral.Job.Utility.csproj", "{5E7756C1-A9C4-4B5F-AF6B-B2EAFC4F0BBE}"
EndProject
Project("{FAE04EC0-301F-11D3-BF4B-00C04F79EFBC}") = "ECCentral.BizEntity", "..\..\03_Service\BizEntity\ECCentral.BizEntity.csproj", "{F35260AC-7270-44D5-90E2-7319F44A7B3B}"
EndProject
Project("{FAE04EC0-301F-11D3-BF4B-00C04F79EFBC}") = "ECCentral.BizEntity.Enum", "..\..\03_Service\BizEntity.Enum\ECCentral.BizEntity.Enum.csproj", "{5BA0894F-168B-49C0-B476-3D1CF5C193F2}"
EndProject
Project("{2150E333-8FDC-42A3-9474-1A3956D46DE8}") = "ContributeRankUpdating", "ContributeRankUpdating", "{1FF19D68-4066-428B-B0F1-CD04F5B3C124}"
EndProject
Project("{2150E333-8FDC-42A3-9474-1A3956D46DE8}") = "CustomeRegisterReport", "CustomeRegisterReport", "{D6EC703A-1C39-4E36-B822-3F47DD65DE7B}"
EndProject
Project("{2150E333-8FDC-42A3-9474-1A3956D46DE8}") = "InvalidGift", "InvalidGift", "{0BE19C2B-A6F5-4B7D-AAA7-EC2EA28D172D}"
EndProject
Project("{2150E333-8FDC-42A3-9474-1A3956D46DE8}") = "SendNoticeMailForCustomerPoint", "SendNoticeMailForCustomerPoint", "{6B08611C-63F8-44CE-8316-FE1C7B7802C6}"
EndProject
Project("{2150E333-8FDC-42A3-9474-1A3956D46DE8}") = "SendNoticeMailForGiftCard", "SendNoticeMailForGiftCard", "{875206F5-D76C-4D95-B2D6-65FF096046E2}"
EndProject
Project("{2150E333-8FDC-42A3-9474-1A3956D46DE8}") = "SplitCustomerPhone", "SplitCustomerPhone", "{52D5D272-089B-4B49-BCD6-9D26B4ABE774}"
EndProject
Project("{2150E333-8FDC-42A3-9474-1A3956D46DE8}") = "SynchCustomerRights", "SynchCustomerRights", "{C2D3F61D-8CFB-40A1-AD46-7239F7B5F666}"
EndProject
Project("{FAE04EC0-301F-11D3-BF4B-00C04F79EFBC}") = "ContributeRankUpdating", "ContributeRankUpdating\ContributeRankUpdating.csproj", "{120BDC7F-8D18-4888-AD90-6FAC8D1B28BA}"
EndProject
Project("{2150E333-8FDC-42A3-9474-1A3956D46DE8}") = "CustomReport", "CustomReport", "{C78004FE-CBC7-4E59-B4AC-2949048CC09C}"
EndProject
Project("{2150E333-8FDC-42A3-9474-1A3956D46DE8}") = "RegesterReport", "RegesterReport", "{32E5CC88-9257-4CEA-A7AC-6E7C15956E74}"
EndProject
Project("{2150E333-8FDC-42A3-9474-1A3956D46DE8}") = "ReportInterface", "ReportInterface", "{69C87CE8-40C9-4384-8AF2-341C256576EB}"
EndProject
Project("{FAE04EC0-301F-11D3-BF4B-00C04F79EFBC}") = "CustomReport", "CustomeRegesterReport\CustomReport\CustomReport.csproj", "{875C4598-3E99-4DD9-AD6E-796078397779}"
EndProject
Project("{FAE04EC0-301F-11D3-BF4B-00C04F79EFBC}") = "RegesterReport", "CustomeRegesterReport\RegesterReport\RegesterReport.csproj", "{D3D68FF5-FE82-4E24-A805-8CDC1A82A94C}"
EndProject
Project("{FAE04EC0-301F-11D3-BF4B-00C04F79EFBC}") = "ReportInterface", "CustomeRegesterReport\ReportInterface\ReportInterface.csproj", "{D1A21F75-2D1C-4A6A-8381-F82C57CD6A60}"
EndProject
Project("{FAE04EC0-301F-11D3-BF4B-00C04F79EFBC}") = "InvalidGift", "InvalidGift\InvalidGift.csproj", "{93B54C86-DD4A-413E-9074-E85C074712A9}"
EndProject
Project("{FAE04EC0-301F-11D3-BF4B-00C04F79EFBC}") = "SendNoticeMailForCustomerPoint", "SendNoticeMailForCustomerPoint\SendNoticeMailForCustomerPoint.csproj", "{E144F0AF-3962-4704-9A04-59A3D6E715B1}"
EndProject
Project("{FAE04EC0-301F-11D3-BF4B-00C04F79EFBC}") = "SendNoticeMailForGiftCard", "SendNoticeMailForGiftCard\SendNoticeMailForGiftCard.csproj", "{CC2A80AE-ADA3-4D06-9A4C-4AE880E22782}"
EndProject
Project("{FAE04EC0-301F-11D3-BF4B-00C04F79EFBC}") = "SplitCustomerPhone", "SplitCustomerPhone\SplitCustomerPhone.csproj", "{4A7CD954-F5E4-4A00-B9FC-7FA1D36DB00E}"
EndProject
Project("{FAE04EC0-301F-11D3-BF4B-00C04F79EFBC}") = "SynchCustomerRights", "SynchCustomerRights\SynchCustomerRights.csproj", "{FAA8E3FE-F342-4A89-A4AE-760E08FE3709}"
EndProject
Project("{2150E333-8FDC-42A3-9474-1A3956D46DE8}") = "GiveERPCustomerPoint", "GiveERPCustomerPoint", "{EECDFAEA-F57B-4B3B-A322-68BD64144A80}"
EndProject
Project("{FAE04EC0-301F-11D3-BF4B-00C04F79EFBC}") = "GiveERPCustomerPoint", "GiveERPCustomerPoint\GiveERPCustomerPoint\GiveERPCustomerPoint.csproj", "{5AEB17B6-E15A-4E88-9009-695F9E176D07}"
EndProject
Global
	GlobalSection(TeamFoundationVersionControl) = preSolution
		SccNumberOfProjects = 14
		SccEnterpriseProvider = {4CA58AB2-18FA-4F8D-95D4-32DDF27D184C}
		SccTeamFoundationServer = http://ssso03:8080/tfs/ec_2013
		SccLocalPath0 = .
		SccProjectUniqueName1 = ..\\Utility\\ECCentral.Job.Utility.csproj
		SccProjectTopLevelParentUniqueName1 = ECCentral.Job.Customer.sln
		SccProjectName1 = ../Utility
		SccLocalPath1 = ..\\Utility
		SccProjectUniqueName2 = ..\\..\\03_Service\\BizEntity\\ECCentral.BizEntity.csproj
		SccProjectTopLevelParentUniqueName2 = ECCentral.Job.Customer.sln
		SccProjectName2 = ../../03_Service/BizEntity
		SccLocalPath2 = ..\\..\\03_Service\\BizEntity
		SccProjectUniqueName3 = ..\\..\\03_Service\\BizEntity.Enum\\ECCentral.BizEntity.Enum.csproj
		SccProjectTopLevelParentUniqueName3 = ECCentral.Job.Customer.sln
		SccProjectName3 = ../../03_Service/BizEntity.Enum
		SccLocalPath3 = ..\\..\\03_Service\\BizEntity.Enum
		SccProjectUniqueName4 = ContributeRankUpdating\\ContributeRankUpdating.csproj
		SccProjectTopLevelParentUniqueName4 = ECCentral.Job.Customer.sln
		SccProjectName4 = ContributeRankUpdating
		SccLocalPath4 = ContributeRankUpdating
		SccProjectUniqueName5 = CustomeRegesterReport\\CustomReport\\CustomReport.csproj
		SccProjectTopLevelParentUniqueName5 = ECCentral.Job.Customer.sln
		SccProjectName5 = CustomeRegesterReport/CustomReport
		SccLocalPath5 = CustomeRegesterReport\\CustomReport
		SccProjectUniqueName6 = CustomeRegesterReport\\RegesterReport\\RegesterReport.csproj
		SccProjectTopLevelParentUniqueName6 = ECCentral.Job.Customer.sln
		SccProjectName6 = CustomeRegesterReport/RegesterReport
		SccLocalPath6 = CustomeRegesterReport\\RegesterReport
		SccProjectUniqueName7 = CustomeRegesterReport\\ReportInterface\\ReportInterface.csproj
		SccProjectTopLevelParentUniqueName7 = ECCentral.Job.Customer.sln
		SccProjectName7 = CustomeRegesterReport/ReportInterface
		SccLocalPath7 = CustomeRegesterReport\\ReportInterface
		SccProjectUniqueName8 = InvalidGift\\InvalidGift.csproj
		SccProjectTopLevelParentUniqueName8 = ECCentral.Job.Customer.sln
		SccProjectName8 = InvalidGift
		SccLocalPath8 = InvalidGift
		SccProjectUniqueName9 = SendNoticeMailForCustomerPoint\\SendNoticeMailForCustomerPoint.csproj
		SccProjectTopLevelParentUniqueName9 = ECCentral.Job.Customer.sln
		SccProjectName9 = SendNoticeMailForCustomerPoint
		SccLocalPath9 = SendNoticeMailForCustomerPoint
		SccProjectUniqueName10 = SendNoticeMailForGiftCard\\SendNoticeMailForGiftCard.csproj
		SccProjectTopLevelParentUniqueName10 = ECCentral.Job.Customer.sln
		SccProjectName10 = SendNoticeMailForGiftCard
		SccLocalPath10 = SendNoticeMailForGiftCard
		SccProjectUniqueName11 = SplitCustomerPhone\\SplitCustomerPhone.csproj
		SccProjectTopLevelParentUniqueName11 = ECCentral.Job.Customer.sln
		SccProjectName11 = SplitCustomerPhone
		SccLocalPath11 = SplitCustomerPhone
		SccProjectUniqueName12 = SynchCustomerRights\\SynchCustomerRights.csproj
		SccProjectTopLevelParentUniqueName12 = ECCentral.Job.Customer.sln
		SccProjectName12 = SynchCustomerRights
		SccLocalPath12 = SynchCustomerRights
		SccProjectUniqueName13 = GiveERPCustomerPoint\\GiveERPCustomerPoint\\GiveERPCustomerPoint.csproj
		SccProjectTopLevelParentUniqueName13 = ECCentral.Job.Customer.sln
		SccProjectName13 = GiveERPCustomerPoint/GiveERPCustomerPoint
		SccLocalPath13 = GiveERPCustomerPoint\\GiveERPCustomerPoint
	EndGlobalSection
	GlobalSection(SolutionConfigurationPlatforms) = preSolution
		Debug|Any CPU = Debug|Any CPU
		Release|Any CPU = Release|Any CPU
	EndGlobalSection
	GlobalSection(ProjectConfigurationPlatforms) = postSolution
		{5E7756C1-A9C4-4B5F-AF6B-B2EAFC4F0BBE}.Debug|Any CPU.ActiveCfg = Debug|Any CPU
		{5E7756C1-A9C4-4B5F-AF6B-B2EAFC4F0BBE}.Debug|Any CPU.Build.0 = Debug|Any CPU
		{5E7756C1-A9C4-4B5F-AF6B-B2EAFC4F0BBE}.Release|Any CPU.ActiveCfg = Release|Any CPU
		{5E7756C1-A9C4-4B5F-AF6B-B2EAFC4F0BBE}.Release|Any CPU.Build.0 = Release|Any CPU
		{F35260AC-7270-44D5-90E2-7319F44A7B3B}.Debug|Any CPU.ActiveCfg = Debug|Any CPU
		{F35260AC-7270-44D5-90E2-7319F44A7B3B}.Debug|Any CPU.Build.0 = Debug|Any CPU
		{F35260AC-7270-44D5-90E2-7319F44A7B3B}.Release|Any CPU.ActiveCfg = Release|Any CPU
		{F35260AC-7270-44D5-90E2-7319F44A7B3B}.Release|Any CPU.Build.0 = Release|Any CPU
		{5BA0894F-168B-49C0-B476-3D1CF5C193F2}.Debug|Any CPU.ActiveCfg = Debug|Any CPU
		{5BA0894F-168B-49C0-B476-3D1CF5C193F2}.Debug|Any CPU.Build.0 = Debug|Any CPU
		{5BA0894F-168B-49C0-B476-3D1CF5C193F2}.Release|Any CPU.ActiveCfg = Release|Any CPU
		{5BA0894F-168B-49C0-B476-3D1CF5C193F2}.Release|Any CPU.Build.0 = Release|Any CPU
		{120BDC7F-8D18-4888-AD90-6FAC8D1B28BA}.Debug|Any CPU.ActiveCfg = Debug|Any CPU
		{120BDC7F-8D18-4888-AD90-6FAC8D1B28BA}.Debug|Any CPU.Build.0 = Debug|Any CPU
		{120BDC7F-8D18-4888-AD90-6FAC8D1B28BA}.Release|Any CPU.ActiveCfg = Release|Any CPU
		{120BDC7F-8D18-4888-AD90-6FAC8D1B28BA}.Release|Any CPU.Build.0 = Release|Any CPU
		{875C4598-3E99-4DD9-AD6E-796078397779}.Debug|Any CPU.ActiveCfg = Debug|Any CPU
		{875C4598-3E99-4DD9-AD6E-796078397779}.Debug|Any CPU.Build.0 = Debug|Any CPU
		{875C4598-3E99-4DD9-AD6E-796078397779}.Release|Any CPU.ActiveCfg = Release|Any CPU
		{875C4598-3E99-4DD9-AD6E-796078397779}.Release|Any CPU.Build.0 = Release|Any CPU
		{D3D68FF5-FE82-4E24-A805-8CDC1A82A94C}.Debug|Any CPU.ActiveCfg = Debug|Any CPU
		{D3D68FF5-FE82-4E24-A805-8CDC1A82A94C}.Debug|Any CPU.Build.0 = Debug|Any CPU
		{D3D68FF5-FE82-4E24-A805-8CDC1A82A94C}.Release|Any CPU.ActiveCfg = Release|Any CPU
		{D3D68FF5-FE82-4E24-A805-8CDC1A82A94C}.Release|Any CPU.Build.0 = Release|Any CPU
		{D1A21F75-2D1C-4A6A-8381-F82C57CD6A60}.Debug|Any CPU.ActiveCfg = Debug|Any CPU
		{D1A21F75-2D1C-4A6A-8381-F82C57CD6A60}.Debug|Any CPU.Build.0 = Debug|Any CPU
		{D1A21F75-2D1C-4A6A-8381-F82C57CD6A60}.Release|Any CPU.ActiveCfg = Release|Any CPU
		{D1A21F75-2D1C-4A6A-8381-F82C57CD6A60}.Release|Any CPU.Build.0 = Release|Any CPU
		{93B54C86-DD4A-413E-9074-E85C074712A9}.Debug|Any CPU.ActiveCfg = Debug|Any CPU
		{93B54C86-DD4A-413E-9074-E85C074712A9}.Debug|Any CPU.Build.0 = Debug|Any CPU
		{93B54C86-DD4A-413E-9074-E85C074712A9}.Release|Any CPU.ActiveCfg = Release|Any CPU
		{93B54C86-DD4A-413E-9074-E85C074712A9}.Release|Any CPU.Build.0 = Release|Any CPU
		{E144F0AF-3962-4704-9A04-59A3D6E715B1}.Debug|Any CPU.ActiveCfg = Debug|Any CPU
		{E144F0AF-3962-4704-9A04-59A3D6E715B1}.Debug|Any CPU.Build.0 = Debug|Any CPU
		{E144F0AF-3962-4704-9A04-59A3D6E715B1}.Release|Any CPU.ActiveCfg = Release|Any CPU
		{E144F0AF-3962-4704-9A04-59A3D6E715B1}.Release|Any CPU.Build.0 = Release|Any CPU
		{CC2A80AE-ADA3-4D06-9A4C-4AE880E22782}.Debug|Any CPU.ActiveCfg = Debug|Any CPU
		{CC2A80AE-ADA3-4D06-9A4C-4AE880E22782}.Debug|Any CPU.Build.0 = Debug|Any CPU
		{CC2A80AE-ADA3-4D06-9A4C-4AE880E22782}.Release|Any CPU.ActiveCfg = Release|Any CPU
		{CC2A80AE-ADA3-4D06-9A4C-4AE880E22782}.Release|Any CPU.Build.0 = Release|Any CPU
		{4A7CD954-F5E4-4A00-B9FC-7FA1D36DB00E}.Debug|Any CPU.ActiveCfg = Debug|Any CPU
		{4A7CD954-F5E4-4A00-B9FC-7FA1D36DB00E}.Debug|Any CPU.Build.0 = Debug|Any CPU
		{4A7CD954-F5E4-4A00-B9FC-7FA1D36DB00E}.Release|Any CPU.ActiveCfg = Release|Any CPU
		{4A7CD954-F5E4-4A00-B9FC-7FA1D36DB00E}.Release|Any CPU.Build.0 = Release|Any CPU
		{FAA8E3FE-F342-4A89-A4AE-760E08FE3709}.Debug|Any CPU.ActiveCfg = Debug|Any CPU
		{FAA8E3FE-F342-4A89-A4AE-760E08FE3709}.Debug|Any CPU.Build.0 = Debug|Any CPU
		{FAA8E3FE-F342-4A89-A4AE-760E08FE3709}.Release|Any CPU.ActiveCfg = Release|Any CPU
		{FAA8E3FE-F342-4A89-A4AE-760E08FE3709}.Release|Any CPU.Build.0 = Release|Any CPU
		{5AEB17B6-E15A-4E88-9009-695F9E176D07}.Debug|Any CPU.ActiveCfg = Debug|Any CPU
		{5AEB17B6-E15A-4E88-9009-695F9E176D07}.Debug|Any CPU.Build.0 = Debug|Any CPU
		{5AEB17B6-E15A-4E88-9009-695F9E176D07}.Release|Any CPU.ActiveCfg = Release|Any CPU
		{5AEB17B6-E15A-4E88-9009-695F9E176D07}.Release|Any CPU.Build.0 = Release|Any CPU
	EndGlobalSection
	GlobalSection(SolutionProperties) = preSolution
		HideSolutionNode = FALSE
	EndGlobalSection
	GlobalSection(NestedProjects) = preSolution
		{5E7756C1-A9C4-4B5F-AF6B-B2EAFC4F0BBE} = {57A87E7E-7029-4E4B-B87B-1F157673B607}
		{F35260AC-7270-44D5-90E2-7319F44A7B3B} = {57A87E7E-7029-4E4B-B87B-1F157673B607}
		{5BA0894F-168B-49C0-B476-3D1CF5C193F2} = {57A87E7E-7029-4E4B-B87B-1F157673B607}
		{120BDC7F-8D18-4888-AD90-6FAC8D1B28BA} = {1FF19D68-4066-428B-B0F1-CD04F5B3C124}
		{C78004FE-CBC7-4E59-B4AC-2949048CC09C} = {D6EC703A-1C39-4E36-B822-3F47DD65DE7B}
		{32E5CC88-9257-4CEA-A7AC-6E7C15956E74} = {D6EC703A-1C39-4E36-B822-3F47DD65DE7B}
		{69C87CE8-40C9-4384-8AF2-341C256576EB} = {D6EC703A-1C39-4E36-B822-3F47DD65DE7B}
		{93B54C86-DD4A-413E-9074-E85C074712A9} = {0BE19C2B-A6F5-4B7D-AAA7-EC2EA28D172D}
		{E144F0AF-3962-4704-9A04-59A3D6E715B1} = {6B08611C-63F8-44CE-8316-FE1C7B7802C6}
		{CC2A80AE-ADA3-4D06-9A4C-4AE880E22782} = {875206F5-D76C-4D95-B2D6-65FF096046E2}
		{4A7CD954-F5E4-4A00-B9FC-7FA1D36DB00E} = {52D5D272-089B-4B49-BCD6-9D26B4ABE774}
		{FAA8E3FE-F342-4A89-A4AE-760E08FE3709} = {C2D3F61D-8CFB-40A1-AD46-7239F7B5F666}
		{875C4598-3E99-4DD9-AD6E-796078397779} = {C78004FE-CBC7-4E59-B4AC-2949048CC09C}
		{D3D68FF5-FE82-4E24-A805-8CDC1A82A94C} = {32E5CC88-9257-4CEA-A7AC-6E7C15956E74}
		{D1A21F75-2D1C-4A6A-8381-F82C57CD6A60} = {69C87CE8-40C9-4384-8AF2-341C256576EB}
		{5AEB17B6-E15A-4E88-9009-695F9E176D07} = {EECDFAEA-F57B-4B3B-A322-68BD64144A80}
	EndGlobalSection
EndGlobal
