
Microsoft Visual Studio Solution File, Format Version 12.00
# Visual Studio 2012
Project("{2150E333-8FDC-42A3-9474-1A3956D46DE8}") = "Common", "Common", "{57A87E7E-7029-4E4B-B87B-1F157673B607}"
EndProject
Project("{FAE04EC0-301F-11D3-BF4B-00C04F79EFBC}") = "ECCentral.Job.Utility", "..\Utility\ECCentral.Job.Utility.csproj", "{5E7756C1-A9C4-4B5F-AF6B-B2EAFC4F0BBE}"
EndProject
Project("{FAE04EC0-301F-11D3-BF4B-00C04F79EFBC}") = "ECCentral.BizEntity", "..\..\03_Service\BizEntity\ECCentral.BizEntity.csproj", "{F35260AC-7270-44D5-90E2-7319F44A7B3B}"
EndProject
Project("{FAE04EC0-301F-11D3-BF4B-00C04F79EFBC}") = "ECCentral.BizEntity.Enum", "..\..\03_Service\BizEntity.Enum\ECCentral.BizEntity.Enum.csproj", "{5BA0894F-168B-49C0-B476-3D1CF5C193F2}"
EndProject
Project("{2150E333-8FDC-42A3-9474-1A3956D46DE8}") = "IPP.InvoiceMgmt.AutoSendMail", "IPP.InvoiceMgmt.AutoSendMail", "{A0911736-F276-4D9C-BE70-AB6CEC981FA2}"
EndProject
Project("{FAE04EC0-301F-11D3-BF4B-00C04F79EFBC}") = "InvoiceMgmt.AutoSendMail", "IPP.InvoiceMgmt.AutoSendMail\AutoSendMail\InvoiceMgmt.AutoSendMail.csproj", "{8D7FD4C0-0A69-49DE-946A-60821644261E}"
EndProject
Project("{2150E333-8FDC-42A3-9474-1A3956D46DE8}") = "IPP.InvoiceMgmt.AutoSetResponsibleUser", "IPP.InvoiceMgmt.AutoSetResponsibleUser", "{30A97692-E682-40E8-9FF6-0D11AE11EF92}"
EndProject
Project("{FAE04EC0-301F-11D3-BF4B-00C04F79EFBC}") = "AutoSetResponsibleUser", "IPP.InvoiceMgmt.AutoSetResponsibleUser\AutoSetResponsibleUser\AutoSetResponsibleUser.csproj", "{8F0EC560-606F-41B3-9518-D4323FAD7802}"
EndProject
Project("{2150E333-8FDC-42A3-9474-1A3956D46DE8}") = "IPP.InvoiceMgmt.FinanceAccountCheck", "IPP.InvoiceMgmt.FinanceAccountCheck", "{44D4E1B2-26F8-4DA0-A1CF-1FFD4FF2B91B}"
EndProject
Project("{FAE04EC0-301F-11D3-BF4B-00C04F79EFBC}") = "FinanceAccountCheck", "IPP.InvoiceMgmt.FinanceAccountCheck\FinanceAccountCheck\FinanceAccountCheck.csproj", "{47E5E37A-31ED-47A9-A47A-820EAC7378D7}"
EndProject
Project("{2150E333-8FDC-42A3-9474-1A3956D46DE8}") = "IPP.InvocieMgmt.VIPCustomerPresentedPoints", "IPP.InvocieMgmt.VIPCustomerPresentedPoints", "{E2F8FE87-8D7A-4E58-9BE6-AF61BC8CBF9E}"
EndProject
Project("{FAE04EC0-301F-11D3-BF4B-00C04F79EFBC}") = "InvoiceMgmt.JobHost", "IPP.InvocieMgmt.VIPCustomerPresentedPoints\IPP.InvoiceMgmt.JobHost\InvoiceMgmt.JobHost.csproj", "{8C835DDA-4E97-4A18-A281-4BEEFA0A8D35}"
EndProject
Project("{FAE04EC0-301F-11D3-BF4B-00C04F79EFBC}") = "InvoiceMgmt.JobV31", "IPP.InvocieMgmt.VIPCustomerPresentedPoints\IPP.InvoiceMgmt.JobV31\InvoiceMgmt.JobV31.csproj", "{E246487E-AE2B-4D5E-85DD-03CB6C380A7B}"
EndProject
Project("{2150E333-8FDC-42A3-9474-1A3956D46DE8}") = "IPP.InvoiceMgmt.AR_Monitor", "IPP.InvoiceMgmt.AR_Monitor", "{2E112A73-C669-488B-B3CB-20A0697A1AAC}"
EndProject
Project("{FAE04EC0-301F-11D3-BF4B-00C04F79EFBC}") = "AR_Invoice_SO_Monitor", "IPP.InvoiceMgmt.AR_Monitor\AR_Invoice_SO_Monitor\AR_Invoice_SO_Monitor.csproj", "{6CE76C73-919D-4C10-882F-4DA10F1DA484}"
EndProject
Project("{2150E333-8FDC-42A3-9474-1A3956D46DE8}") = "IPP.InvoiceMgmt.SendMailReportPerMonth", "IPP.InvoiceMgmt.SendMailReportPerMonth", "{4609E1E9-63F8-4264-8588-6A9033B3DB96}"
EndProject
Project("{FAE04EC0-301F-11D3-BF4B-00C04F79EFBC}") = "SendMailReportPerMonth", "IPP.InvoiceMgmt.SendMailReportPerMonth\SendMailReportPerMonth\SendMailReportPerMonth.csproj", "{7CCE8BDF-C366-48AA-8B29-85D41F51417B}"
EndProject
Project("{2150E333-8FDC-42A3-9474-1A3956D46DE8}") = "IPP.InvoiceMgmt.SyncDataToFinancePay", "IPP.InvoiceMgmt.SyncDataToFinancePay", "{3DE23DA1-F7F9-4C92-B8E3-94B4D3C16E69}"
EndProject
Project("{FAE04EC0-301F-11D3-BF4B-00C04F79EFBC}") = "SyncDataToFinancePay", "IPP.InvoiceMgmt.SyncDataToFinancePay\SyncDataToFinancePay\SyncDataToFinancePay.csproj", "{D9BA577F-F428-4E60-90AD-7FA254D4AA61}"
EndProject
Project("{2150E333-8FDC-42A3-9474-1A3956D46DE8}") = "IPP.InvoiceMgmt.SendMailARAmtOfVIPCustomer", "IPP.InvoiceMgmt.SendMailARAmtOfVIPCustomer", "{E1C0AEDE-D7D4-4D39-80D5-396788F26B4C}"
EndProject
Project("{FAE04EC0-301F-11D3-BF4B-00C04F79EFBC}") = "SendMailARAmtOfVIPCustomer.Biz", "IPP.InvoiceMgmt.SendMailARAmtOfVIPCustomer\SendMailARAmtOfVIPCustomer.Biz\SendMailARAmtOfVIPCustomer.Biz.csproj", "{E9DB0DDC-A07F-4EEB-A60B-1A419DA37E12}"
EndProject
Project("{FAE04EC0-301F-11D3-BF4B-00C04F79EFBC}") = "SendMailARAmtOfVIPCustomer.JobHost", "IPP.InvoiceMgmt.SendMailARAmtOfVIPCustomer\SendMailARAmtOfVIPCustomer.JobHost\SendMailARAmtOfVIPCustomer.JobHost.csproj", "{89B87342-E30F-448D-81A3-CFDE144699B3}"
EndProject
Project("{2150E333-8FDC-42A3-9474-1A3956D46DE8}") = "IPP.InvoiceMgmt.SendMKTPointEmail", "IPP.InvoiceMgmt.SendMKTPointEmail", "{948F05A9-CAA9-4AF8-AEBA-6275C39991BD}"
EndProject
Project("{FAE04EC0-301F-11D3-BF4B-00C04F79EFBC}") = "SendMKTPointEmail.Biz", "IPP.InvoiceMgmt.SendMKTPointEmail\SendMKTPointEmail.Biz\SendMKTPointEmail.Biz.csproj", "{0EA973B0-F389-472D-97A3-8982271734AF}"
EndProject
Project("{FAE04EC0-301F-11D3-BF4B-00C04F79EFBC}") = "SendMKTPointEmail.JobHost", "IPP.InvoiceMgmt.SendMKTPointEmail\SendMKTPointEmail.JobHost\SendMKTPointEmail.JobHost.csproj", "{8669A98A-7132-4730-9D2A-B2FF21457082}"
EndProject
Project("{2150E333-8FDC-42A3-9474-1A3956D46DE8}") = "IPP.InvoiceMgmt.WeekProductReport", "IPP.InvoiceMgmt.WeekProductReport", "{5E9A77B9-348F-4443-BDDD-BC3970DA9D44}"
EndProject
Project("{FAE04EC0-301F-11D3-BF4B-00C04F79EFBC}") = "ProductSaleInfoBiz", "IPP.InvoiceMgmt.ProductSaleInfo\ProductSaleInfo\ProductSaleInfoBiz\ProductSaleInfoBiz.csproj", "{BFD43A4C-3C87-46A5-AE7D-91771E7CB3AC}"
EndProject
Project("{FAE04EC0-301F-11D3-BF4B-00C04F79EFBC}") = "ProductSaleInfoInterface", "IPP.InvoiceMgmt.ProductSaleInfo\ProductSaleInfo\ProductSaleInfoInterface\ProductSaleInfoInterface.csproj", "{ECFAD379-4AC7-402F-B3B5-FEF6BBA4E942}"
EndProject
Project("{FAE04EC0-301F-11D3-BF4B-00C04F79EFBC}") = "ProductSaleInfoMain", "IPP.InvoiceMgmt.ProductSaleInfo\ProductSaleInfo\ProductSaleInfoMain\ProductSaleInfoMain.csproj", "{694F73FF-F738-4078-A3E5-C69266E0B885}"
EndProject
Project("{2150E333-8FDC-42A3-9474-1A3956D46DE8}") = "IPP.InvoiceMgmt.ZeroAutoConfirm", "IPP.InvoiceMgmt.ZeroAutoConfirm", "{5C1AC4B5-B807-4FC2-B43D-CFA180A3B3E2}"
EndProject
Project("{FAE04EC0-301F-11D3-BF4B-00C04F79EFBC}") = "ZeroAutoConfirm", "IPP.InvoiceMgmt.ZeroAutoConfirm\ZeroAutoConfirm01\ZeroAutoConfirm.csproj", "{CB5DA2B2-528E-49ED-B286-6FBB8F84EBA5}"
EndProject
Project("{2150E333-8FDC-42A3-9474-1A3956D46DE8}") = "IPP.InvoiceMgmt.AutoAbortChangePrice", "IPP.InvoiceMgmt.AutoAbortChangePrice", "{69B2AB3F-40BF-4339-9E84-7645CF2CB07D}"
EndProject
Project("{2150E333-8FDC-42A3-9474-1A3956D46DE8}") = "IPP.InvoiceMgmt.AutoRunChangePrice", "IPP.InvoiceMgmt.AutoRunChangePrice", "{F28ED21C-9AB9-46AE-8333-18D54829C09A}"
EndProject
Project("{FAE04EC0-301F-11D3-BF4B-00C04F79EFBC}") = "ECCentral.Job.Invoice.AutoAbortChangePrice", "IPP.InvoiceMgmt.AutoAbortChangePrice\ECCentral.Job.Invoice.AutoAbortChangePrice.csproj", "{787420AD-EF50-4305-B8D9-66E5F497F8CD}"
EndProject
Project("{FAE04EC0-301F-11D3-BF4B-00C04F79EFBC}") = "ECCentral.Job.Invoice.AutoRunChangePrice", "IPP.InvoiceMgmt.AutoRunChangePrice\ECCentral.Job.Invoice.AutoRunChangePrice.csproj", "{4DBF7A77-A752-459F-A9B2-945B3C7462BB}"
EndProject
Global
	GlobalSection(TeamFoundationVersionControl) = preSolution
		SccNumberOfProjects = 22
		SccEnterpriseProvider = {4CA58AB2-18FA-4F8D-95D4-32DDF27D184C}
		SccTeamFoundationServer = http://ssso03:8080/tfs/ec_2013
		SccLocalPath0 = .
		SccProjectUniqueName1 = ..\\Utility\\ECCentral.Job.Utility.csproj
		SccProjectTopLevelParentUniqueName1 = ECCentral.Job.Invoice.sln
		SccProjectName1 = ../Utility
		SccLocalPath1 = ..\\Utility
		SccProjectUniqueName2 = ..\\..\\03_Service\\BizEntity\\ECCentral.BizEntity.csproj
		SccProjectTopLevelParentUniqueName2 = ECCentral.Job.Invoice.sln
		SccProjectName2 = ../../03_Service/BizEntity
		SccLocalPath2 = ..\\..\\03_Service\\BizEntity
		SccProjectUniqueName3 = ..\\..\\03_Service\\BizEntity.Enum\\ECCentral.BizEntity.Enum.csproj
		SccProjectTopLevelParentUniqueName3 = ECCentral.Job.Invoice.sln
		SccProjectName3 = ../../03_Service/BizEntity.Enum
		SccLocalPath3 = ..\\..\\03_Service\\BizEntity.Enum
		SccProjectUniqueName4 = IPP.InvoiceMgmt.AutoSendMail\\AutoSendMail\\InvoiceMgmt.AutoSendMail.csproj
		SccProjectTopLevelParentUniqueName4 = ECCentral.Job.Invoice.sln
		SccProjectName4 = IPP.InvoiceMgmt.AutoSendMail/AutoSendMail
		SccLocalPath4 = IPP.InvoiceMgmt.AutoSendMail\\AutoSendMail
		SccProjectUniqueName5 = IPP.InvoiceMgmt.AutoSetResponsibleUser\\AutoSetResponsibleUser\\AutoSetResponsibleUser.csproj
		SccProjectTopLevelParentUniqueName5 = ECCentral.Job.Invoice.sln
		SccProjectName5 = IPP.InvoiceMgmt.AutoSetResponsibleUser/AutoSetResponsibleUser
		SccLocalPath5 = IPP.InvoiceMgmt.AutoSetResponsibleUser\\AutoSetResponsibleUser
		SccProjectUniqueName6 = IPP.InvoiceMgmt.FinanceAccountCheck\\FinanceAccountCheck\\FinanceAccountCheck.csproj
		SccProjectTopLevelParentUniqueName6 = ECCentral.Job.Invoice.sln
		SccProjectName6 = IPP.InvoiceMgmt.FinanceAccountCheck/FinanceAccountCheck
		SccLocalPath6 = IPP.InvoiceMgmt.FinanceAccountCheck\\FinanceAccountCheck
		SccProjectUniqueName7 = IPP.InvocieMgmt.VIPCustomerPresentedPoints\\IPP.InvoiceMgmt.JobHost\\InvoiceMgmt.JobHost.csproj
		SccProjectTopLevelParentUniqueName7 = ECCentral.Job.Invoice.sln
		SccProjectName7 = IPP.InvocieMgmt.VIPCustomerPresentedPoints/IPP.InvoiceMgmt.JobHost
		SccLocalPath7 = IPP.InvocieMgmt.VIPCustomerPresentedPoints\\IPP.InvoiceMgmt.JobHost
		SccProjectUniqueName8 = IPP.InvocieMgmt.VIPCustomerPresentedPoints\\IPP.InvoiceMgmt.JobV31\\InvoiceMgmt.JobV31.csproj
		SccProjectTopLevelParentUniqueName8 = ECCentral.Job.Invoice.sln
		SccProjectName8 = IPP.InvocieMgmt.VIPCustomerPresentedPoints/IPP.InvoiceMgmt.JobV31
		SccLocalPath8 = IPP.InvocieMgmt.VIPCustomerPresentedPoints\\IPP.InvoiceMgmt.JobV31
		SccProjectUniqueName9 = IPP.InvoiceMgmt.AR_Monitor\\AR_Invoice_SO_Monitor\\AR_Invoice_SO_Monitor.csproj
		SccProjectTopLevelParentUniqueName9 = ECCentral.Job.Invoice.sln
		SccProjectName9 = IPP.InvoiceMgmt.AR_Monitor/AR_Invoice_SO_Monitor
		SccLocalPath9 = IPP.InvoiceMgmt.AR_Monitor\\AR_Invoice_SO_Monitor
		SccProjectUniqueName10 = IPP.InvoiceMgmt.SendMailReportPerMonth\\SendMailReportPerMonth\\SendMailReportPerMonth.csproj
		SccProjectTopLevelParentUniqueName10 = ECCentral.Job.Invoice.sln
		SccProjectName10 = IPP.InvoiceMgmt.SendMailReportPerMonth/SendMailReportPerMonth
		SccLocalPath10 = IPP.InvoiceMgmt.SendMailReportPerMonth\\SendMailReportPerMonth
		SccProjectUniqueName11 = IPP.InvoiceMgmt.SyncDataToFinancePay\\SyncDataToFinancePay\\SyncDataToFinancePay.csproj
		SccProjectTopLevelParentUniqueName11 = ECCentral.Job.Invoice.sln
		SccProjectName11 = IPP.InvoiceMgmt.SyncDataToFinancePay/SyncDataToFinancePay
		SccLocalPath11 = IPP.InvoiceMgmt.SyncDataToFinancePay\\SyncDataToFinancePay
		SccProjectUniqueName12 = IPP.InvoiceMgmt.SendMailARAmtOfVIPCustomer\\SendMailARAmtOfVIPCustomer.Biz\\SendMailARAmtOfVIPCustomer.Biz.csproj
		SccProjectTopLevelParentUniqueName12 = ECCentral.Job.Invoice.sln
		SccProjectName12 = IPP.InvoiceMgmt.SendMailARAmtOfVIPCustomer/SendMailARAmtOfVIPCustomer.Biz
		SccLocalPath12 = IPP.InvoiceMgmt.SendMailARAmtOfVIPCustomer\\SendMailARAmtOfVIPCustomer.Biz
		SccProjectUniqueName13 = IPP.InvoiceMgmt.SendMailARAmtOfVIPCustomer\\SendMailARAmtOfVIPCustomer.JobHost\\SendMailARAmtOfVIPCustomer.JobHost.csproj
		SccProjectTopLevelParentUniqueName13 = ECCentral.Job.Invoice.sln
		SccProjectName13 = IPP.InvoiceMgmt.SendMailARAmtOfVIPCustomer/SendMailARAmtOfVIPCustomer.JobHost
		SccLocalPath13 = IPP.InvoiceMgmt.SendMailARAmtOfVIPCustomer\\SendMailARAmtOfVIPCustomer.JobHost
		SccProjectUniqueName14 = IPP.InvoiceMgmt.SendMKTPointEmail\\SendMKTPointEmail.Biz\\SendMKTPointEmail.Biz.csproj
		SccProjectTopLevelParentUniqueName14 = ECCentral.Job.Invoice.sln
		SccProjectName14 = IPP.InvoiceMgmt.SendMKTPointEmail/SendMKTPointEmail.Biz
		SccLocalPath14 = IPP.InvoiceMgmt.SendMKTPointEmail\\SendMKTPointEmail.Biz
		SccProjectUniqueName15 = IPP.InvoiceMgmt.SendMKTPointEmail\\SendMKTPointEmail.JobHost\\SendMKTPointEmail.JobHost.csproj
		SccProjectTopLevelParentUniqueName15 = ECCentral.Job.Invoice.sln
		SccProjectName15 = IPP.InvoiceMgmt.SendMKTPointEmail/SendMKTPointEmail.JobHost
		SccLocalPath15 = IPP.InvoiceMgmt.SendMKTPointEmail\\SendMKTPointEmail.JobHost
		SccProjectUniqueName16 = IPP.InvoiceMgmt.ProductSaleInfo\\ProductSaleInfo\\ProductSaleInfoBiz\\ProductSaleInfoBiz.csproj
		SccProjectTopLevelParentUniqueName16 = ECCentral.Job.Invoice.sln
		SccProjectName16 = IPP.InvoiceMgmt.ProductSaleInfo/ProductSaleInfo/ProductSaleInfoBiz
		SccLocalPath16 = IPP.InvoiceMgmt.ProductSaleInfo\\ProductSaleInfo\\ProductSaleInfoBiz
		SccProjectUniqueName17 = IPP.InvoiceMgmt.ProductSaleInfo\\ProductSaleInfo\\ProductSaleInfoInterface\\ProductSaleInfoInterface.csproj
		SccProjectTopLevelParentUniqueName17 = ECCentral.Job.Invoice.sln
		SccProjectName17 = IPP.InvoiceMgmt.ProductSaleInfo/ProductSaleInfo/ProductSaleInfoInterface
		SccLocalPath17 = IPP.InvoiceMgmt.ProductSaleInfo\\ProductSaleInfo\\ProductSaleInfoInterface
		SccProjectUniqueName18 = IPP.InvoiceMgmt.ProductSaleInfo\\ProductSaleInfo\\ProductSaleInfoMain\\ProductSaleInfoMain.csproj
		SccProjectTopLevelParentUniqueName18 = ECCentral.Job.Invoice.sln
		SccProjectName18 = IPP.InvoiceMgmt.ProductSaleInfo/ProductSaleInfo/ProductSaleInfoMain
		SccLocalPath18 = IPP.InvoiceMgmt.ProductSaleInfo\\ProductSaleInfo\\ProductSaleInfoMain
		SccProjectUniqueName19 = IPP.InvoiceMgmt.ZeroAutoConfirm\\ZeroAutoConfirm01\\ZeroAutoConfirm.csproj
		SccProjectTopLevelParentUniqueName19 = ECCentral.Job.Invoice.sln
		SccProjectName19 = IPP.InvoiceMgmt.ZeroAutoConfirm/ZeroAutoConfirm01
		SccLocalPath19 = IPP.InvoiceMgmt.ZeroAutoConfirm\\ZeroAutoConfirm01
		SccProjectUniqueName20 = IPP.InvoiceMgmt.AutoAbortChangePrice\\ECCentral.Job.Invoice.AutoAbortChangePrice.csproj
		SccProjectTopLevelParentUniqueName20 = ECCentral.Job.Invoice.sln
		SccProjectName20 = IPP.InvoiceMgmt.AutoAbortChangePrice
		SccLocalPath20 = IPP.InvoiceMgmt.AutoAbortChangePrice
		SccProjectUniqueName21 = IPP.InvoiceMgmt.AutoRunChangePrice\\ECCentral.Job.Invoice.AutoRunChangePrice.csproj
		SccProjectTopLevelParentUniqueName21 = ECCentral.Job.Invoice.sln
		SccProjectName21 = IPP.InvoiceMgmt.AutoRunChangePrice
		SccLocalPath21 = IPP.InvoiceMgmt.AutoRunChangePrice
	EndGlobalSection
	GlobalSection(SolutionConfigurationPlatforms) = preSolution
		Debug|Any CPU = Debug|Any CPU
		Debug|Mixed Platforms = Debug|Mixed Platforms
		Debug|x86 = Debug|x86
		Release|Any CPU = Release|Any CPU
		Release|Mixed Platforms = Release|Mixed Platforms
		Release|x86 = Release|x86
	EndGlobalSection
	GlobalSection(ProjectConfigurationPlatforms) = postSolution
		{5E7756C1-A9C4-4B5F-AF6B-B2EAFC4F0BBE}.Debug|Any CPU.ActiveCfg = Debug|Any CPU
		{5E7756C1-A9C4-4B5F-AF6B-B2EAFC4F0BBE}.Debug|Any CPU.Build.0 = Debug|Any CPU
		{5E7756C1-A9C4-4B5F-AF6B-B2EAFC4F0BBE}.Debug|Mixed Platforms.ActiveCfg = Debug|Any CPU
		{5E7756C1-A9C4-4B5F-AF6B-B2EAFC4F0BBE}.Debug|Mixed Platforms.Build.0 = Debug|Any CPU
		{5E7756C1-A9C4-4B5F-AF6B-B2EAFC4F0BBE}.Debug|x86.ActiveCfg = Debug|Any CPU
		{5E7756C1-A9C4-4B5F-AF6B-B2EAFC4F0BBE}.Release|Any CPU.ActiveCfg = Release|Any CPU
		{5E7756C1-A9C4-4B5F-AF6B-B2EAFC4F0BBE}.Release|Any CPU.Build.0 = Release|Any CPU
		{5E7756C1-A9C4-4B5F-AF6B-B2EAFC4F0BBE}.Release|Mixed Platforms.ActiveCfg = Release|Any CPU
		{5E7756C1-A9C4-4B5F-AF6B-B2EAFC4F0BBE}.Release|Mixed Platforms.Build.0 = Release|Any CPU
		{5E7756C1-A9C4-4B5F-AF6B-B2EAFC4F0BBE}.Release|x86.ActiveCfg = Release|Any CPU
		{F35260AC-7270-44D5-90E2-7319F44A7B3B}.Debug|Any CPU.ActiveCfg = Debug|Any CPU
		{F35260AC-7270-44D5-90E2-7319F44A7B3B}.Debug|Any CPU.Build.0 = Debug|Any CPU
		{F35260AC-7270-44D5-90E2-7319F44A7B3B}.Debug|Mixed Platforms.ActiveCfg = Debug|Any CPU
		{F35260AC-7270-44D5-90E2-7319F44A7B3B}.Debug|Mixed Platforms.Build.0 = Debug|Any CPU
		{F35260AC-7270-44D5-90E2-7319F44A7B3B}.Debug|x86.ActiveCfg = Debug|Any CPU
		{F35260AC-7270-44D5-90E2-7319F44A7B3B}.Release|Any CPU.ActiveCfg = Release|Any CPU
		{F35260AC-7270-44D5-90E2-7319F44A7B3B}.Release|Any CPU.Build.0 = Release|Any CPU
		{F35260AC-7270-44D5-90E2-7319F44A7B3B}.Release|Mixed Platforms.ActiveCfg = Release|Any CPU
		{F35260AC-7270-44D5-90E2-7319F44A7B3B}.Release|Mixed Platforms.Build.0 = Release|Any CPU
		{F35260AC-7270-44D5-90E2-7319F44A7B3B}.Release|x86.ActiveCfg = Release|Any CPU
		{5BA0894F-168B-49C0-B476-3D1CF5C193F2}.Debug|Any CPU.ActiveCfg = Debug|Any CPU
		{5BA0894F-168B-49C0-B476-3D1CF5C193F2}.Debug|Any CPU.Build.0 = Debug|Any CPU
		{5BA0894F-168B-49C0-B476-3D1CF5C193F2}.Debug|Mixed Platforms.ActiveCfg = Debug|Any CPU
		{5BA0894F-168B-49C0-B476-3D1CF5C193F2}.Debug|Mixed Platforms.Build.0 = Debug|Any CPU
		{5BA0894F-168B-49C0-B476-3D1CF5C193F2}.Debug|x86.ActiveCfg = Debug|Any CPU
		{5BA0894F-168B-49C0-B476-3D1CF5C193F2}.Release|Any CPU.ActiveCfg = Release|Any CPU
		{5BA0894F-168B-49C0-B476-3D1CF5C193F2}.Release|Any CPU.Build.0 = Release|Any CPU
		{5BA0894F-168B-49C0-B476-3D1CF5C193F2}.Release|Mixed Platforms.ActiveCfg = Release|Any CPU
		{5BA0894F-168B-49C0-B476-3D1CF5C193F2}.Release|Mixed Platforms.Build.0 = Release|Any CPU
		{5BA0894F-168B-49C0-B476-3D1CF5C193F2}.Release|x86.ActiveCfg = Release|Any CPU
		{8D7FD4C0-0A69-49DE-946A-60821644261E}.Debug|Any CPU.ActiveCfg = Debug|Any CPU
		{8D7FD4C0-0A69-49DE-946A-60821644261E}.Debug|Any CPU.Build.0 = Debug|Any CPU
		{8D7FD4C0-0A69-49DE-946A-60821644261E}.Debug|Mixed Platforms.ActiveCfg = Debug|Any CPU
		{8D7FD4C0-0A69-49DE-946A-60821644261E}.Debug|Mixed Platforms.Build.0 = Debug|Any CPU
		{8D7FD4C0-0A69-49DE-946A-60821644261E}.Debug|x86.ActiveCfg = Debug|Any CPU
		{8D7FD4C0-0A69-49DE-946A-60821644261E}.Release|Any CPU.ActiveCfg = Release|Any CPU
		{8D7FD4C0-0A69-49DE-946A-60821644261E}.Release|Any CPU.Build.0 = Release|Any CPU
		{8D7FD4C0-0A69-49DE-946A-60821644261E}.Release|Mixed Platforms.ActiveCfg = Release|Any CPU
		{8D7FD4C0-0A69-49DE-946A-60821644261E}.Release|Mixed Platforms.Build.0 = Release|Any CPU
		{8D7FD4C0-0A69-49DE-946A-60821644261E}.Release|x86.ActiveCfg = Release|Any CPU
		{8F0EC560-606F-41B3-9518-D4323FAD7802}.Debug|Any CPU.ActiveCfg = Debug|x86
		{8F0EC560-606F-41B3-9518-D4323FAD7802}.Debug|Mixed Platforms.ActiveCfg = Debug|x86
		{8F0EC560-606F-41B3-9518-D4323FAD7802}.Debug|Mixed Platforms.Build.0 = Debug|x86
		{8F0EC560-606F-41B3-9518-D4323FAD7802}.Debug|x86.ActiveCfg = Debug|x86
		{8F0EC560-606F-41B3-9518-D4323FAD7802}.Debug|x86.Build.0 = Debug|x86
		{8F0EC560-606F-41B3-9518-D4323FAD7802}.Release|Any CPU.ActiveCfg = Release|x86
		{8F0EC560-606F-41B3-9518-D4323FAD7802}.Release|Mixed Platforms.ActiveCfg = Release|Any CPU
		{8F0EC560-606F-41B3-9518-D4323FAD7802}.Release|Mixed Platforms.Build.0 = Release|Any CPU
		{8F0EC560-606F-41B3-9518-D4323FAD7802}.Release|x86.ActiveCfg = Release|x86
		{8F0EC560-606F-41B3-9518-D4323FAD7802}.Release|x86.Build.0 = Release|x86
		{47E5E37A-31ED-47A9-A47A-820EAC7378D7}.Debug|Any CPU.ActiveCfg = Debug|Any CPU
		{47E5E37A-31ED-47A9-A47A-820EAC7378D7}.Debug|Any CPU.Build.0 = Debug|Any CPU
		{47E5E37A-31ED-47A9-A47A-820EAC7378D7}.Debug|Mixed Platforms.ActiveCfg = Debug|Any CPU
		{47E5E37A-31ED-47A9-A47A-820EAC7378D7}.Debug|Mixed Platforms.Build.0 = Debug|Any CPU
		{47E5E37A-31ED-47A9-A47A-820EAC7378D7}.Debug|x86.ActiveCfg = Debug|Any CPU
		{47E5E37A-31ED-47A9-A47A-820EAC7378D7}.Release|Any CPU.ActiveCfg = Release|Any CPU
		{47E5E37A-31ED-47A9-A47A-820EAC7378D7}.Release|Any CPU.Build.0 = Release|Any CPU
		{47E5E37A-31ED-47A9-A47A-820EAC7378D7}.Release|Mixed Platforms.ActiveCfg = Release|Any CPU
		{47E5E37A-31ED-47A9-A47A-820EAC7378D7}.Release|Mixed Platforms.Build.0 = Release|Any CPU
		{47E5E37A-31ED-47A9-A47A-820EAC7378D7}.Release|x86.ActiveCfg = Release|Any CPU
		{8C835DDA-4E97-4A18-A281-4BEEFA0A8D35}.Debug|Any CPU.ActiveCfg = Debug|Any CPU
		{8C835DDA-4E97-4A18-A281-4BEEFA0A8D35}.Debug|Any CPU.Build.0 = Debug|Any CPU
		{8C835DDA-4E97-4A18-A281-4BEEFA0A8D35}.Debug|Mixed Platforms.ActiveCfg = Debug|Any CPU
		{8C835DDA-4E97-4A18-A281-4BEEFA0A8D35}.Debug|Mixed Platforms.Build.0 = Debug|Any CPU
		{8C835DDA-4E97-4A18-A281-4BEEFA0A8D35}.Debug|x86.ActiveCfg = Debug|Any CPU
		{8C835DDA-4E97-4A18-A281-4BEEFA0A8D35}.Release|Any CPU.ActiveCfg = Release|Any CPU
		{8C835DDA-4E97-4A18-A281-4BEEFA0A8D35}.Release|Any CPU.Build.0 = Release|Any CPU
		{8C835DDA-4E97-4A18-A281-4BEEFA0A8D35}.Release|Mixed Platforms.ActiveCfg = Release|Any CPU
		{8C835DDA-4E97-4A18-A281-4BEEFA0A8D35}.Release|Mixed Platforms.Build.0 = Release|Any CPU
		{8C835DDA-4E97-4A18-A281-4BEEFA0A8D35}.Release|x86.ActiveCfg = Release|Any CPU
		{E246487E-AE2B-4D5E-85DD-03CB6C380A7B}.Debug|Any CPU.ActiveCfg = Debug|Any CPU
		{E246487E-AE2B-4D5E-85DD-03CB6C380A7B}.Debug|Any CPU.Build.0 = Debug|Any CPU
		{E246487E-AE2B-4D5E-85DD-03CB6C380A7B}.Debug|Mixed Platforms.ActiveCfg = Debug|Any CPU
		{E246487E-AE2B-4D5E-85DD-03CB6C380A7B}.Debug|Mixed Platforms.Build.0 = Debug|Any CPU
		{E246487E-AE2B-4D5E-85DD-03CB6C380A7B}.Debug|x86.ActiveCfg = Debug|Any CPU
		{E246487E-AE2B-4D5E-85DD-03CB6C380A7B}.Release|Any CPU.ActiveCfg = Release|Any CPU
		{E246487E-AE2B-4D5E-85DD-03CB6C380A7B}.Release|Any CPU.Build.0 = Release|Any CPU
		{E246487E-AE2B-4D5E-85DD-03CB6C380A7B}.Release|Mixed Platforms.ActiveCfg = Release|Any CPU
		{E246487E-AE2B-4D5E-85DD-03CB6C380A7B}.Release|Mixed Platforms.Build.0 = Release|Any CPU
		{E246487E-AE2B-4D5E-85DD-03CB6C380A7B}.Release|x86.ActiveCfg = Release|Any CPU
		{6CE76C73-919D-4C10-882F-4DA10F1DA484}.Debug|Any CPU.ActiveCfg = Debug|Any CPU
		{6CE76C73-919D-4C10-882F-4DA10F1DA484}.Debug|Any CPU.Build.0 = Debug|Any CPU
		{6CE76C73-919D-4C10-882F-4DA10F1DA484}.Debug|Mixed Platforms.ActiveCfg = Debug|Any CPU
		{6CE76C73-919D-4C10-882F-4DA10F1DA484}.Debug|Mixed Platforms.Build.0 = Debug|Any CPU
		{6CE76C73-919D-4C10-882F-4DA10F1DA484}.Debug|x86.ActiveCfg = Debug|Any CPU
		{6CE76C73-919D-4C10-882F-4DA10F1DA484}.Release|Any CPU.ActiveCfg = Release|Any CPU
		{6CE76C73-919D-4C10-882F-4DA10F1DA484}.Release|Any CPU.Build.0 = Release|Any CPU
		{6CE76C73-919D-4C10-882F-4DA10F1DA484}.Release|Mixed Platforms.ActiveCfg = Release|Any CPU
		{6CE76C73-919D-4C10-882F-4DA10F1DA484}.Release|Mixed Platforms.Build.0 = Release|Any CPU
		{6CE76C73-919D-4C10-882F-4DA10F1DA484}.Release|x86.ActiveCfg = Release|Any CPU
		{7CCE8BDF-C366-48AA-8B29-85D41F51417B}.Debug|Any CPU.ActiveCfg = Debug|Any CPU
		{7CCE8BDF-C366-48AA-8B29-85D41F51417B}.Debug|Any CPU.Build.0 = Debug|Any CPU
		{7CCE8BDF-C366-48AA-8B29-85D41F51417B}.Debug|Mixed Platforms.ActiveCfg = Debug|Any CPU
		{7CCE8BDF-C366-48AA-8B29-85D41F51417B}.Debug|Mixed Platforms.Build.0 = Debug|Any CPU
		{7CCE8BDF-C366-48AA-8B29-85D41F51417B}.Debug|x86.ActiveCfg = Debug|Any CPU
		{7CCE8BDF-C366-48AA-8B29-85D41F51417B}.Release|Any CPU.ActiveCfg = Release|Any CPU
		{7CCE8BDF-C366-48AA-8B29-85D41F51417B}.Release|Any CPU.Build.0 = Release|Any CPU
		{7CCE8BDF-C366-48AA-8B29-85D41F51417B}.Release|Mixed Platforms.ActiveCfg = Release|Any CPU
		{7CCE8BDF-C366-48AA-8B29-85D41F51417B}.Release|Mixed Platforms.Build.0 = Release|Any CPU
		{7CCE8BDF-C366-48AA-8B29-85D41F51417B}.Release|x86.ActiveCfg = Release|Any CPU
		{D9BA577F-F428-4E60-90AD-7FA254D4AA61}.Debug|Any CPU.ActiveCfg = Debug|Any CPU
		{D9BA577F-F428-4E60-90AD-7FA254D4AA61}.Debug|Any CPU.Build.0 = Debug|Any CPU
		{D9BA577F-F428-4E60-90AD-7FA254D4AA61}.Debug|Mixed Platforms.ActiveCfg = Debug|Any CPU
		{D9BA577F-F428-4E60-90AD-7FA254D4AA61}.Debug|Mixed Platforms.Build.0 = Debug|Any CPU
		{D9BA577F-F428-4E60-90AD-7FA254D4AA61}.Debug|x86.ActiveCfg = Debug|Any CPU
		{D9BA577F-F428-4E60-90AD-7FA254D4AA61}.Release|Any CPU.ActiveCfg = Release|Any CPU
		{D9BA577F-F428-4E60-90AD-7FA254D4AA61}.Release|Any CPU.Build.0 = Release|Any CPU
		{D9BA577F-F428-4E60-90AD-7FA254D4AA61}.Release|Mixed Platforms.ActiveCfg = Release|Any CPU
		{D9BA577F-F428-4E60-90AD-7FA254D4AA61}.Release|Mixed Platforms.Build.0 = Release|Any CPU
		{D9BA577F-F428-4E60-90AD-7FA254D4AA61}.Release|x86.ActiveCfg = Release|Any CPU
		{E9DB0DDC-A07F-4EEB-A60B-1A419DA37E12}.Debug|Any CPU.ActiveCfg = Debug|Any CPU
		{E9DB0DDC-A07F-4EEB-A60B-1A419DA37E12}.Debug|Any CPU.Build.0 = Debug|Any CPU
		{E9DB0DDC-A07F-4EEB-A60B-1A419DA37E12}.Debug|Mixed Platforms.ActiveCfg = Debug|Any CPU
		{E9DB0DDC-A07F-4EEB-A60B-1A419DA37E12}.Debug|Mixed Platforms.Build.0 = Debug|Any CPU
		{E9DB0DDC-A07F-4EEB-A60B-1A419DA37E12}.Debug|x86.ActiveCfg = Debug|Any CPU
		{E9DB0DDC-A07F-4EEB-A60B-1A419DA37E12}.Release|Any CPU.ActiveCfg = Release|Any CPU
		{E9DB0DDC-A07F-4EEB-A60B-1A419DA37E12}.Release|Any CPU.Build.0 = Release|Any CPU
		{E9DB0DDC-A07F-4EEB-A60B-1A419DA37E12}.Release|Mixed Platforms.ActiveCfg = Release|Any CPU
		{E9DB0DDC-A07F-4EEB-A60B-1A419DA37E12}.Release|Mixed Platforms.Build.0 = Release|Any CPU
		{E9DB0DDC-A07F-4EEB-A60B-1A419DA37E12}.Release|x86.ActiveCfg = Release|Any CPU
		{89B87342-E30F-448D-81A3-CFDE144699B3}.Debug|Any CPU.ActiveCfg = Debug|Any CPU
		{89B87342-E30F-448D-81A3-CFDE144699B3}.Debug|Any CPU.Build.0 = Debug|Any CPU
		{89B87342-E30F-448D-81A3-CFDE144699B3}.Debug|Mixed Platforms.ActiveCfg = Debug|Any CPU
		{89B87342-E30F-448D-81A3-CFDE144699B3}.Debug|Mixed Platforms.Build.0 = Debug|Any CPU
		{89B87342-E30F-448D-81A3-CFDE144699B3}.Debug|x86.ActiveCfg = Debug|Any CPU
		{89B87342-E30F-448D-81A3-CFDE144699B3}.Release|Any CPU.ActiveCfg = Release|Any CPU
		{89B87342-E30F-448D-81A3-CFDE144699B3}.Release|Any CPU.Build.0 = Release|Any CPU
		{89B87342-E30F-448D-81A3-CFDE144699B3}.Release|Mixed Platforms.ActiveCfg = Release|Any CPU
		{89B87342-E30F-448D-81A3-CFDE144699B3}.Release|Mixed Platforms.Build.0 = Release|Any CPU
		{89B87342-E30F-448D-81A3-CFDE144699B3}.Release|x86.ActiveCfg = Release|Any CPU
		{0EA973B0-F389-472D-97A3-8982271734AF}.Debug|Any CPU.ActiveCfg = Debug|Any CPU
		{0EA973B0-F389-472D-97A3-8982271734AF}.Debug|Any CPU.Build.0 = Debug|Any CPU
		{0EA973B0-F389-472D-97A3-8982271734AF}.Debug|Mixed Platforms.ActiveCfg = Debug|Any CPU
		{0EA973B0-F389-472D-97A3-8982271734AF}.Debug|Mixed Platforms.Build.0 = Debug|Any CPU
		{0EA973B0-F389-472D-97A3-8982271734AF}.Debug|x86.ActiveCfg = Debug|Any CPU
		{0EA973B0-F389-472D-97A3-8982271734AF}.Release|Any CPU.ActiveCfg = Release|Any CPU
		{0EA973B0-F389-472D-97A3-8982271734AF}.Release|Any CPU.Build.0 = Release|Any CPU
		{0EA973B0-F389-472D-97A3-8982271734AF}.Release|Mixed Platforms.ActiveCfg = Release|Any CPU
		{0EA973B0-F389-472D-97A3-8982271734AF}.Release|Mixed Platforms.Build.0 = Release|Any CPU
		{0EA973B0-F389-472D-97A3-8982271734AF}.Release|x86.ActiveCfg = Release|Any CPU
		{8669A98A-7132-4730-9D2A-B2FF21457082}.Debug|Any CPU.ActiveCfg = Debug|Any CPU
		{8669A98A-7132-4730-9D2A-B2FF21457082}.Debug|Any CPU.Build.0 = Debug|Any CPU
		{8669A98A-7132-4730-9D2A-B2FF21457082}.Debug|Mixed Platforms.ActiveCfg = Debug|Any CPU
		{8669A98A-7132-4730-9D2A-B2FF21457082}.Debug|Mixed Platforms.Build.0 = Debug|Any CPU
		{8669A98A-7132-4730-9D2A-B2FF21457082}.Debug|x86.ActiveCfg = Debug|Any CPU
		{8669A98A-7132-4730-9D2A-B2FF21457082}.Release|Any CPU.ActiveCfg = Release|Any CPU
		{8669A98A-7132-4730-9D2A-B2FF21457082}.Release|Any CPU.Build.0 = Release|Any CPU
		{8669A98A-7132-4730-9D2A-B2FF21457082}.Release|Mixed Platforms.ActiveCfg = Release|Any CPU
		{8669A98A-7132-4730-9D2A-B2FF21457082}.Release|Mixed Platforms.Build.0 = Release|Any CPU
		{8669A98A-7132-4730-9D2A-B2FF21457082}.Release|x86.ActiveCfg = Release|Any CPU
		{BFD43A4C-3C87-46A5-AE7D-91771E7CB3AC}.Debug|Any CPU.ActiveCfg = Debug|Any CPU
		{BFD43A4C-3C87-46A5-AE7D-91771E7CB3AC}.Debug|Any CPU.Build.0 = Debug|Any CPU
		{BFD43A4C-3C87-46A5-AE7D-91771E7CB3AC}.Debug|Mixed Platforms.ActiveCfg = Debug|Any CPU
		{BFD43A4C-3C87-46A5-AE7D-91771E7CB3AC}.Debug|Mixed Platforms.Build.0 = Debug|Any CPU
		{BFD43A4C-3C87-46A5-AE7D-91771E7CB3AC}.Debug|x86.ActiveCfg = Debug|Any CPU
		{BFD43A4C-3C87-46A5-AE7D-91771E7CB3AC}.Release|Any CPU.ActiveCfg = Release|Any CPU
		{BFD43A4C-3C87-46A5-AE7D-91771E7CB3AC}.Release|Any CPU.Build.0 = Release|Any CPU
		{BFD43A4C-3C87-46A5-AE7D-91771E7CB3AC}.Release|Mixed Platforms.ActiveCfg = Release|Any CPU
		{BFD43A4C-3C87-46A5-AE7D-91771E7CB3AC}.Release|Mixed Platforms.Build.0 = Release|Any CPU
		{BFD43A4C-3C87-46A5-AE7D-91771E7CB3AC}.Release|x86.ActiveCfg = Release|Any CPU
		{ECFAD379-4AC7-402F-B3B5-FEF6BBA4E942}.Debug|Any CPU.ActiveCfg = Debug|Any CPU
		{ECFAD379-4AC7-402F-B3B5-FEF6BBA4E942}.Debug|Any CPU.Build.0 = Debug|Any CPU
		{ECFAD379-4AC7-402F-B3B5-FEF6BBA4E942}.Debug|Mixed Platforms.ActiveCfg = Debug|Any CPU
		{ECFAD379-4AC7-402F-B3B5-FEF6BBA4E942}.Debug|Mixed Platforms.Build.0 = Debug|Any CPU
		{ECFAD379-4AC7-402F-B3B5-FEF6BBA4E942}.Debug|x86.ActiveCfg = Debug|Any CPU
		{ECFAD379-4AC7-402F-B3B5-FEF6BBA4E942}.Release|Any CPU.ActiveCfg = Release|Any CPU
		{ECFAD379-4AC7-402F-B3B5-FEF6BBA4E942}.Release|Any CPU.Build.0 = Release|Any CPU
		{ECFAD379-4AC7-402F-B3B5-FEF6BBA4E942}.Release|Mixed Platforms.ActiveCfg = Release|Any CPU
		{ECFAD379-4AC7-402F-B3B5-FEF6BBA4E942}.Release|Mixed Platforms.Build.0 = Release|Any CPU
		{ECFAD379-4AC7-402F-B3B5-FEF6BBA4E942}.Release|x86.ActiveCfg = Release|Any CPU
		{694F73FF-F738-4078-A3E5-C69266E0B885}.Debug|Any CPU.ActiveCfg = Debug|Any CPU
		{694F73FF-F738-4078-A3E5-C69266E0B885}.Debug|Any CPU.Build.0 = Debug|Any CPU
		{694F73FF-F738-4078-A3E5-C69266E0B885}.Debug|Mixed Platforms.ActiveCfg = Debug|Any CPU
		{694F73FF-F738-4078-A3E5-C69266E0B885}.Debug|Mixed Platforms.Build.0 = Debug|Any CPU
		{694F73FF-F738-4078-A3E5-C69266E0B885}.Debug|x86.ActiveCfg = Debug|Any CPU
		{694F73FF-F738-4078-A3E5-C69266E0B885}.Release|Any CPU.ActiveCfg = Release|Any CPU
		{694F73FF-F738-4078-A3E5-C69266E0B885}.Release|Any CPU.Build.0 = Release|Any CPU
		{694F73FF-F738-4078-A3E5-C69266E0B885}.Release|Mixed Platforms.ActiveCfg = Release|Any CPU
		{694F73FF-F738-4078-A3E5-C69266E0B885}.Release|Mixed Platforms.Build.0 = Release|Any CPU
		{694F73FF-F738-4078-A3E5-C69266E0B885}.Release|x86.ActiveCfg = Release|Any CPU
		{CB5DA2B2-528E-49ED-B286-6FBB8F84EBA5}.Debug|Any CPU.ActiveCfg = Debug|Any CPU
		{CB5DA2B2-528E-49ED-B286-6FBB8F84EBA5}.Debug|Any CPU.Build.0 = Debug|Any CPU
		{CB5DA2B2-528E-49ED-B286-6FBB8F84EBA5}.Debug|Mixed Platforms.ActiveCfg = Debug|Any CPU
		{CB5DA2B2-528E-49ED-B286-6FBB8F84EBA5}.Debug|Mixed Platforms.Build.0 = Debug|Any CPU
		{CB5DA2B2-528E-49ED-B286-6FBB8F84EBA5}.Debug|x86.ActiveCfg = Debug|Any CPU
		{CB5DA2B2-528E-49ED-B286-6FBB8F84EBA5}.Release|Any CPU.ActiveCfg = Release|Any CPU
		{CB5DA2B2-528E-49ED-B286-6FBB8F84EBA5}.Release|Any CPU.Build.0 = Release|Any CPU
		{CB5DA2B2-528E-49ED-B286-6FBB8F84EBA5}.Release|Mixed Platforms.ActiveCfg = Release|Any CPU
		{CB5DA2B2-528E-49ED-B286-6FBB8F84EBA5}.Release|Mixed Platforms.Build.0 = Release|Any CPU
		{CB5DA2B2-528E-49ED-B286-6FBB8F84EBA5}.Release|x86.ActiveCfg = Release|Any CPU
		{787420AD-EF50-4305-B8D9-66E5F497F8CD}.Debug|Any CPU.ActiveCfg = Debug|Any CPU
		{787420AD-EF50-4305-B8D9-66E5F497F8CD}.Debug|Any CPU.Build.0 = Debug|Any CPU
		{787420AD-EF50-4305-B8D9-66E5F497F8CD}.Debug|Mixed Platforms.ActiveCfg = Debug|Any CPU
		{787420AD-EF50-4305-B8D9-66E5F497F8CD}.Debug|Mixed Platforms.Build.0 = Debug|Any CPU
		{787420AD-EF50-4305-B8D9-66E5F497F8CD}.Debug|x86.ActiveCfg = Debug|Any CPU
		{787420AD-EF50-4305-B8D9-66E5F497F8CD}.Release|Any CPU.ActiveCfg = Release|Any CPU
		{787420AD-EF50-4305-B8D9-66E5F497F8CD}.Release|Any CPU.Build.0 = Release|Any CPU
		{787420AD-EF50-4305-B8D9-66E5F497F8CD}.Release|Mixed Platforms.ActiveCfg = Release|Any CPU
		{787420AD-EF50-4305-B8D9-66E5F497F8CD}.Release|Mixed Platforms.Build.0 = Release|Any CPU
		{787420AD-EF50-4305-B8D9-66E5F497F8CD}.Release|x86.ActiveCfg = Release|Any CPU
		{4DBF7A77-A752-459F-A9B2-945B3C7462BB}.Debug|Any CPU.ActiveCfg = Debug|Any CPU
		{4DBF7A77-A752-459F-A9B2-945B3C7462BB}.Debug|Any CPU.Build.0 = Debug|Any CPU
		{4DBF7A77-A752-459F-A9B2-945B3C7462BB}.Debug|Mixed Platforms.ActiveCfg = Debug|Any CPU
		{4DBF7A77-A752-459F-A9B2-945B3C7462BB}.Debug|Mixed Platforms.Build.0 = Debug|Any CPU
		{4DBF7A77-A752-459F-A9B2-945B3C7462BB}.Debug|x86.ActiveCfg = Debug|Any CPU
		{4DBF7A77-A752-459F-A9B2-945B3C7462BB}.Release|Any CPU.ActiveCfg = Release|Any CPU
		{4DBF7A77-A752-459F-A9B2-945B3C7462BB}.Release|Any CPU.Build.0 = Release|Any CPU
		{4DBF7A77-A752-459F-A9B2-945B3C7462BB}.Release|Mixed Platforms.ActiveCfg = Release|Any CPU
		{4DBF7A77-A752-459F-A9B2-945B3C7462BB}.Release|Mixed Platforms.Build.0 = Release|Any CPU
		{4DBF7A77-A752-459F-A9B2-945B3C7462BB}.Release|x86.ActiveCfg = Release|Any CPU
	EndGlobalSection
	GlobalSection(SolutionProperties) = preSolution
		HideSolutionNode = FALSE
	EndGlobalSection
	GlobalSection(NestedProjects) = preSolution
		{5E7756C1-A9C4-4B5F-AF6B-B2EAFC4F0BBE} = {57A87E7E-7029-4E4B-B87B-1F157673B607}
		{F35260AC-7270-44D5-90E2-7319F44A7B3B} = {57A87E7E-7029-4E4B-B87B-1F157673B607}
		{5BA0894F-168B-49C0-B476-3D1CF5C193F2} = {57A87E7E-7029-4E4B-B87B-1F157673B607}
		{8D7FD4C0-0A69-49DE-946A-60821644261E} = {A0911736-F276-4D9C-BE70-AB6CEC981FA2}
		{8F0EC560-606F-41B3-9518-D4323FAD7802} = {30A97692-E682-40E8-9FF6-0D11AE11EF92}
		{47E5E37A-31ED-47A9-A47A-820EAC7378D7} = {44D4E1B2-26F8-4DA0-A1CF-1FFD4FF2B91B}
		{8C835DDA-4E97-4A18-A281-4BEEFA0A8D35} = {E2F8FE87-8D7A-4E58-9BE6-AF61BC8CBF9E}
		{E246487E-AE2B-4D5E-85DD-03CB6C380A7B} = {E2F8FE87-8D7A-4E58-9BE6-AF61BC8CBF9E}
		{6CE76C73-919D-4C10-882F-4DA10F1DA484} = {2E112A73-C669-488B-B3CB-20A0697A1AAC}
		{7CCE8BDF-C366-48AA-8B29-85D41F51417B} = {4609E1E9-63F8-4264-8588-6A9033B3DB96}
		{D9BA577F-F428-4E60-90AD-7FA254D4AA61} = {3DE23DA1-F7F9-4C92-B8E3-94B4D3C16E69}
		{E9DB0DDC-A07F-4EEB-A60B-1A419DA37E12} = {E1C0AEDE-D7D4-4D39-80D5-396788F26B4C}
		{89B87342-E30F-448D-81A3-CFDE144699B3} = {E1C0AEDE-D7D4-4D39-80D5-396788F26B4C}
		{0EA973B0-F389-472D-97A3-8982271734AF} = {948F05A9-CAA9-4AF8-AEBA-6275C39991BD}
		{8669A98A-7132-4730-9D2A-B2FF21457082} = {948F05A9-CAA9-4AF8-AEBA-6275C39991BD}
		{BFD43A4C-3C87-46A5-AE7D-91771E7CB3AC} = {5E9A77B9-348F-4443-BDDD-BC3970DA9D44}
		{ECFAD379-4AC7-402F-B3B5-FEF6BBA4E942} = {5E9A77B9-348F-4443-BDDD-BC3970DA9D44}
		{694F73FF-F738-4078-A3E5-C69266E0B885} = {5E9A77B9-348F-4443-BDDD-BC3970DA9D44}
		{CB5DA2B2-528E-49ED-B286-6FBB8F84EBA5} = {5C1AC4B5-B807-4FC2-B43D-CFA180A3B3E2}
		{787420AD-EF50-4305-B8D9-66E5F497F8CD} = {69B2AB3F-40BF-4339-9E84-7645CF2CB07D}
		{4DBF7A77-A752-459F-A9B2-945B3C7462BB} = {F28ED21C-9AB9-46AE-8333-18D54829C09A}
	EndGlobalSection
EndGlobal
