
Microsoft Visual Studio Solution File, Format Version 12.00
# Visual Studio 2012
Project("{2150E333-8FDC-42A3-9474-1A3956D46DE8}") = "Common", "Common", "{57A87E7E-7029-4E4B-B87B-1F157673B607}"
EndProject
Project("{FAE04EC0-301F-11D3-BF4B-00C04F79EFBC}") = "ECCentral.Job.Utility", "..\Utility\ECCentral.Job.Utility.csproj", "{5E7756C1-A9C4-4B5F-AF6B-B2EAFC4F0BBE}"
EndProject
Project("{FAE04EC0-301F-11D3-BF4B-00C04F79EFBC}") = "ECCentral.BizEntity", "..\..\03_Service\BizEntity\ECCentral.BizEntity.csproj", "{F35260AC-7270-44D5-90E2-7319F44A7B3B}"
EndProject
Project("{FAE04EC0-301F-11D3-BF4B-00C04F79EFBC}") = "ECCentral.BizEntity.Enum", "..\..\03_Service\BizEntity.Enum\ECCentral.BizEntity.Enum.csproj", "{5BA0894F-168B-49C0-B476-3D1CF5C193F2}"
EndProject
Project("{2150E333-8FDC-42A3-9474-1A3956D46DE8}") = "RepeatRegister", "RepeatRegister", "{68C8F61D-39D7-44AD-9B6C-1C6B978868D8}"
EndProject
Project("{FAE04EC0-301F-11D3-BF4B-00C04F79EFBC}") = "RepeatRegister", "RepeatRegister\RepeatRegister.csproj", "{FD016422-3DAE-4527-86AE-6B6CC8B91838}"
EndProject
Project("{2150E333-8FDC-42A3-9474-1A3956D46DE8}") = "SendRMAEveryDayList", "SendRMAEveryDayList", "{69FE3962-FA79-4303-A0C0-AD46279F9E1A}"
EndProject
Project("{2150E333-8FDC-42A3-9474-1A3956D46DE8}") = "SendRMAEventDayList", "SendRMAEventDayList", "{0DD4F164-5021-42D8-A244-7C9CA486E385}"
EndProject
Project("{2150E333-8FDC-42A3-9474-1A3956D46DE8}") = "SendRMAEventDayList_Host", "SendRMAEventDayList_Host", "{05AB44E2-00E6-46B0-95EE-980E9476FB04}"
EndProject
Project("{FAE04EC0-301F-11D3-BF4B-00C04F79EFBC}") = "SendRMAEveryDayList", "SendRMAEveryDayList\SendRMAEventDayList\SendRMAEveryDayList.csproj", "{55789156-2C09-43C9-AFD6-E3A3E9C7B132}"
EndProject
Project("{FAE04EC0-301F-11D3-BF4B-00C04F79EFBC}") = "SendRMAEveryDayList_Host", "SendRMAEveryDayList\SendRMAEveryDayList_Host\SendRMAEveryDayList_Host.csproj", "{E1599F6C-103F-48F9-B08A-7BDDC023AE75}"
EndProject
Global
	GlobalSection(TeamFoundationVersionControl) = preSolution
		SccNumberOfProjects = 7
		SccEnterpriseProvider = {4CA58AB2-18FA-4F8D-95D4-32DDF27D184C}
		SccTeamFoundationServer = http://ssso03:8080/tfs/ec_2013
		SccLocalPath0 = .
		SccProjectUniqueName1 = ..\\Utility\\ECCentral.Job.Utility.csproj
		SccProjectTopLevelParentUniqueName1 = ECCentral.Job.RMA.sln
		SccProjectName1 = ../Utility
		SccLocalPath1 = ..\\Utility
		SccProjectUniqueName2 = ..\\..\\03_Service\\BizEntity\\ECCentral.BizEntity.csproj
		SccProjectTopLevelParentUniqueName2 = ECCentral.Job.RMA.sln
		SccProjectName2 = ../../03_Service/BizEntity
		SccLocalPath2 = ..\\..\\03_Service\\BizEntity
		SccProjectUniqueName3 = ..\\..\\03_Service\\BizEntity.Enum\\ECCentral.BizEntity.Enum.csproj
		SccProjectTopLevelParentUniqueName3 = ECCentral.Job.RMA.sln
		SccProjectName3 = ../../03_Service/BizEntity.Enum
		SccLocalPath3 = ..\\..\\03_Service\\BizEntity.Enum
		SccProjectUniqueName4 = RepeatRegister\\RepeatRegister.csproj
		SccProjectTopLevelParentUniqueName4 = ECCentral.Job.RMA.sln
		SccProjectName4 = RepeatRegister
		SccLocalPath4 = RepeatRegister
		SccProjectUniqueName5 = SendRMAEveryDayList\\SendRMAEventDayList\\SendRMAEveryDayList.csproj
		SccProjectTopLevelParentUniqueName5 = ECCentral.Job.RMA.sln
		SccProjectName5 = SendRMAEveryDayList/SendRMAEventDayList
		SccLocalPath5 = SendRMAEveryDayList\\SendRMAEventDayList
		SccProjectUniqueName6 = SendRMAEveryDayList\\SendRMAEveryDayList_Host\\SendRMAEveryDayList_Host.csproj
		SccProjectTopLevelParentUniqueName6 = ECCentral.Job.RMA.sln
		SccProjectName6 = SendRMAEveryDayList/SendRMAEveryDayList_Host
		SccLocalPath6 = SendRMAEveryDayList\\SendRMAEveryDayList_Host
	EndGlobalSection
	GlobalSection(SolutionConfigurationPlatforms) = preSolution
		Debug|Any CPU = Debug|Any CPU
		Release|Any CPU = Release|Any CPU
	EndGlobalSection
	GlobalSection(ProjectConfigurationPlatforms) = postSolution
		{5E7756C1-A9C4-4B5F-AF6B-B2EAFC4F0BBE}.Debug|Any CPU.ActiveCfg = Debug|Any CPU
		{5E7756C1-A9C4-4B5F-AF6B-B2EAFC4F0BBE}.Debug|Any CPU.Build.0 = Debug|Any CPU
		{5E7756C1-A9C4-4B5F-AF6B-B2EAFC4F0BBE}.Release|Any CPU.ActiveCfg = Release|Any CPU
		{5E7756C1-A9C4-4B5F-AF6B-B2EAFC4F0BBE}.Release|Any CPU.Build.0 = Release|Any CPU
		{F35260AC-7270-44D5-90E2-7319F44A7B3B}.Debug|Any CPU.ActiveCfg = Debug|Any CPU
		{F35260AC-7270-44D5-90E2-7319F44A7B3B}.Debug|Any CPU.Build.0 = Debug|Any CPU
		{F35260AC-7270-44D5-90E2-7319F44A7B3B}.Release|Any CPU.ActiveCfg = Release|Any CPU
		{F35260AC-7270-44D5-90E2-7319F44A7B3B}.Release|Any CPU.Build.0 = Release|Any CPU
		{5BA0894F-168B-49C0-B476-3D1CF5C193F2}.Debug|Any CPU.ActiveCfg = Debug|Any CPU
		{5BA0894F-168B-49C0-B476-3D1CF5C193F2}.Debug|Any CPU.Build.0 = Debug|Any CPU
		{5BA0894F-168B-49C0-B476-3D1CF5C193F2}.Release|Any CPU.ActiveCfg = Release|Any CPU
		{5BA0894F-168B-49C0-B476-3D1CF5C193F2}.Release|Any CPU.Build.0 = Release|Any CPU
		{FD016422-3DAE-4527-86AE-6B6CC8B91838}.Debug|Any CPU.ActiveCfg = Debug|Any CPU
		{FD016422-3DAE-4527-86AE-6B6CC8B91838}.Debug|Any CPU.Build.0 = Debug|Any CPU
		{FD016422-3DAE-4527-86AE-6B6CC8B91838}.Release|Any CPU.ActiveCfg = Release|Any CPU
		{FD016422-3DAE-4527-86AE-6B6CC8B91838}.Release|Any CPU.Build.0 = Release|Any CPU
		{55789156-2C09-43C9-AFD6-E3A3E9C7B132}.Debug|Any CPU.ActiveCfg = Debug|Any CPU
		{55789156-2C09-43C9-AFD6-E3A3E9C7B132}.Debug|Any CPU.Build.0 = Debug|Any CPU
		{55789156-2C09-43C9-AFD6-E3A3E9C7B132}.Release|Any CPU.ActiveCfg = Release|Any CPU
		{55789156-2C09-43C9-AFD6-E3A3E9C7B132}.Release|Any CPU.Build.0 = Release|Any CPU
		{E1599F6C-103F-48F9-B08A-7BDDC023AE75}.Debug|Any CPU.ActiveCfg = Debug|Any CPU
		{E1599F6C-103F-48F9-B08A-7BDDC023AE75}.Debug|Any CPU.Build.0 = Debug|Any CPU
		{E1599F6C-103F-48F9-B08A-7BDDC023AE75}.Release|Any CPU.ActiveCfg = Release|Any CPU
		{E1599F6C-103F-48F9-B08A-7BDDC023AE75}.Release|Any CPU.Build.0 = Release|Any CPU
	EndGlobalSection
	GlobalSection(SolutionProperties) = preSolution
		HideSolutionNode = FALSE
	EndGlobalSection
	GlobalSection(NestedProjects) = preSolution
		{5E7756C1-A9C4-4B5F-AF6B-B2EAFC4F0BBE} = {57A87E7E-7029-4E4B-B87B-1F157673B607}
		{F35260AC-7270-44D5-90E2-7319F44A7B3B} = {57A87E7E-7029-4E4B-B87B-1F157673B607}
		{5BA0894F-168B-49C0-B476-3D1CF5C193F2} = {57A87E7E-7029-4E4B-B87B-1F157673B607}
		{FD016422-3DAE-4527-86AE-6B6CC8B91838} = {68C8F61D-39D7-44AD-9B6C-1C6B978868D8}
		{0DD4F164-5021-42D8-A244-7C9CA486E385} = {69FE3962-FA79-4303-A0C0-AD46279F9E1A}
		{05AB44E2-00E6-46B0-95EE-980E9476FB04} = {69FE3962-FA79-4303-A0C0-AD46279F9E1A}
		{55789156-2C09-43C9-AFD6-E3A3E9C7B132} = {0DD4F164-5021-42D8-A244-7C9CA486E385}
		{E1599F6C-103F-48F9-B08A-7BDDC023AE75} = {05AB44E2-00E6-46B0-95EE-980E9476FB04}
	EndGlobalSection
EndGlobal
